<dec f='linux-5.3.1/include/linux/seqlock.h' l='406' type='spinlock_t'/>
<use f='linux-5.3.1/include/linux/seqlock.h' l='448' u='a' c='write_seqlock'/>
<use f='linux-5.3.1/include/linux/seqlock.h' l='455' u='a' c='write_sequnlock'/>
<use f='linux-5.3.1/include/linux/seqlock.h' l='460' u='a' c='write_seqlock_bh'/>
<use f='linux-5.3.1/include/linux/seqlock.h' l='467' u='a' c='write_sequnlock_bh'/>
<use f='linux-5.3.1/include/linux/seqlock.h' l='472' u='a' c='write_seqlock_irq'/>
<use f='linux-5.3.1/include/linux/seqlock.h' l='479' u='a' c='write_sequnlock_irq'/>
<use f='linux-5.3.1/include/linux/seqlock.h' l='486' u='a' c='__write_seqlock_irqsave'/>
<use f='linux-5.3.1/include/linux/seqlock.h' l='498' u='a' c='write_sequnlock_irqrestore'/>
<use f='linux-5.3.1/include/linux/seqlock.h' l='508' u='a' c='read_seqlock_excl'/>
<use f='linux-5.3.1/include/linux/seqlock.h' l='513' u='a' c='read_sequnlock_excl'/>
<use f='linux-5.3.1/include/linux/seqlock.h' l='547' u='a' c='read_seqlock_excl_bh'/>
<use f='linux-5.3.1/include/linux/seqlock.h' l='552' u='a' c='read_sequnlock_excl_bh'/>
<use f='linux-5.3.1/include/linux/seqlock.h' l='557' u='a' c='read_seqlock_excl_irq'/>
<use f='linux-5.3.1/include/linux/seqlock.h' l='562' u='a' c='read_sequnlock_excl_irq'/>
<use f='linux-5.3.1/include/linux/seqlock.h' l='569' u='a' c='__read_seqlock_excl_irqsave'/>
<use f='linux-5.3.1/include/linux/seqlock.h' l='579' u='a' c='read_sequnlock_excl_irqrestore'/>
<dec f='linux-5.3.1/arch/x86/include/asm/mmu.h' l='40' type='struct mutex'/>
<use f='linux-5.3.1/arch/x86/include/asm/mmu_context.h' l='189' u='a' c='init_new_context'/>
<offset>576</offset>
<use f='linux-5.3.1/arch/x86/kernel/ldt.c' l='331' u='a' c='install_ldt'/>
<use f='linux-5.3.1/arch/x86/kernel/ldt.c' l='339' u='a' c='install_ldt'/>
<use f='linux-5.3.1/arch/x86/kernel/ldt.c' l='367' u='a' c='ldt_dup_context'/>
<use f='linux-5.3.1/arch/x86/kernel/ldt.c' l='390' u='a' c='ldt_dup_context'/>
<use f='linux-5.3.1/arch/x86/kernel/process_64.c' l='317' u='a' c='x86_fsgsbase_read_task'/>
<use f='linux-5.3.1/arch/x86/kernel/process_64.c' l='323' u='a' c='x86_fsgsbase_read_task'/>
<use f='linux-5.3.1/arch/x86/kernel/step.c' l='36' u='a' c='convert_ip_to_linear'/>
<use f='linux-5.3.1/arch/x86/kernel/step.c' l='49' u='a' c='convert_ip_to_linear'/>
<use f='linux-5.3.1/arch/x86/lib/insn-eval.c' l='586' u='a' c='get_desc'/>
<use f='linux-5.3.1/arch/x86/lib/insn-eval.c' l='593' u='a' c='get_desc'/>
<use f='linux-5.3.1/block/badblocks.c' l='561' macro='1' u='a' c='__badblocks_init'/>
<use f='linux-5.3.1/block/badblocks.c' l='561' macro='1' u='a' c='__badblocks_init'/>
<use f='linux-5.3.1/drivers/gpu/drm/drm_vblank.c' l='466' macro='1' u='a' c='drm_vblank_init'/>
<use f='linux-5.3.1/drivers/gpu/drm/drm_vblank.c' l='466' macro='1' u='a' c='drm_vblank_init'/>
<use f='linux-5.3.1/drivers/gpu/drm/i915/gt/intel_engine_cs.c' l='342' macro='1' u='a' c='intel_engine_setup'/>
<use f='linux-5.3.1/drivers/gpu/drm/i915/gt/intel_engine_cs.c' l='342' macro='1' u='a' c='intel_engine_setup'/>
<use f='linux-5.3.1/fs/dcache.c' l='77' macro='1' u='w'/>
<use f='linux-5.3.1/fs/namespace.c' l='88' macro='1' u='w'/>
<use f='linux-5.3.1/fs/nfs/nfs4state.c' l='676' macro='1' u='a' c='nfs4_alloc_open_state'/>
<use f='linux-5.3.1/fs/nfs/nfs4state.c' l='676' macro='1' u='a' c='nfs4_alloc_open_state'/>
<use f='linux-5.3.1/kernel/fork.c' l='1567' macro='1' u='a' c='copy_signal'/>
<use f='linux-5.3.1/kernel/fork.c' l='1567' macro='1' u='a' c='copy_signal'/>
<use f='linux-5.3.1/kernel/time/jiffies.c' l='61' macro='1' u='w'/>
<use f='linux-5.3.1/mm/init-mm.c' l='39' macro='1' u='w'/>
<use f='linux-5.3.1/mm/init-mm.c' l='39' macro='1' u='m'/>
<use f='linux-5.3.1/mm/init-mm.c' l='39' macro='1' u='m'/>
<use f='linux-5.3.1/mm/init-mm.c' l='39' macro='1' u='m'/>
<use f='linux-5.3.1/mm/init-mm.c' l='39' macro='1' u='m'/>
<use f='linux-5.3.1/mm/init-mm.c' l='39' macro='1' u='m'/>
<use f='linux-5.3.1/mm/init-mm.c' l='39' macro='1' u='m'/>
<use f='linux-5.3.1/mm/init-mm.c' l='39' macro='1' u='m'/>
<use f='linux-5.3.1/mm/init-mm.c' l='39' macro='1' u='m'/>
<use f='linux-5.3.1/mm/init-mm.c' l='39' macro='1' u='m'/>
<use f='linux-5.3.1/mm/init-mm.c' l='39' macro='1' u='m'/>
<use f='linux-5.3.1/mm/init-mm.c' l='39' macro='1' u='m'/>
<use f='linux-5.3.1/mm/init-mm.c' l='39' macro='1' u='m'/>
<use f='linux-5.3.1/mm/init-mm.c' l='39' macro='1' u='m'/>
<use f='linux-5.3.1/mm/init-mm.c' l='39' macro='1' u='m'/>
<use f='linux-5.3.1/mm/init-mm.c' l='39' macro='1' u='m'/>
<use f='linux-5.3.1/mm/init-mm.c' l='39' macro='1' u='m'/>
<use f='linux-5.3.1/mm/init-mm.c' l='39' macro='1' u='w'/>
<use f='linux-5.3.1/mm/init-mm.c' l='39' macro='1' u='m'/>
<use f='linux-5.3.1/mm/init-mm.c' l='39' macro='1' u='m'/>
<use f='linux-5.3.1/mm/init-mm.c' l='39' macro='1' u='m'/>
<use f='linux-5.3.1/mm/init-mm.c' l='39' macro='1' u='m'/>
<use f='linux-5.3.1/mm/init-mm.c' l='39' macro='1' u='m'/>
<use f='linux-5.3.1/mm/init-mm.c' l='39' macro='1' u='m'/>
<use f='linux-5.3.1/mm/init-mm.c' l='39' macro='1' u='m'/>
<use f='linux-5.3.1/mm/init-mm.c' l='39' macro='1' u='m'/>
<use f='linux-5.3.1/mm/init-mm.c' l='39' macro='1' u='m'/>
<use f='linux-5.3.1/mm/init-mm.c' l='39' macro='1' u='m'/>
<use f='linux-5.3.1/mm/init-mm.c' l='39' macro='1' u='m'/>
<use f='linux-5.3.1/mm/init-mm.c' l='39' macro='1' u='m'/>
<use f='linux-5.3.1/mm/init-mm.c' l='39' macro='1' u='m'/>
<use f='linux-5.3.1/mm/init-mm.c' l='39' macro='1' u='m'/>
<use f='linux-5.3.1/mm/init-mm.c' l='39' macro='1' u='m'/>
<use f='linux-5.3.1/mm/init-mm.c' l='39' macro='1' u='m'/>
<use f='linux-5.3.1/net/core/neighbour.c' l='408' macro='1' u='a' c='neigh_alloc'/>
<use f='linux-5.3.1/net/core/neighbour.c' l='408' macro='1' u='a' c='neigh_alloc'/>
<use f='linux-5.3.1/net/core/neighbour.c' l='412' macro='1' u='a' c='neigh_alloc'/>
<use f='linux-5.3.1/net/core/neighbour.c' l='412' macro='1' u='a' c='neigh_alloc'/>
<use f='linux-5.3.1/net/ipv4/af_inet.c' l='1813' macro='1' u='a' c='inet_init_net'/>
<use f='linux-5.3.1/net/ipv4/af_inet.c' l='1813' macro='1' u='a' c='inet_init_net'/>
<use f='linux-5.3.1/net/ipv4/af_inet.c' l='1817' macro='1' u='a' c='inet_init_net'/>
<use f='linux-5.3.1/net/ipv4/af_inet.c' l='1817' macro='1' u='a' c='inet_init_net'/>
<use f='linux-5.3.1/net/ipv4/inetpeer.c' l='60' macro='1' u='a' c='inet_peer_base_init'/>
<use f='linux-5.3.1/net/ipv4/inetpeer.c' l='60' macro='1' u='a' c='inet_peer_base_init'/>
<use f='linux-5.3.1/net/ipv4/tcp_metrics.c' l='536' macro='1' u='w'/>
<use f='linux-5.3.1/net/xfrm/xfrm_policy.c' l='4051' macro='1' u='a' c='xfrm_policy_init'/>
<use f='linux-5.3.1/net/xfrm/xfrm_policy.c' l='4051' macro='1' u='a' c='xfrm_policy_init'/>
