<dec f='linux-5.3.1/drivers/acpi/internal.h' l='178' type='spinlock_t'/>
<offset>1088</offset>
<use f='linux-5.3.1/drivers/acpi/ec.c' l='516' u='a' c='acpi_ec_enable_event'/>
<use f='linux-5.3.1/drivers/acpi/ec.c' l='519' u='a' c='acpi_ec_enable_event'/>
<use f='linux-5.3.1/drivers/acpi/ec.c' l='532' u='a' c='acpi_ec_query_flushed'/>
<use f='linux-5.3.1/drivers/acpi/ec.c' l='534' u='a' c='acpi_ec_query_flushed'/>
<use f='linux-5.3.1/drivers/acpi/ec.c' l='553' u='a' c='acpi_ec_disable_event'/>
<use f='linux-5.3.1/drivers/acpi/ec.c' l='555' u='a' c='acpi_ec_disable_event'/>
<use f='linux-5.3.1/drivers/acpi/ec.c' l='573' u='a' c='acpi_ec_guard_event'/>
<use f='linux-5.3.1/drivers/acpi/ec.c' l='593' u='a' c='acpi_ec_guard_event'/>
<use f='linux-5.3.1/drivers/acpi/ec.c' l='602' u='a' c='ec_transaction_polled'/>
<use f='linux-5.3.1/drivers/acpi/ec.c' l='605' u='a' c='ec_transaction_polled'/>
<use f='linux-5.3.1/drivers/acpi/ec.c' l='614' u='a' c='ec_transaction_completed'/>
<use f='linux-5.3.1/drivers/acpi/ec.c' l='617' u='a' c='ec_transaction_completed'/>
<use f='linux-5.3.1/drivers/acpi/ec.c' l='781' u='a' c='ec_poll'/>
<use f='linux-5.3.1/drivers/acpi/ec.c' l='783' u='a' c='ec_poll'/>
<use f='linux-5.3.1/drivers/acpi/ec.c' l='786' u='a' c='ec_poll'/>
<use f='linux-5.3.1/drivers/acpi/ec.c' l='788' u='a' c='ec_poll'/>
<use f='linux-5.3.1/drivers/acpi/ec.c' l='800' u='a' c='acpi_ec_transaction_unlocked'/>
<use f='linux-5.3.1/drivers/acpi/ec.c' l='811' u='a' c='acpi_ec_transaction_unlocked'/>
<use f='linux-5.3.1/drivers/acpi/ec.c' l='815' u='a' c='acpi_ec_transaction_unlocked'/>
<use f='linux-5.3.1/drivers/acpi/ec.c' l='824' u='a' c='acpi_ec_transaction_unlocked'/>
<use f='linux-5.3.1/drivers/acpi/ec.c' l='958' u='a' c='acpi_ec_start'/>
<use f='linux-5.3.1/drivers/acpi/ec.c' l='968' u='a' c='acpi_ec_start'/>
<use f='linux-5.3.1/drivers/acpi/ec.c' l='976' u='a' c='acpi_ec_stopped'/>
<use f='linux-5.3.1/drivers/acpi/ec.c' l='978' u='a' c='acpi_ec_stopped'/>
<use f='linux-5.3.1/drivers/acpi/ec.c' l='986' u='a' c='acpi_ec_stop'/>
<use f='linux-5.3.1/drivers/acpi/ec.c' l='990' u='a' c='acpi_ec_stop'/>
<use f='linux-5.3.1/drivers/acpi/ec.c' l='992' u='a' c='acpi_ec_stop'/>
<use f='linux-5.3.1/drivers/acpi/ec.c' l='1003' u='a' c='acpi_ec_stop'/>
<use f='linux-5.3.1/drivers/acpi/ec.c' l='1010' u='a' c='acpi_ec_enter_noirq'/>
<use f='linux-5.3.1/drivers/acpi/ec.c' l='1014' u='a' c='acpi_ec_enter_noirq'/>
<use f='linux-5.3.1/drivers/acpi/ec.c' l='1021' u='a' c='acpi_ec_leave_noirq'/>
<use f='linux-5.3.1/drivers/acpi/ec.c' l='1025' u='a' c='acpi_ec_leave_noirq'/>
<use f='linux-5.3.1/drivers/acpi/ec.c' l='1251' u='a' c='acpi_ec_check_event'/>
<use f='linux-5.3.1/drivers/acpi/ec.c' l='1258' u='a' c='acpi_ec_check_event'/>
<use f='linux-5.3.1/drivers/acpi/ec.c' l='1270' u='a' c='acpi_ec_event_handler'/>
<use f='linux-5.3.1/drivers/acpi/ec.c' l='1272' u='a' c='acpi_ec_event_handler'/>
<use f='linux-5.3.1/drivers/acpi/ec.c' l='1274' u='a' c='acpi_ec_event_handler'/>
<use f='linux-5.3.1/drivers/acpi/ec.c' l='1288' u='a' c='acpi_ec_event_handler'/>
<use f='linux-5.3.1/drivers/acpi/ec.c' l='1301' u='a' c='acpi_ec_gpe_handler'/>
<use f='linux-5.3.1/drivers/acpi/ec.c' l='1303' u='a' c='acpi_ec_gpe_handler'/>
<use f='linux-5.3.1/drivers/acpi/ec.c' l='1374' u='a' c='acpi_ec_alloc'/>
<use f='linux-5.3.1/drivers/acpi/ec.c' l='1374' u='a' c='acpi_ec_alloc'/>
