<dec f='linux-5.3.1/drivers/ata/ahci.h' l='310' type='spinlock_t'/>
<offset>480</offset>
<doc f='linux-5.3.1/drivers/ata/ahci.h' l='310'>/* protects parent ata_port */</doc>
<use f='linux-5.3.1/drivers/ata/libahci.c' l='2405' u='a' c='ahci_port_start'/>
<use f='linux-5.3.1/drivers/ata/libahci.c' l='2405' u='a' c='ahci_port_start'/>
<use f='linux-5.3.1/drivers/ata/libahci.c' l='2406' u='a' c='ahci_port_start'/>
