<dec f='linux-5.3.1/include/linux/libata.h' l='596' type='spinlock_t'/>
<offset>0</offset>
<use f='linux-5.3.1/drivers/ata/ata_piix.c' l='1014' u='a' c='piix_pci_device_suspend'/>
<use f='linux-5.3.1/drivers/ata/ata_piix.c' l='1016' u='a' c='piix_pci_device_suspend'/>
<use f='linux-5.3.1/drivers/ata/ata_piix.c' l='1030' u='a' c='piix_pci_device_resume'/>
<use f='linux-5.3.1/drivers/ata/ata_piix.c' l='1032' u='a' c='piix_pci_device_resume'/>
<use f='linux-5.3.1/drivers/ata/libahci.c' l='1964' u='a' c='ahci_single_level_irq_intr'/>
<use f='linux-5.3.1/drivers/ata/libahci.c' l='1979' u='a' c='ahci_single_level_irq_intr'/>
<use f='linux-5.3.1/drivers/ata/libata-core.c' l='5997' u='a' c='ata_port_alloc'/>
<use f='linux-5.3.1/drivers/ata/libata-core.c' l='6125' u='a' c='ata_host_alloc'/>
<use f='linux-5.3.1/drivers/ata/libata-core.c' l='6125' u='a' c='ata_host_alloc'/>
<use f='linux-5.3.1/drivers/ata/libata-core.c' l='6421' u='a' c='ata_host_init'/>
<use f='linux-5.3.1/drivers/ata/libata-core.c' l='6421' u='a' c='ata_host_init'/>
<use f='linux-5.3.1/drivers/ata/libata-scsi.c' l='4969' u='a' c='ata_sas_port_alloc'/>
<use f='linux-5.3.1/drivers/ata/libata-sff.c' l='1538' u='a' c='__ata_sff_interrupt'/>
<use f='linux-5.3.1/drivers/ata/libata-sff.c' l='1595' u='a' c='__ata_sff_interrupt'/>
