<dec f='linux-5.3.1/include/linux/badblocks.h' l='39' type='seqlock_t'/>
<use f='linux-5.3.1/block/badblocks.c' l='73' u='a' c='badblocks_check'/>
<use f='linux-5.3.1/block/badblocks.c' l='121' u='a' c='badblocks_check'/>
<use f='linux-5.3.1/block/badblocks.c' l='185' u='a' c='badblocks_set'/>
<use f='linux-5.3.1/block/badblocks.c' l='311' u='a' c='badblocks_set'/>
<use f='linux-5.3.1/block/badblocks.c' l='351' u='a' c='badblocks_clear'/>
<use f='linux-5.3.1/block/badblocks.c' l='421' u='a' c='badblocks_clear'/>
<use f='linux-5.3.1/block/badblocks.c' l='438' u='a' c='ack_all_badblocks'/>
<use f='linux-5.3.1/block/badblocks.c' l='454' u='a' c='ack_all_badblocks'/>
<use f='linux-5.3.1/block/badblocks.c' l='478' u='a' c='badblocks_show'/>
<use f='linux-5.3.1/block/badblocks.c' l='500' u='a' c='badblocks_show'/>
<use f='linux-5.3.1/block/badblocks.c' l='561' u='a' c='__badblocks_init'/>
<use f='linux-5.3.1/block/badblocks.c' l='561' u='a' c='__badblocks_init'/>
<use f='linux-5.3.1/block/badblocks.c' l='561' u='a' c='__badblocks_init'/>
<offset>288</offset>
<use f='linux-5.3.1/drivers/md/md.c' l='1946' u='a' c='super_1_sync'/>
<use f='linux-5.3.1/drivers/md/md.c' l='1957' u='a' c='super_1_sync'/>
