<dec f='linux-5.3.1/block/blk-stat.c' l='17' type='spinlock_t'/>
<use f='linux-5.3.1/block/blk-stat.c' l='149' u='a' c='blk_stat_add_callback'/>
<use f='linux-5.3.1/block/blk-stat.c' l='152' u='a' c='blk_stat_add_callback'/>
<use f='linux-5.3.1/block/blk-stat.c' l='158' u='a' c='blk_stat_remove_callback'/>
<use f='linux-5.3.1/block/blk-stat.c' l='162' u='a' c='blk_stat_remove_callback'/>
<use f='linux-5.3.1/block/blk-stat.c' l='185' u='a' c='blk_stat_enable_accounting'/>
<use f='linux-5.3.1/block/blk-stat.c' l='188' u='a' c='blk_stat_enable_accounting'/>
<use f='linux-5.3.1/block/blk-stat.c' l='201' u='a' c='blk_alloc_queue_stats'/>
<use f='linux-5.3.1/block/blk-stat.c' l='201' u='a' c='blk_alloc_queue_stats'/>
<offset>128</offset>
