<dec f='linux-5.3.1/block/blk-mq.h' l='20' type='spinlock_t'/>
<offset>0</offset>
<use f='linux-5.3.1/block/blk-mq-debugfs.c' l='631' u='a' c='ctx_default_rq_list_start'/>
<use f='linux-5.3.1/block/blk-mq-debugfs.c' l='648' u='a' c='ctx_default_rq_list_stop'/>
<use f='linux-5.3.1/block/blk-mq-debugfs.c' l='631' u='a' c='ctx_read_rq_list_start'/>
<use f='linux-5.3.1/block/blk-mq-debugfs.c' l='648' u='a' c='ctx_read_rq_list_stop'/>
<use f='linux-5.3.1/block/blk-mq-debugfs.c' l='631' u='a' c='ctx_poll_rq_list_start'/>
<use f='linux-5.3.1/block/blk-mq-debugfs.c' l='648' u='a' c='ctx_poll_rq_list_stop'/>
<use f='linux-5.3.1/block/blk-mq-sched.c' l='314' u='a' c='blk_mq_attempt_merge'/>
<use f='linux-5.3.1/block/blk-mq-sched.c' l='340' u='a' c='__blk_mq_sched_bio_merge'/>
<use f='linux-5.3.1/block/blk-mq-sched.c' l='342' u='a' c='__blk_mq_sched_bio_merge'/>
<use f='linux-5.3.1/block/blk-mq-sched.c' l='403' u='a' c='blk_mq_sched_insert_request'/>
<use f='linux-5.3.1/block/blk-mq-sched.c' l='405' u='a' c='blk_mq_sched_insert_request'/>
<use f='linux-5.3.1/block/blk-mq.c' l='970' u='a' c='flush_busy_ctx'/>
<use f='linux-5.3.1/block/blk-mq.c' l='973' u='a' c='flush_busy_ctx'/>
<use f='linux-5.3.1/block/blk-mq.c' l='1005' u='a' c='dispatch_rq_from_ctx'/>
<use f='linux-5.3.1/block/blk-mq.c' l='1012' u='a' c='dispatch_rq_from_ctx'/>
<use f='linux-5.3.1/block/blk-mq.c' l='1630' u='a' c='__blk_mq_insert_req_list'/>
<use f='linux-5.3.1/block/blk-mq.c' l='1645' u='a' c='__blk_mq_insert_request'/>
<use f='linux-5.3.1/block/blk-mq.c' l='1683' u='a' c='blk_mq_insert_requests'/>
<use f='linux-5.3.1/block/blk-mq.c' l='1686' u='a' c='blk_mq_insert_requests'/>
<use f='linux-5.3.1/block/blk-mq.c' l='2222' u='a' c='blk_mq_hctx_notify_dead'/>
<use f='linux-5.3.1/block/blk-mq.c' l='2227' u='a' c='blk_mq_hctx_notify_dead'/>
<use f='linux-5.3.1/block/blk-mq.c' l='2402' u='a' c='blk_mq_init_cpu_queues'/>
<use f='linux-5.3.1/block/blk-mq.c' l='2402' u='a' c='blk_mq_init_cpu_queues'/>
