<dec f='linux-5.3.1/kernel/sched/sched.h' l='518' type='raw_spinlock_t'/>
<offset>0</offset>
<use f='linux-5.3.1/kernel/sched/fair.c' l='3480' u='a' c='update_cfs_rq_load_avg'/>
<use f='linux-5.3.1/kernel/sched/fair.c' l='3485' u='a' c='update_cfs_rq_load_avg'/>
<use f='linux-5.3.1/kernel/sched/fair.c' l='3674' u='a' c='remove_entity_load_avg'/>
<use f='linux-5.3.1/kernel/sched/fair.c' l='3679' u='a' c='remove_entity_load_avg'/>
<use f='linux-5.3.1/kernel/sched/fair.c' l='10204' u='a' c='init_cfs_rq'/>
