<dec f='linux-5.3.1/include/linux/clk-provider.h' l='378' type='spinlock_t *'/>
<offset>320</offset>
<use f='linux-5.3.1/drivers/clk/clk-gate.c' l='64' u='r' c='clk_gate_endisable'/>
<use f='linux-5.3.1/drivers/clk/clk-gate.c' l='65' u='r' c='clk_gate_endisable'/>
<use f='linux-5.3.1/drivers/clk/clk-gate.c' l='84' u='r' c='clk_gate_endisable'/>
<use f='linux-5.3.1/drivers/clk/clk-gate.c' l='85' u='r' c='clk_gate_endisable'/>
<use f='linux-5.3.1/drivers/clk/clk-gate.c' l='169' u='w' c='clk_hw_register_gate'/>
