<dec f='linux-5.3.1/include/linux/clk-provider.h' l='542' type='spinlock_t *'/>
<offset>384</offset>
<use f='linux-5.3.1/drivers/clk/clk-mux.c' l='105' u='r' c='clk_mux_set_parent'/>
<use f='linux-5.3.1/drivers/clk/clk-mux.c' l='106' u='r' c='clk_mux_set_parent'/>
<use f='linux-5.3.1/drivers/clk/clk-mux.c' l='120' u='r' c='clk_mux_set_parent'/>
<use f='linux-5.3.1/drivers/clk/clk-mux.c' l='121' u='r' c='clk_mux_set_parent'/>
<use f='linux-5.3.1/drivers/clk/clk-mux.c' l='187' u='w' c='clk_hw_register_mux_table'/>
