<dec f='linux-5.3.1/kernel/sched/cpudeadline.h' l='12' type='raw_spinlock_t'/>
<offset>0</offset>
<use f='linux-5.3.1/kernel/sched/cpudeadline.c' l='157' u='a' c='cpudl_clear'/>
<use f='linux-5.3.1/kernel/sched/cpudeadline.c' l='177' u='a' c='cpudl_clear'/>
<use f='linux-5.3.1/kernel/sched/cpudeadline.c' l='197' u='a' c='cpudl_set'/>
<use f='linux-5.3.1/kernel/sched/cpudeadline.c' l='213' u='a' c='cpudl_set'/>
<use f='linux-5.3.1/kernel/sched/cpudeadline.c' l='244' u='a' c='cpudl_init'/>
