<dec f='linux-5.3.1/include/linux/dma-fence-array.h' l='40' type='spinlock_t'/>
<use f='linux-5.3.1/drivers/dma-buf/dma-fence-array.c' l='136' u='a' c='dma_fence_array_create'/>
<use f='linux-5.3.1/drivers/dma-buf/dma-fence-array.c' l='136' u='a' c='dma_fence_array_create'/>
<use f='linux-5.3.1/drivers/dma-buf/dma-fence-array.c' l='137' u='a' c='dma_fence_array_create'/>
<offset>768</offset>
