<dec f='linux-5.3.1/include/linux/dma-buf.h' l='301' type='struct mutex'/>
<use f='linux-5.3.1/drivers/dma-buf/dma-buf.c' l='48' u='a' c='dmabuffs_dname'/>
<use f='linux-5.3.1/drivers/dma-buf/dma-buf.c' l='51' u='a' c='dmabuffs_dname'/>
<use f='linux-5.3.1/drivers/dma-buf/dma-buf.c' l='337' u='a' c='dma_buf_set_name'/>
<use f='linux-5.3.1/drivers/dma-buf/dma-buf.c' l='347' u='a' c='dma_buf_set_name'/>
<use f='linux-5.3.1/drivers/dma-buf/dma-buf.c' l='406' u='a' c='dma_buf_show_fdinfo'/>
<use f='linux-5.3.1/drivers/dma-buf/dma-buf.c' l='409' u='a' c='dma_buf_show_fdinfo'/>
<use f='linux-5.3.1/drivers/dma-buf/dma-buf.c' l='561' u='a' c='dma_buf_export'/>
<use f='linux-5.3.1/drivers/dma-buf/dma-buf.c' l='681' u='a' c='dma_buf_attach'/>
<use f='linux-5.3.1/drivers/dma-buf/dma-buf.c' l='690' u='a' c='dma_buf_attach'/>
<use f='linux-5.3.1/drivers/dma-buf/dma-buf.c' l='696' u='a' c='dma_buf_attach'/>
<use f='linux-5.3.1/drivers/dma-buf/dma-buf.c' l='717' u='a' c='dma_buf_detach'/>
<use f='linux-5.3.1/drivers/dma-buf/dma-buf.c' l='722' u='a' c='dma_buf_detach'/>
<use f='linux-5.3.1/drivers/dma-buf/dma-buf.c' l='1102' u='a' c='dma_buf_vmap'/>
<use f='linux-5.3.1/drivers/dma-buf/dma-buf.c' l='1122' u='a' c='dma_buf_vmap'/>
<use f='linux-5.3.1/drivers/dma-buf/dma-buf.c' l='1141' u='a' c='dma_buf_vunmap'/>
<use f='linux-5.3.1/drivers/dma-buf/dma-buf.c' l='1147' u='a' c='dma_buf_vunmap'/>
<use f='linux-5.3.1/drivers/dma-buf/dma-buf.c' l='1174' u='a' c='dma_buf_debug_show'/>
<use f='linux-5.3.1/drivers/dma-buf/dma-buf.c' l='1232' u='a' c='dma_buf_debug_show'/>
<offset>320</offset>
