<dec f='linux-5.3.1/include/drm/drm_prime.h' l='48' type='struct mutex'/>
<offset>0</offset>
<doc f='linux-5.3.1/include/drm/drm_prime.h' l='47'>/* private: */</doc>
<use f='linux-5.3.1/drivers/gpu/drm/drm_gem.c' l='176' u='a' c='drm_gem_remove_prime_handles'/>
<use f='linux-5.3.1/drivers/gpu/drm/drm_gem.c' l='181' u='a' c='drm_gem_remove_prime_handles'/>
<use f='linux-5.3.1/drivers/gpu/drm/drm_prime.c' l='535' u='a' c='drm_gem_prime_handle_to_fd'/>
<use f='linux-5.3.1/drivers/gpu/drm/drm_prime.c' l='607' u='a' c='drm_gem_prime_handle_to_fd'/>
<use f='linux-5.3.1/drivers/gpu/drm/drm_prime.c' l='764' u='a' c='drm_gem_prime_fd_to_handle'/>
<use f='linux-5.3.1/drivers/gpu/drm/drm_prime.c' l='797' u='a' c='drm_gem_prime_fd_to_handle'/>
<use f='linux-5.3.1/drivers/gpu/drm/drm_prime.c' l='816' u='a' c='drm_gem_prime_fd_to_handle'/>
<use f='linux-5.3.1/drivers/gpu/drm/drm_prime.c' l='955' u='a' c='drm_prime_init_file_private'/>
