<dec f='linux-5.3.1/include/drm/drm_debugfs_crc.h' l='54' type='spinlock_t'/>
<offset>0</offset>
<use f='linux-5.3.1/drivers/gpu/drm/drm_crtc.c' l='150' u='a' c='drm_crtc_crc_init'/>
<use f='linux-5.3.1/drivers/gpu/drm/drm_crtc.c' l='150' u='a' c='drm_crtc_crc_init'/>
<use f='linux-5.3.1/drivers/gpu/drm/drm_debugfs_crc.c' l='141' u='a' c='crc_control_write'/>
<use f='linux-5.3.1/drivers/gpu/drm/drm_debugfs_crc.c' l='144' u='a' c='crc_control_write'/>
<use f='linux-5.3.1/drivers/gpu/drm/drm_debugfs_crc.c' l='152' u='a' c='crc_control_write'/>
<use f='linux-5.3.1/drivers/gpu/drm/drm_debugfs_crc.c' l='169' u='a' c='crtc_crc_data_count'/>
<use f='linux-5.3.1/drivers/gpu/drm/drm_debugfs_crc.c' l='219' u='a' c='crtc_crc_open'/>
<use f='linux-5.3.1/drivers/gpu/drm/drm_debugfs_crc.c' l='227' u='a' c='crtc_crc_open'/>
<use f='linux-5.3.1/drivers/gpu/drm/drm_debugfs_crc.c' l='241' u='a' c='crtc_crc_open'/>
<use f='linux-5.3.1/drivers/gpu/drm/drm_debugfs_crc.c' l='243' u='a' c='crtc_crc_open'/>
<use f='linux-5.3.1/drivers/gpu/drm/drm_debugfs_crc.c' l='254' u='a' c='crtc_crc_release'/>
<use f='linux-5.3.1/drivers/gpu/drm/drm_debugfs_crc.c' l='256' u='a' c='crtc_crc_release'/>
<use f='linux-5.3.1/drivers/gpu/drm/drm_debugfs_crc.c' l='277' u='a' c='crtc_crc_read'/>
<use f='linux-5.3.1/drivers/gpu/drm/drm_debugfs_crc.c' l='280' u='a' c='crtc_crc_read'/>
<use f='linux-5.3.1/drivers/gpu/drm/drm_debugfs_crc.c' l='287' u='a' c='crtc_crc_read'/>
<use f='linux-5.3.1/drivers/gpu/drm/drm_debugfs_crc.c' l='293' u='a' c='crtc_crc_read'/>
<use f='linux-5.3.1/drivers/gpu/drm/drm_debugfs_crc.c' l='293' u='a' c='crtc_crc_read'/>
<use f='linux-5.3.1/drivers/gpu/drm/drm_debugfs_crc.c' l='295' u='a' c='crtc_crc_read'/>
<use f='linux-5.3.1/drivers/gpu/drm/drm_debugfs_crc.c' l='304' u='a' c='crtc_crc_read'/>
<use f='linux-5.3.1/drivers/gpu/drm/drm_debugfs_crc.c' l='311' u='a' c='crtc_crc_read'/>
<use f='linux-5.3.1/drivers/gpu/drm/drm_debugfs_crc.c' l='336' u='a' c='crtc_crc_poll'/>
<use f='linux-5.3.1/drivers/gpu/drm/drm_debugfs_crc.c' l='341' u='a' c='crtc_crc_poll'/>
<use f='linux-5.3.1/drivers/gpu/drm/drm_debugfs_crc.c' l='387' u='a' c='drm_crtc_add_crc_entry'/>
<use f='linux-5.3.1/drivers/gpu/drm/drm_debugfs_crc.c' l='391' u='a' c='drm_crtc_add_crc_entry'/>
<use f='linux-5.3.1/drivers/gpu/drm/drm_debugfs_crc.c' l='402' u='a' c='drm_crtc_add_crc_entry'/>
<use f='linux-5.3.1/drivers/gpu/drm/drm_debugfs_crc.c' l='418' u='a' c='drm_crtc_add_crc_entry'/>
