<dec f='linux-5.3.1/include/drm/drm_dp_mst_helper.h' l='499' type='struct mutex'/>
<use f='linux-5.3.1/drivers/gpu/drm/drm_dp_mst_topology.c' l='1114' u='a' c='drm_dp_destroy_mst_branch_device'/>
<use f='linux-5.3.1/drivers/gpu/drm/drm_dp_mst_topology.c' l='1119' u='a' c='drm_dp_destroy_mst_branch_device'/>
<use f='linux-5.3.1/drivers/gpu/drm/drm_dp_mst_topology.c' l='1366' u='a' c='drm_dp_mst_topology_get_mstb_validated'/>
<use f='linux-5.3.1/drivers/gpu/drm/drm_dp_mst_topology.c' l='1374' u='a' c='drm_dp_mst_topology_get_mstb_validated'/>
<use f='linux-5.3.1/drivers/gpu/drm/drm_dp_mst_topology.c' l='1404' u='a' c='drm_dp_mst_topology_get_port_validated'/>
<use f='linux-5.3.1/drivers/gpu/drm/drm_dp_mst_topology.c' l='1412' u='a' c='drm_dp_mst_topology_get_port_validated'/>
<use f='linux-5.3.1/drivers/gpu/drm/drm_dp_mst_topology.c' l='1576' u='a' c='drm_dp_add_port'/>
<use f='linux-5.3.1/drivers/gpu/drm/drm_dp_mst_topology.c' l='1579' u='a' c='drm_dp_add_port'/>
<use f='linux-5.3.1/drivers/gpu/drm/drm_dp_mst_topology.c' l='1611' u='a' c='drm_dp_add_port'/>
<use f='linux-5.3.1/drivers/gpu/drm/drm_dp_mst_topology.c' l='1613' u='a' c='drm_dp_add_port'/>
<use f='linux-5.3.1/drivers/gpu/drm/drm_dp_mst_topology.c' l='1679' u='a' c='drm_dp_get_mst_branch_device'/>
<use f='linux-5.3.1/drivers/gpu/drm/drm_dp_mst_topology.c' l='1705' u='a' c='drm_dp_get_mst_branch_device'/>
<use f='linux-5.3.1/drivers/gpu/drm/drm_dp_mst_topology.c' l='1741' u='a' c='drm_dp_get_mst_branch_device_by_guid'/>
<use f='linux-5.3.1/drivers/gpu/drm/drm_dp_mst_topology.c' l='1750' u='a' c='drm_dp_get_mst_branch_device_by_guid'/>
<use f='linux-5.3.1/drivers/gpu/drm/drm_dp_mst_topology.c' l='1789' u='a' c='drm_dp_mst_link_probe_work'/>
<use f='linux-5.3.1/drivers/gpu/drm/drm_dp_mst_topology.c' l='1796' u='a' c='drm_dp_mst_link_probe_work'/>
<use f='linux-5.3.1/drivers/gpu/drm/drm_dp_mst_topology.c' l='2130' u='a' c='drm_dp_get_last_connected_port_and_mstb'/>
<use f='linux-5.3.1/drivers/gpu/drm/drm_dp_mst_topology.c' l='2148' u='a' c='drm_dp_get_last_connected_port_and_mstb'/>
<use f='linux-5.3.1/drivers/gpu/drm/drm_dp_mst_topology.c' l='2575' u='a' c='drm_dp_mst_topology_mgr_set_mst'/>
<use f='linux-5.3.1/drivers/gpu/drm/drm_dp_mst_topology.c' l='2640' u='a' c='drm_dp_mst_topology_mgr_set_mst'/>
<use f='linux-5.3.1/drivers/gpu/drm/drm_dp_mst_topology.c' l='2657' u='a' c='drm_dp_mst_topology_mgr_suspend'/>
<use f='linux-5.3.1/drivers/gpu/drm/drm_dp_mst_topology.c' l='2660' u='a' c='drm_dp_mst_topology_mgr_suspend'/>
<use f='linux-5.3.1/drivers/gpu/drm/drm_dp_mst_topology.c' l='2680' u='a' c='drm_dp_mst_topology_mgr_resume'/>
<use f='linux-5.3.1/drivers/gpu/drm/drm_dp_mst_topology.c' l='2715' u='a' c='drm_dp_mst_topology_mgr_resume'/>
<use f='linux-5.3.1/drivers/gpu/drm/drm_dp_mst_topology.c' l='3537' u='a' c='drm_dp_mst_dump_topology'/>
<use f='linux-5.3.1/drivers/gpu/drm/drm_dp_mst_topology.c' l='3542' u='a' c='drm_dp_mst_dump_topology'/>
<use f='linux-5.3.1/drivers/gpu/drm/drm_dp_mst_topology.c' l='3572' u='a' c='drm_dp_mst_dump_topology'/>
<use f='linux-5.3.1/drivers/gpu/drm/drm_dp_mst_topology.c' l='3595' u='a' c='drm_dp_mst_dump_topology'/>
<use f='linux-5.3.1/drivers/gpu/drm/drm_dp_mst_topology.c' l='3826' u='a' c='drm_dp_mst_topology_mgr_init'/>
<offset>6272</offset>
<doc f='linux-5.3.1/include/drm/drm_dp_mst_helper.h' l='496'>/**
	 * @lock: protects mst state, primary, dpcd.
	 */</doc>
