<dec f='linux-5.3.1/drivers/dma/dw/regs.h' l='274' type='spinlock_t'/>
<use f='linux-5.3.1/drivers/dma/dw/core.c' l='63' u='a' c='dwc_tx_submit'/>
<use f='linux-5.3.1/drivers/dma/dw/core.c' l='73' u='a' c='dwc_tx_submit'/>
<use f='linux-5.3.1/drivers/dma/dw/core.c' l='250' u='a' c='dwc_descriptor_complete'/>
<use f='linux-5.3.1/drivers/dma/dw/core.c' l='262' u='a' c='dwc_descriptor_complete'/>
<use f='linux-5.3.1/drivers/dma/dw/core.c' l='273' u='a' c='dwc_complete_all'/>
<use f='linux-5.3.1/drivers/dma/dw/core.c' l='289' u='a' c='dwc_complete_all'/>
<use f='linux-5.3.1/drivers/dma/dw/core.c' l='313' u='a' c='dwc_scan_descriptors'/>
<use f='linux-5.3.1/drivers/dma/dw/core.c' l='343' u='a' c='dwc_scan_descriptors'/>
<use f='linux-5.3.1/drivers/dma/dw/core.c' l='351' u='a' c='dwc_scan_descriptors'/>
<use f='linux-5.3.1/drivers/dma/dw/core.c' l='358' u='a' c='dwc_scan_descriptors'/>
<use f='linux-5.3.1/drivers/dma/dw/core.c' l='364' u='a' c='dwc_scan_descriptors'/>
<use f='linux-5.3.1/drivers/dma/dw/core.c' l='376' u='a' c='dwc_scan_descriptors'/>
<use f='linux-5.3.1/drivers/dma/dw/core.c' l='384' u='a' c='dwc_scan_descriptors'/>
<use f='linux-5.3.1/drivers/dma/dw/core.c' l='393' u='a' c='dwc_scan_descriptors'/>
<use f='linux-5.3.1/drivers/dma/dw/core.c' l='403' u='a' c='dwc_scan_descriptors'/>
<use f='linux-5.3.1/drivers/dma/dw/core.c' l='405' u='a' c='dwc_scan_descriptors'/>
<use f='linux-5.3.1/drivers/dma/dw/core.c' l='415' u='a' c='dwc_scan_descriptors'/>
<use f='linux-5.3.1/drivers/dma/dw/core.c' l='436' u='a' c='dwc_handle_error'/>
<use f='linux-5.3.1/drivers/dma/dw/core.c' l='465' u='a' c='dwc_handle_error'/>
<use f='linux-5.3.1/drivers/dma/dw/core.c' l='818' u='a' c='dwc_pause'/>
<use f='linux-5.3.1/drivers/dma/dw/core.c' l='820' u='a' c='dwc_pause'/>
<use f='linux-5.3.1/drivers/dma/dw/core.c' l='839' u='a' c='dwc_resume'/>
<use f='linux-5.3.1/drivers/dma/dw/core.c' l='844' u='a' c='dwc_resume'/>
<use f='linux-5.3.1/drivers/dma/dw/core.c' l='857' u='a' c='dwc_terminate_all'/>
<use f='linux-5.3.1/drivers/dma/dw/core.c' l='871' u='a' c='dwc_terminate_all'/>
<use f='linux-5.3.1/drivers/dma/dw/core.c' l='897' u='a' c='dwc_get_residue'/>
<use f='linux-5.3.1/drivers/dma/dw/core.c' l='912' u='a' c='dwc_get_residue'/>
<use f='linux-5.3.1/drivers/dma/dw/core.c' l='947' u='a' c='dwc_issue_pending'/>
<use f='linux-5.3.1/drivers/dma/dw/core.c' l='950' u='a' c='dwc_issue_pending'/>
<use f='linux-5.3.1/drivers/dma/dw/core.c' l='1030' u='a' c='dwc_free_chan_resources'/>
<use f='linux-5.3.1/drivers/dma/dw/core.c' l='1042' u='a' c='dwc_free_chan_resources'/>
<use f='linux-5.3.1/drivers/dma/dw/core.c' l='1155' u='a' c='do_dma_probe'/>
<use f='linux-5.3.1/drivers/dma/dw/core.c' l='1155' u='a' c='do_dma_probe'/>
<offset>896</offset>
