<dec f='linux-5.3.1/arch/x86/events/perf_event.h' l='128' type='raw_spinlock_t'/>
<offset>0</offset>
<doc f='linux-5.3.1/arch/x86/events/perf_event.h' l='128'>/* per-core: protect structure */</doc>
<use f='linux-5.3.1/arch/x86/events/intel/core.c' l='2662' u='a' c='__intel_shared_reg_get_constraints'/>
<use f='linux-5.3.1/arch/x86/events/intel/core.c' l='2704' u='a' c='__intel_shared_reg_get_constraints'/>
<use f='linux-5.3.1/arch/x86/events/intel/core.c' l='2708' u='a' c='__intel_shared_reg_get_constraints'/>
<use f='linux-5.3.1/arch/x86/events/intel/core.c' l='3619' u='a' c='allocate_shared_regs'/>
