<dec f='linux-5.3.1/include/net/request_sock.h' l='152' type='spinlock_t'/>
<offset>128</offset>
<use f='linux-5.3.1/net/core/request_sock.c' l='38' u='a' c='reqsk_queue_alloc'/>
<use f='linux-5.3.1/net/core/request_sock.c' l='38' u='a' c='reqsk_queue_alloc'/>
<use f='linux-5.3.1/net/core/request_sock.c' l='100' u='a' c='reqsk_fastopen_remove'/>
<use f='linux-5.3.1/net/core/request_sock.c' l='110' u='a' c='reqsk_fastopen_remove'/>
<use f='linux-5.3.1/net/core/request_sock.c' l='131' u='a' c='reqsk_fastopen_remove'/>
<use f='linux-5.3.1/net/ipv4/inet_connection_sock.c' l='472' u='a' c='inet_csk_accept'/>
<use f='linux-5.3.1/net/ipv4/inet_connection_sock.c' l='483' u='a' c='inet_csk_accept'/>
<use f='linux-5.3.1/net/ipv4/inet_connection_sock.c' l='1000' u='a' c='inet_csk_listen_stop'/>
<use f='linux-5.3.1/net/ipv4/inet_connection_sock.c' l='1003' u='a' c='inet_csk_listen_stop'/>
<use f='linux-5.3.1/net/ipv4/tcp_fastopen.c' l='246' u='a' c='tcp_fastopen_create_child'/>
<use f='linux-5.3.1/net/ipv4/tcp_fastopen.c' l='248' u='a' c='tcp_fastopen_create_child'/>
<use f='linux-5.3.1/net/ipv4/tcp_fastopen.c' l='309' u='a' c='tcp_fastopen_queue_check'/>
<use f='linux-5.3.1/net/ipv4/tcp_fastopen.c' l='314' u='a' c='tcp_fastopen_queue_check'/>
<use f='linux-5.3.1/net/ipv4/tcp_fastopen.c' l='319' u='a' c='tcp_fastopen_queue_check'/>
