<dec f='linux-5.3.1/include/linux/fsnotify_backend.h' l='294' type='spinlock_t'/>
<offset>0</offset>
<use f='linux-5.3.1/fs/notify/mark.c' l='124' u='a' c='__fsnotify_recalc_mask'/>
<use f='linux-5.3.1/fs/notify/mark.c' l='146' u='a' c='fsnotify_recalc_mask'/>
<use f='linux-5.3.1/fs/notify/mark.c' l='148' u='a' c='fsnotify_recalc_mask'/>
<use f='linux-5.3.1/fs/notify/mark.c' l='245' u='a' c='fsnotify_put_mark'/>
<use f='linux-5.3.1/fs/notify/mark.c' l='256' u='a' c='fsnotify_put_mark'/>
<use f='linux-5.3.1/fs/notify/mark.c' l='480' u='a' c='fsnotify_attach_connector_to_object'/>
<use f='linux-5.3.1/fs/notify/mark.c' l='480' u='a' c='fsnotify_attach_connector_to_object'/>
<use f='linux-5.3.1/fs/notify/mark.c' l='524' u='a' c='fsnotify_grab_connector'/>
<use f='linux-5.3.1/fs/notify/mark.c' l='526' u='a' c='fsnotify_grab_connector'/>
<use f='linux-5.3.1/fs/notify/mark.c' l='624' u='a' c='fsnotify_add_mark_list'/>
<use f='linux-5.3.1/fs/notify/mark.c' l='707' u='a' c='fsnotify_find_mark'/>
<use f='linux-5.3.1/fs/notify/mark.c' l='711' u='a' c='fsnotify_find_mark'/>
<use f='linux-5.3.1/fs/notify/mark.c' l='780' u='a' c='fsnotify_destroy_marks'/>
<use f='linux-5.3.1/fs/notify/mark.c' l='785' u='a' c='fsnotify_destroy_marks'/>
<use f='linux-5.3.1/fs/notify/mark.c' l='793' u='a' c='fsnotify_destroy_marks'/>
