<dec f='linux-5.3.1/include/sound/hdaudio.h' l='370' type='struct mutex'/>
<offset>9472</offset>
<use f='linux-5.3.1/sound/hda/hdac_bus.c' l='42' u='a' c='snd_hdac_bus_init'/>
<use f='linux-5.3.1/sound/hda/hdac_component.c' l='73' u='a' c='snd_hdac_display_power'/>
<use f='linux-5.3.1/sound/hda/hdac_component.c' l='104' u='a' c='snd_hdac_display_power'/>
