<dec f='linux-5.3.1/include/linux/hugetlb.h' l='31' type='spinlock_t'/>
<offset>0</offset>
<use f='linux-5.3.1/fs/hugetlbfs/inode.c' l='975' u='a' c='hugetlbfs_statfs'/>
<use f='linux-5.3.1/fs/hugetlbfs/inode.c' l='980' u='a' c='hugetlbfs_statfs'/>
<use f='linux-5.3.1/mm/hugetlb.c' l='80' u='a' c='unlock_or_release_subpool'/>
<use f='linux-5.3.1/mm/hugetlb.c' l='102' u='a' c='hugepage_new_subpool'/>
<use f='linux-5.3.1/mm/hugetlb.c' l='102' u='a' c='hugepage_new_subpool'/>
<use f='linux-5.3.1/mm/hugetlb.c' l='119' u='a' c='hugepage_put_subpool'/>
<use f='linux-5.3.1/mm/hugetlb.c' l='141' u='a' c='hugepage_subpool_get_pages'/>
<use f='linux-5.3.1/mm/hugetlb.c' l='168' u='a' c='hugepage_subpool_get_pages'/>
<use f='linux-5.3.1/mm/hugetlb.c' l='186' u='a' c='hugepage_subpool_put_pages'/>
