<dec f='linux-5.3.1/drivers/gpu/drm/i915/i915_gpu_error.h' l='190' type='spinlock_t'/>
<offset>704</offset>
<doc f='linux-5.3.1/drivers/gpu/drm/i915/i915_gpu_error.h' l='189'>/* For reset and error_state handling. */</doc>
<use f='linux-5.3.1/drivers/gpu/drm/i915/i915_drv.c' l='906' u='a' c='i915_driver_init_early'/>
<use f='linux-5.3.1/drivers/gpu/drm/i915/i915_drv.c' l='906' u='a' c='i915_driver_init_early'/>
<use f='linux-5.3.1/drivers/gpu/drm/i915/i915_gpu_error.c' l='1848' u='a' c='i915_capture_error_state'/>
<use f='linux-5.3.1/drivers/gpu/drm/i915/i915_gpu_error.c' l='1853' u='a' c='i915_capture_error_state'/>
<use f='linux-5.3.1/drivers/gpu/drm/i915/i915_gpu_error.c' l='1878' u='a' c='i915_first_error_state'/>
<use f='linux-5.3.1/drivers/gpu/drm/i915/i915_gpu_error.c' l='1882' u='a' c='i915_first_error_state'/>
<use f='linux-5.3.1/drivers/gpu/drm/i915/i915_gpu_error.c' l='1891' u='a' c='i915_reset_error_state'/>
<use f='linux-5.3.1/drivers/gpu/drm/i915/i915_gpu_error.c' l='1895' u='a' c='i915_reset_error_state'/>
<use f='linux-5.3.1/drivers/gpu/drm/i915/i915_gpu_error.c' l='1903' u='a' c='i915_disable_error_state'/>
<use f='linux-5.3.1/drivers/gpu/drm/i915/i915_gpu_error.c' l='1906' u='a' c='i915_disable_error_state'/>
