<dec f='linux-5.3.1/drivers/gpu/drm/i915/i915_pmu.h' l='52' type='spinlock_t'/>
<offset>2304</offset>
<doc f='linux-5.3.1/drivers/gpu/drm/i915/i915_pmu.h' l='49'>/**
	 * @lock: Lock protecting enable mask and ref count handling.
	 */</doc>
<use f='linux-5.3.1/drivers/gpu/drm/i915/i915_pmu.c' l='122' u='a' c='i915_pmu_gt_parked'/>
<use f='linux-5.3.1/drivers/gpu/drm/i915/i915_pmu.c' l='128' u='a' c='i915_pmu_gt_parked'/>
<use f='linux-5.3.1/drivers/gpu/drm/i915/i915_pmu.c' l='147' u='a' c='i915_pmu_gt_unparked'/>
<use f='linux-5.3.1/drivers/gpu/drm/i915/i915_pmu.c' l='152' u='a' c='i915_pmu_gt_unparked'/>
<use f='linux-5.3.1/drivers/gpu/drm/i915/i915_pmu.c' l='463' u='a' c='get_rc6'/>
<use f='linux-5.3.1/drivers/gpu/drm/i915/i915_pmu.c' l='472' u='a' c='get_rc6'/>
<use f='linux-5.3.1/drivers/gpu/drm/i915/i915_pmu.c' l='483' u='a' c='get_rc6'/>
<use f='linux-5.3.1/drivers/gpu/drm/i915/i915_pmu.c' l='512' u='a' c='get_rc6'/>
<use f='linux-5.3.1/drivers/gpu/drm/i915/i915_pmu.c' l='589' u='a' c='i915_pmu_enable'/>
<use f='linux-5.3.1/drivers/gpu/drm/i915/i915_pmu.c' l='630' u='a' c='i915_pmu_enable'/>
<use f='linux-5.3.1/drivers/gpu/drm/i915/i915_pmu.c' l='647' u='a' c='i915_pmu_disable'/>
<use f='linux-5.3.1/drivers/gpu/drm/i915/i915_pmu.c' l='680' u='a' c='i915_pmu_disable'/>
<use f='linux-5.3.1/drivers/gpu/drm/i915/i915_pmu.c' l='1066' u='a' c='i915_pmu_register'/>
<use f='linux-5.3.1/drivers/gpu/drm/i915/i915_pmu.c' l='1066' u='a' c='i915_pmu_register'/>
