<dec f='linux-5.3.1/drivers/gpu/drm/i915/i915_drv.h' l='1065' type='spinlock_t'/>
<offset>0</offset>
<use f='linux-5.3.1/drivers/gpu/drm/i915/display/intel_frontbuffer.c' l='73' u='a' c='__intel_fb_obj_invalidate'/>
<use f='linux-5.3.1/drivers/gpu/drm/i915/display/intel_frontbuffer.c' l='76' u='a' c='__intel_fb_obj_invalidate'/>
<use f='linux-5.3.1/drivers/gpu/drm/i915/display/intel_frontbuffer.c' l='102' u='a' c='intel_frontbuffer_flush'/>
<use f='linux-5.3.1/drivers/gpu/drm/i915/display/intel_frontbuffer.c' l='104' u='a' c='intel_frontbuffer_flush'/>
<use f='linux-5.3.1/drivers/gpu/drm/i915/display/intel_frontbuffer.c' l='122' u='a' c='__intel_fb_obj_flush'/>
<use f='linux-5.3.1/drivers/gpu/drm/i915/display/intel_frontbuffer.c' l='126' u='a' c='__intel_fb_obj_flush'/>
<use f='linux-5.3.1/drivers/gpu/drm/i915/display/intel_frontbuffer.c' l='148' u='a' c='intel_frontbuffer_flip_prepare'/>
<use f='linux-5.3.1/drivers/gpu/drm/i915/display/intel_frontbuffer.c' l='152' u='a' c='intel_frontbuffer_flip_prepare'/>
<use f='linux-5.3.1/drivers/gpu/drm/i915/display/intel_frontbuffer.c' l='168' u='a' c='intel_frontbuffer_flip_complete'/>
<use f='linux-5.3.1/drivers/gpu/drm/i915/display/intel_frontbuffer.c' l='172' u='a' c='intel_frontbuffer_flip_complete'/>
<use f='linux-5.3.1/drivers/gpu/drm/i915/display/intel_frontbuffer.c' l='193' u='a' c='intel_frontbuffer_flip'/>
<use f='linux-5.3.1/drivers/gpu/drm/i915/display/intel_frontbuffer.c' l='196' u='a' c='intel_frontbuffer_flip'/>
<use f='linux-5.3.1/drivers/gpu/drm/i915/i915_gem.c' l='1762' u='a' c='i915_gem_init_early'/>
<use f='linux-5.3.1/drivers/gpu/drm/i915/i915_gem.c' l='1762' u='a' c='i915_gem_init_early'/>
