<dec f='linux-5.3.1/drivers/gpu/drm/i915/gem/i915_gem_object_types.h' l='202' type='struct mutex'/>
<offset>256</offset>
<doc f='linux-5.3.1/drivers/gpu/drm/i915/gem/i915_gem_object_types.h' l='202'>/* protects this cache */</doc>
<use f='linux-5.3.1/drivers/gpu/drm/i915/gem/i915_gem_object.c' l='79' u='a' c='i915_gem_object_init'/>
<use f='linux-5.3.1/drivers/gpu/drm/i915/gem/i915_gem_pages.c' l='409' u='a' c='i915_gem_object_get_sg'/>
<use f='linux-5.3.1/drivers/gpu/drm/i915/gem/i915_gem_pages.c' l='453' u='a' c='i915_gem_object_get_sg'/>
