<dec f='linux-5.3.1/drivers/gpu/drm/i915/i915_request.h' l='96' type='spinlock_t'/>
<offset>768</offset>
<use f='linux-5.3.1/drivers/gpu/drm/i915/gt/intel_breadcrumbs.c' l='191' u='a' c='intel_engine_breadcrumbs_irq'/>
<use f='linux-5.3.1/drivers/gpu/drm/i915/gt/intel_breadcrumbs.c' l='193' u='a' c='intel_engine_breadcrumbs_irq'/>
<use f='linux-5.3.1/drivers/gpu/drm/i915/gt/intel_breadcrumbs.c' l='296' u='a' c='i915_request_enable_breadcrumb'/>
<use f='linux-5.3.1/drivers/gpu/drm/i915/gt/intel_breadcrumbs.c' l='346' u='a' c='i915_request_cancel_breadcrumb'/>
<use f='linux-5.3.1/drivers/gpu/drm/i915/i915_request.c' l='239' u='a' c='i915_request_retire'/>
<use f='linux-5.3.1/drivers/gpu/drm/i915/i915_request.c' l='249' u='a' c='i915_request_retire'/>
<use f='linux-5.3.1/drivers/gpu/drm/i915/i915_request.c' l='311' u='a' c='__notify_execute_cb'/>
<use f='linux-5.3.1/drivers/gpu/drm/i915/i915_request.c' l='361' u='a' c='__i915_request_await_execution'/>
<use f='linux-5.3.1/drivers/gpu/drm/i915/i915_request.c' l='372' u='a' c='__i915_request_await_execution'/>
<use f='linux-5.3.1/drivers/gpu/drm/i915/i915_request.c' l='413' u='a' c='__i915_request_submit'/>
<use f='linux-5.3.1/drivers/gpu/drm/i915/i915_request.c' l='427' u='a' c='__i915_request_submit'/>
<use f='linux-5.3.1/drivers/gpu/drm/i915/i915_request.c' l='468' u='a' c='__i915_request_unsubmit'/>
<use f='linux-5.3.1/drivers/gpu/drm/i915/i915_request.c' l='476' u='a' c='__i915_request_unsubmit'/>
<use f='linux-5.3.1/drivers/gpu/drm/i915/i915_request.c' l='662' u='a' c='__i915_request_create'/>
<use f='linux-5.3.1/drivers/gpu/drm/i915/i915_request.c' l='662' u='a' c='__i915_request_create'/>
<use f='linux-5.3.1/drivers/gpu/drm/i915/i915_request.c' l='663' u='a' c='__i915_request_create'/>
<use f='linux-5.3.1/drivers/gpu/drm/i915/intel_pm.c' l='6893' u='a' c='gen6_rps_boost'/>
<use f='linux-5.3.1/drivers/gpu/drm/i915/intel_pm.c' l='6898' u='a' c='gen6_rps_boost'/>
