<dec f='linux-5.3.1/drivers/gpu/drm/i915/i915_drv.h' l='493' type='struct mutex'/>
<offset>0</offset>
<use f='linux-5.3.1/drivers/gpu/drm/i915/display/intel_psr.c' l='655' u='a' c='intel_psr_activate'/>
<use f='linux-5.3.1/drivers/gpu/drm/i915/display/intel_psr.c' l='767' u='a' c='intel_psr_enable'/>
<use f='linux-5.3.1/drivers/gpu/drm/i915/display/intel_psr.c' l='777' u='a' c='intel_psr_enable'/>
<use f='linux-5.3.1/drivers/gpu/drm/i915/display/intel_psr.c' l='809' u='a' c='intel_psr_disable_locked'/>
<use f='linux-5.3.1/drivers/gpu/drm/i915/display/intel_psr.c' l='856' u='a' c='intel_psr_disable'/>
<use f='linux-5.3.1/drivers/gpu/drm/i915/display/intel_psr.c' l='860' u='a' c='intel_psr_disable'/>
<use f='linux-5.3.1/drivers/gpu/drm/i915/display/intel_psr.c' l='904' u='a' c='intel_psr_update'/>
<use f='linux-5.3.1/drivers/gpu/drm/i915/display/intel_psr.c' l='933' u='a' c='intel_psr_update'/>
<use f='linux-5.3.1/drivers/gpu/drm/i915/display/intel_psr.c' l='989' u='a' c='__psr_wait_for_idle_locked'/>
<use f='linux-5.3.1/drivers/gpu/drm/i915/display/intel_psr.c' l='996' u='a' c='__psr_wait_for_idle_locked'/>
<use f='linux-5.3.1/drivers/gpu/drm/i915/display/intel_psr.c' l='1064' u='a' c='intel_psr_debug_set'/>
<use f='linux-5.3.1/drivers/gpu/drm/i915/display/intel_psr.c' l='1072' u='a' c='intel_psr_debug_set'/>
<use f='linux-5.3.1/drivers/gpu/drm/i915/display/intel_psr.c' l='1095' u='a' c='intel_psr_work'/>
<use f='linux-5.3.1/drivers/gpu/drm/i915/display/intel_psr.c' l='1122' u='a' c='intel_psr_work'/>
<use f='linux-5.3.1/drivers/gpu/drm/i915/display/intel_psr.c' l='1147' u='a' c='intel_psr_invalidate'/>
<use f='linux-5.3.1/drivers/gpu/drm/i915/display/intel_psr.c' l='1149' u='a' c='intel_psr_invalidate'/>
<use f='linux-5.3.1/drivers/gpu/drm/i915/display/intel_psr.c' l='1159' u='a' c='intel_psr_invalidate'/>
<use f='linux-5.3.1/drivers/gpu/drm/i915/display/intel_psr.c' l='1184' u='a' c='intel_psr_flush'/>
<use f='linux-5.3.1/drivers/gpu/drm/i915/display/intel_psr.c' l='1186' u='a' c='intel_psr_flush'/>
<use f='linux-5.3.1/drivers/gpu/drm/i915/display/intel_psr.c' l='1199' u='a' c='intel_psr_flush'/>
<use f='linux-5.3.1/drivers/gpu/drm/i915/display/intel_psr.c' l='1250' u='a' c='intel_psr_init'/>
<use f='linux-5.3.1/drivers/gpu/drm/i915/display/intel_psr.c' l='1265' u='a' c='intel_psr_short_pulse'/>
<use f='linux-5.3.1/drivers/gpu/drm/i915/display/intel_psr.c' l='1303' u='a' c='intel_psr_short_pulse'/>
<use f='linux-5.3.1/drivers/gpu/drm/i915/display/intel_psr.c' l='1314' u='a' c='intel_psr_enabled'/>
<use f='linux-5.3.1/drivers/gpu/drm/i915/display/intel_psr.c' l='1316' u='a' c='intel_psr_enabled'/>
<use f='linux-5.3.1/drivers/gpu/drm/i915/i915_debugfs.c' l='2308' u='a' c='i915_edp_psr_status'/>
<use f='linux-5.3.1/drivers/gpu/drm/i915/i915_debugfs.c' l='2370' u='a' c='i915_edp_psr_status'/>
