<dec f='linux-5.3.1/drivers/gpu/drm/i915/display/intel_display_power.h' l='173' type='struct mutex'/>
<offset>128</offset>
<use f='linux-5.3.1/drivers/gpu/drm/i915/display/intel_display_power.c' l='220' u='a' c='intel_display_power_is_enabled'/>
<use f='linux-5.3.1/drivers/gpu/drm/i915/display/intel_display_power.c' l='222' u='a' c='intel_display_power_is_enabled'/>
<use f='linux-5.3.1/drivers/gpu/drm/i915/display/intel_display_power.c' l='1410' u='a' c='chv_phy_powergate_ch'/>
<use f='linux-5.3.1/drivers/gpu/drm/i915/display/intel_display_power.c' l='1430' u='a' c='chv_phy_powergate_ch'/>
<use f='linux-5.3.1/drivers/gpu/drm/i915/display/intel_display_power.c' l='1443' u='a' c='chv_phy_powergate_lanes'/>
<use f='linux-5.3.1/drivers/gpu/drm/i915/display/intel_display_power.c' l='1462' u='a' c='chv_phy_powergate_lanes'/>
<use f='linux-5.3.1/drivers/gpu/drm/i915/display/intel_display_power.c' l='1697' u='a' c='intel_display_power_get'/>
<use f='linux-5.3.1/drivers/gpu/drm/i915/display/intel_display_power.c' l='1699' u='a' c='intel_display_power_get'/>
<use f='linux-5.3.1/drivers/gpu/drm/i915/display/intel_display_power.c' l='1728' u='a' c='intel_display_power_get_if_enabled'/>
<use f='linux-5.3.1/drivers/gpu/drm/i915/display/intel_display_power.c' l='1737' u='a' c='intel_display_power_get_if_enabled'/>
<use f='linux-5.3.1/drivers/gpu/drm/i915/display/intel_display_power.c' l='1775' u='a' c='__intel_display_power_put'/>
<use f='linux-5.3.1/drivers/gpu/drm/i915/display/intel_display_power.c' l='1777' u='a' c='__intel_display_power_put'/>
<use f='linux-5.3.1/drivers/gpu/drm/i915/display/intel_display_power.c' l='1849' u='a' c='intel_display_power_put_async_work'/>
<use f='linux-5.3.1/drivers/gpu/drm/i915/display/intel_display_power.c' l='1873' u='a' c='intel_display_power_put_async_work'/>
<use f='linux-5.3.1/drivers/gpu/drm/i915/display/intel_display_power.c' l='1899' u='a' c='__intel_display_power_put_async'/>
<use f='linux-5.3.1/drivers/gpu/drm/i915/display/intel_display_power.c' l='1921' u='a' c='__intel_display_power_put_async'/>
<use f='linux-5.3.1/drivers/gpu/drm/i915/display/intel_display_power.c' l='1946' u='a' c='intel_display_power_flush_work'/>
<use f='linux-5.3.1/drivers/gpu/drm/i915/display/intel_display_power.c' l='1959' u='a' c='intel_display_power_flush_work'/>
<use f='linux-5.3.1/drivers/gpu/drm/i915/display/intel_display_power.c' l='3483' u='a' c='intel_power_domains_init'/>
<use f='linux-5.3.1/drivers/gpu/drm/i915/display/intel_display_power.c' l='3544' u='a' c='intel_power_domains_sync_hw'/>
<use f='linux-5.3.1/drivers/gpu/drm/i915/display/intel_display_power.c' l='3550' u='a' c='intel_power_domains_sync_hw'/>
<use f='linux-5.3.1/drivers/gpu/drm/i915/display/intel_display_power.c' l='3943' u='a' c='skl_display_core_init'/>
<use f='linux-5.3.1/drivers/gpu/drm/i915/display/intel_display_power.c' l='3951' u='a' c='skl_display_core_init'/>
<use f='linux-5.3.1/drivers/gpu/drm/i915/display/intel_display_power.c' l='3975' u='a' c='skl_display_core_uninit'/>
<use f='linux-5.3.1/drivers/gpu/drm/i915/display/intel_display_power.c' l='3986' u='a' c='skl_display_core_uninit'/>
<use f='linux-5.3.1/drivers/gpu/drm/i915/display/intel_display_power.c' l='4008' u='a' c='bxt_display_core_init'/>
<use f='linux-5.3.1/drivers/gpu/drm/i915/display/intel_display_power.c' l='4013' u='a' c='bxt_display_core_init'/>
<use f='linux-5.3.1/drivers/gpu/drm/i915/display/intel_display_power.c' l='4041' u='a' c='bxt_display_core_uninit'/>
<use f='linux-5.3.1/drivers/gpu/drm/i915/display/intel_display_power.c' l='4046' u='a' c='bxt_display_core_uninit'/>
<use f='linux-5.3.1/drivers/gpu/drm/i915/display/intel_display_power.c' l='4068' u='a' c='cnl_display_core_init'/>
<use f='linux-5.3.1/drivers/gpu/drm/i915/display/intel_display_power.c' l='4071' u='a' c='cnl_display_core_init'/>
<use f='linux-5.3.1/drivers/gpu/drm/i915/display/intel_display_power.c' l='4103' u='a' c='cnl_display_core_uninit'/>
<use f='linux-5.3.1/drivers/gpu/drm/i915/display/intel_display_power.c' l='4106' u='a' c='cnl_display_core_uninit'/>
<use f='linux-5.3.1/drivers/gpu/drm/i915/display/intel_display_power.c' l='4132' u='a' c='icl_display_core_init'/>
<use f='linux-5.3.1/drivers/gpu/drm/i915/display/intel_display_power.c' l='4135' u='a' c='icl_display_core_init'/>
<use f='linux-5.3.1/drivers/gpu/drm/i915/display/intel_display_power.c' l='4170' u='a' c='icl_display_core_uninit'/>
<use f='linux-5.3.1/drivers/gpu/drm/i915/display/intel_display_power.c' l='4173' u='a' c='icl_display_core_uninit'/>
<use f='linux-5.3.1/drivers/gpu/drm/i915/display/intel_display_power.c' l='4357' u='a' c='intel_power_domains_init_hw'/>
<use f='linux-5.3.1/drivers/gpu/drm/i915/display/intel_display_power.c' l='4359' u='a' c='intel_power_domains_init_hw'/>
<use f='linux-5.3.1/drivers/gpu/drm/i915/display/intel_display_power.c' l='4362' u='a' c='intel_power_domains_init_hw'/>
<use f='linux-5.3.1/drivers/gpu/drm/i915/display/intel_display_power.c' l='4364' u='a' c='intel_power_domains_init_hw'/>
<use f='linux-5.3.1/drivers/gpu/drm/i915/display/intel_dpio_phy.c' l='473' u='a' c='bxt_ddi_phy_init'/>
<use f='linux-5.3.1/drivers/gpu/drm/i915/display/intel_hdcp.c' l='164' u='a' c='hdcp_key_loadable'/>
<use f='linux-5.3.1/drivers/gpu/drm/i915/display/intel_hdcp.c' l='174' u='a' c='hdcp_key_loadable'/>
<use f='linux-5.3.1/drivers/gpu/drm/i915/i915_debugfs.c' l='2475' u='a' c='i915_power_domain_info'/>
<use f='linux-5.3.1/drivers/gpu/drm/i915/i915_debugfs.c' l='2492' u='a' c='i915_power_domain_info'/>
