<dec f='linux-5.3.1/drivers/gpu/drm/i915/i915_gem_gtt.h' l='257' type='spinlock_t'/>
<offset>160</offset>
<use f='linux-5.3.1/drivers/gpu/drm/i915/i915_gem_gtt.c' l='699' u='a' c='__alloc_pd'/>
<use f='linux-5.3.1/drivers/gpu/drm/i915/i915_gem_gtt.c' l='699' u='a' c='__alloc_pd'/>
<use f='linux-5.3.1/drivers/gpu/drm/i915/i915_gem_gtt.c' l='811' u='a' c='gen8_ppgtt_clear_pd'/>
<use f='linux-5.3.1/drivers/gpu/drm/i915/i915_gem_gtt.c' l='820' u='a' c='gen8_ppgtt_clear_pd'/>
<use f='linux-5.3.1/drivers/gpu/drm/i915/i915_gem_gtt.c' l='860' u='a' c='gen8_ppgtt_clear_pdp'/>
<use f='linux-5.3.1/drivers/gpu/drm/i915/i915_gem_gtt.c' l='869' u='a' c='gen8_ppgtt_clear_pdp'/>
<use f='linux-5.3.1/drivers/gpu/drm/i915/i915_gem_gtt.c' l='915' u='a' c='gen8_ppgtt_clear_4lvl'/>
<use f='linux-5.3.1/drivers/gpu/drm/i915/i915_gem_gtt.c' l='921' u='a' c='gen8_ppgtt_clear_4lvl'/>
<use f='linux-5.3.1/drivers/gpu/drm/i915/i915_gem_gtt.c' l='1354' u='a' c='gen8_ppgtt_alloc_pd'/>
<use f='linux-5.3.1/drivers/gpu/drm/i915/i915_gem_gtt.c' l='1359' u='a' c='gen8_ppgtt_alloc_pd'/>
<use f='linux-5.3.1/drivers/gpu/drm/i915/i915_gem_gtt.c' l='1372' u='a' c='gen8_ppgtt_alloc_pd'/>
<use f='linux-5.3.1/drivers/gpu/drm/i915/i915_gem_gtt.c' l='1385' u='a' c='gen8_ppgtt_alloc_pd'/>
<use f='linux-5.3.1/drivers/gpu/drm/i915/i915_gem_gtt.c' l='1405' u='a' c='gen8_ppgtt_alloc_pdp'/>
<use f='linux-5.3.1/drivers/gpu/drm/i915/i915_gem_gtt.c' l='1408' u='a' c='gen8_ppgtt_alloc_pdp'/>
<use f='linux-5.3.1/drivers/gpu/drm/i915/i915_gem_gtt.c' l='1420' u='a' c='gen8_ppgtt_alloc_pdp'/>
<use f='linux-5.3.1/drivers/gpu/drm/i915/i915_gem_gtt.c' l='1431' u='a' c='gen8_ppgtt_alloc_pdp'/>
<use f='linux-5.3.1/drivers/gpu/drm/i915/i915_gem_gtt.c' l='1437' u='a' c='gen8_ppgtt_alloc_pdp'/>
<use f='linux-5.3.1/drivers/gpu/drm/i915/i915_gem_gtt.c' l='1440' u='a' c='gen8_ppgtt_alloc_pdp'/>
<use f='linux-5.3.1/drivers/gpu/drm/i915/i915_gem_gtt.c' l='1444' u='a' c='gen8_ppgtt_alloc_pdp'/>
<use f='linux-5.3.1/drivers/gpu/drm/i915/i915_gem_gtt.c' l='1453' u='a' c='gen8_ppgtt_alloc_pdp'/>
<use f='linux-5.3.1/drivers/gpu/drm/i915/i915_gem_gtt.c' l='1479' u='a' c='gen8_ppgtt_alloc_4lvl'/>
<use f='linux-5.3.1/drivers/gpu/drm/i915/i915_gem_gtt.c' l='1482' u='a' c='gen8_ppgtt_alloc_4lvl'/>
<use f='linux-5.3.1/drivers/gpu/drm/i915/i915_gem_gtt.c' l='1494' u='a' c='gen8_ppgtt_alloc_4lvl'/>
<use f='linux-5.3.1/drivers/gpu/drm/i915/i915_gem_gtt.c' l='1504' u='a' c='gen8_ppgtt_alloc_4lvl'/>
<use f='linux-5.3.1/drivers/gpu/drm/i915/i915_gem_gtt.c' l='1510' u='a' c='gen8_ppgtt_alloc_4lvl'/>
<use f='linux-5.3.1/drivers/gpu/drm/i915/i915_gem_gtt.c' l='1513' u='a' c='gen8_ppgtt_alloc_4lvl'/>
<use f='linux-5.3.1/drivers/gpu/drm/i915/i915_gem_gtt.c' l='1517' u='a' c='gen8_ppgtt_alloc_4lvl'/>
<use f='linux-5.3.1/drivers/gpu/drm/i915/i915_gem_gtt.c' l='1524' u='a' c='gen8_ppgtt_alloc_4lvl'/>
<use f='linux-5.3.1/drivers/gpu/drm/i915/i915_gem_gtt.c' l='1818' u='a' c='gen6_alloc_va_range'/>
<use f='linux-5.3.1/drivers/gpu/drm/i915/i915_gem_gtt.c' l='1823' u='a' c='gen6_alloc_va_range'/>
<use f='linux-5.3.1/drivers/gpu/drm/i915/i915_gem_gtt.c' l='1835' u='a' c='gen6_alloc_va_range'/>
<use f='linux-5.3.1/drivers/gpu/drm/i915/i915_gem_gtt.c' l='1851' u='a' c='gen6_alloc_va_range'/>
