<dec f='linux-5.3.1/include/net/if_inet6.h' l='46' type='spinlock_t'/>
<offset>288</offset>
<use f='linux-5.3.1/net/ipv6/addrconf.c' l='1104' u='a' c='ipv6_add_addr'/>
<use f='linux-5.3.1/net/ipv6/addrconf.c' l='1104' u='a' c='ipv6_add_addr'/>
<use f='linux-5.3.1/net/ipv6/addrconf.c' l='1212' u='a' c='check_cleanup_prefix_route'/>
<use f='linux-5.3.1/net/ipv6/addrconf.c' l='1222' u='a' c='check_cleanup_prefix_route'/>
<use f='linux-5.3.1/net/ipv6/addrconf.c' l='1257' u='a' c='ipv6_del_addr'/>
<use f='linux-5.3.1/net/ipv6/addrconf.c' l='1260' u='a' c='ipv6_del_addr'/>
<use f='linux-5.3.1/net/ipv6/addrconf.c' l='1321' u='a' c='ipv6_create_tempaddr'/>
<use f='linux-5.3.1/net/ipv6/addrconf.c' l='1323' u='a' c='ipv6_create_tempaddr'/>
<use f='linux-5.3.1/net/ipv6/addrconf.c' l='1337' u='a' c='ipv6_create_tempaddr'/>
<use f='linux-5.3.1/net/ipv6/addrconf.c' l='1340' u='a' c='ipv6_create_tempaddr'/>
<use f='linux-5.3.1/net/ipv6/addrconf.c' l='1384' u='a' c='ipv6_create_tempaddr'/>
<use f='linux-5.3.1/net/ipv6/addrconf.c' l='1421' u='a' c='ipv6_create_tempaddr'/>
<use f='linux-5.3.1/net/ipv6/addrconf.c' l='1425' u='a' c='ipv6_create_tempaddr'/>
<use f='linux-5.3.1/net/ipv6/addrconf.c' l='2026' u='a' c='addrconf_dad_stop'/>
<use f='linux-5.3.1/net/ipv6/addrconf.c' l='2030' u='a' c='addrconf_dad_stop'/>
<use f='linux-5.3.1/net/ipv6/addrconf.c' l='2034' u='a' c='addrconf_dad_stop'/>
<use f='linux-5.3.1/net/ipv6/addrconf.c' l='2038' u='a' c='addrconf_dad_stop'/>
<use f='linux-5.3.1/net/ipv6/addrconf.c' l='2043' u='a' c='addrconf_dad_stop'/>
<use f='linux-5.3.1/net/ipv6/addrconf.c' l='2056' u='a' c='addrconf_dad_end'/>
<use f='linux-5.3.1/net/ipv6/addrconf.c' l='2061' u='a' c='addrconf_dad_end'/>
<use f='linux-5.3.1/net/ipv6/addrconf.c' l='2079' u='a' c='addrconf_dad_failure'/>
<use f='linux-5.3.1/net/ipv6/addrconf.c' l='2105' u='a' c='addrconf_dad_failure'/>
<use f='linux-5.3.1/net/ipv6/addrconf.c' l='2119' u='a' c='addrconf_dad_failure'/>
<use f='linux-5.3.1/net/ipv6/addrconf.c' l='2122' u='a' c='addrconf_dad_failure'/>
<use f='linux-5.3.1/net/ipv6/addrconf.c' l='2127' u='a' c='addrconf_dad_failure'/>
<use f='linux-5.3.1/net/ipv6/addrconf.c' l='2133' u='a' c='addrconf_dad_failure'/>
<use f='linux-5.3.1/net/ipv6/addrconf.c' l='2522' u='a' c='manage_tempaddrs'/>
<use f='linux-5.3.1/net/ipv6/addrconf.c' l='2530' u='a' c='manage_tempaddrs'/>
<use f='linux-5.3.1/net/ipv6/addrconf.c' l='2594' u='a' c='addrconf_prefix_rcv_add_addr'/>
<use f='linux-5.3.1/net/ipv6/addrconf.c' l='2598' u='a' c='addrconf_prefix_rcv_add_addr'/>
<use f='linux-5.3.1/net/ipv6/addrconf.c' l='2608' u='a' c='addrconf_prefix_rcv_add_addr'/>
<use f='linux-5.3.1/net/ipv6/addrconf.c' l='2638' u='a' c='addrconf_prefix_rcv_add_addr'/>
<use f='linux-5.3.1/net/ipv6/addrconf.c' l='2643' u='a' c='addrconf_prefix_rcv_add_addr'/>
<use f='linux-5.3.1/net/ipv6/addrconf.c' l='3087' u='a' c='add_addr'/>
<use f='linux-5.3.1/net/ipv6/addrconf.c' l='3089' u='a' c='add_addr'/>
<use f='linux-5.3.1/net/ipv6/addrconf.c' l='3430' u='a' c='fixup_permanent_addr'/>
<use f='linux-5.3.1/net/ipv6/addrconf.c' l='3433' u='a' c='fixup_permanent_addr'/>
<use f='linux-5.3.1/net/ipv6/addrconf.c' l='3779' u='a' c='addrconf_ifdown'/>
<use f='linux-5.3.1/net/ipv6/addrconf.c' l='3785' u='a' c='addrconf_ifdown'/>
<use f='linux-5.3.1/net/ipv6/addrconf.c' l='3800' u='a' c='addrconf_ifdown'/>
<use f='linux-5.3.1/net/ipv6/addrconf.c' l='3816' u='a' c='addrconf_ifdown'/>
<use f='linux-5.3.1/net/ipv6/addrconf.c' l='3944' u='a' c='addrconf_dad_begin'/>
<use f='linux-5.3.1/net/ipv6/addrconf.c' l='3961' u='a' c='addrconf_dad_begin'/>
<use f='linux-5.3.1/net/ipv6/addrconf.c' l='3969' u='a' c='addrconf_dad_begin'/>
<use f='linux-5.3.1/net/ipv6/addrconf.c' l='3997' u='a' c='addrconf_dad_begin'/>
<use f='linux-5.3.1/net/ipv6/addrconf.c' l='4007' u='a' c='addrconf_dad_start'/>
<use f='linux-5.3.1/net/ipv6/addrconf.c' l='4012' u='a' c='addrconf_dad_start'/>
<use f='linux-5.3.1/net/ipv6/addrconf.c' l='4035' u='a' c='addrconf_dad_work'/>
<use f='linux-5.3.1/net/ipv6/addrconf.c' l='4063' u='a' c='addrconf_dad_work'/>
<use f='linux-5.3.1/net/ipv6/addrconf.c' l='4085' u='a' c='addrconf_dad_work'/>
<use f='linux-5.3.1/net/ipv6/addrconf.c' l='4087' u='a' c='addrconf_dad_work'/>
<use f='linux-5.3.1/net/ipv6/addrconf.c' l='4104' u='a' c='addrconf_dad_work'/>
<use f='linux-5.3.1/net/ipv6/addrconf.c' l='4115' u='a' c='addrconf_dad_work'/>
<use f='linux-5.3.1/net/ipv6/addrconf.c' l='4199' u='a' c='addrconf_dad_completed'/>
<use f='linux-5.3.1/net/ipv6/addrconf.c' l='4205' u='a' c='addrconf_dad_completed'/>
<use f='linux-5.3.1/net/ipv6/addrconf.c' l='4225' u='a' c='addrconf_dad_run'/>
<use f='linux-5.3.1/net/ipv6/addrconf.c' l='4232' u='a' c='addrconf_dad_run'/>
<use f='linux-5.3.1/net/ipv6/addrconf.c' l='4428' u='a' c='addrconf_verify_rtnl'/>
<use f='linux-5.3.1/net/ipv6/addrconf.c' l='4434' u='a' c='addrconf_verify_rtnl'/>
<use f='linux-5.3.1/net/ipv6/addrconf.c' l='4439' u='a' c='addrconf_verify_rtnl'/>
<use f='linux-5.3.1/net/ipv6/addrconf.c' l='4454' u='a' c='addrconf_verify_rtnl'/>
<use f='linux-5.3.1/net/ipv6/addrconf.c' l='4477' u='a' c='addrconf_verify_rtnl'/>
<use f='linux-5.3.1/net/ipv6/addrconf.c' l='4479' u='a' c='addrconf_verify_rtnl'/>
<use f='linux-5.3.1/net/ipv6/addrconf.c' l='4481' u='a' c='addrconf_verify_rtnl'/>
<use f='linux-5.3.1/net/ipv6/addrconf.c' l='4491' u='a' c='addrconf_verify_rtnl'/>
<use f='linux-5.3.1/net/ipv6/addrconf.c' l='4496' u='a' c='addrconf_verify_rtnl'/>
<use f='linux-5.3.1/net/ipv6/addrconf.c' l='4658' u='a' c='inet6_addr_modify'/>
<use f='linux-5.3.1/net/ipv6/addrconf.c' l='4673' u='a' c='inet6_addr_modify'/>
<use f='linux-5.3.1/net/ipv6/addrconf.c' l='5644' u='a' c='inet6_set_iftoken'/>
<use f='linux-5.3.1/net/ipv6/addrconf.c' l='5649' u='a' c='inet6_set_iftoken'/>
<use f='linux-5.3.1/net/ipv6/addrconf.c' l='6354' u='a' c='addrconf_disable_policy_idev'/>
<use f='linux-5.3.1/net/ipv6/addrconf.c' l='6372' u='a' c='addrconf_disable_policy_idev'/>
