<dec f='linux-5.3.1/include/net/inet_hashtables.h' l='110' type='spinlock_t'/>
<offset>0</offset>
<use f='linux-5.3.1/net/ipv4/inet_hashtables.c' l='201' u='a' c='inet_hash2'/>
<use f='linux-5.3.1/net/ipv4/inet_hashtables.c' l='209' u='a' c='inet_hash2'/>
<use f='linux-5.3.1/net/ipv4/inet_hashtables.c' l='222' u='a' c='inet_unhash2'/>
<use f='linux-5.3.1/net/ipv4/inet_hashtables.c' l='225' u='a' c='inet_unhash2'/>
<use f='linux-5.3.1/net/ipv4/inet_hashtables.c' l='550' u='a' c='__inet_hash'/>
<use f='linux-5.3.1/net/ipv4/inet_hashtables.c' l='566' u='a' c='__inet_hash'/>
<use f='linux-5.3.1/net/ipv4/inet_hashtables.c' l='597' u='a' c='inet_unhash'/>
<use f='linux-5.3.1/net/ipv4/inet_hashtables.c' l='752' u='a' c='inet_hashinfo_init'/>
<use f='linux-5.3.1/net/ipv4/inet_hashtables.c' l='752' u='a' c='inet_hashinfo_init'/>
<use f='linux-5.3.1/net/ipv4/inet_hashtables.c' l='766' u='a' c='init_hashinfo_lhash2'/>
<use f='linux-5.3.1/net/ipv4/inet_hashtables.c' l='766' u='a' c='init_hashinfo_lhash2'/>
<use f='linux-5.3.1/net/ipv4/tcp_ipv4.c' l='2135' u='a' c='listening_get_next'/>
<use f='linux-5.3.1/net/ipv4/tcp_ipv4.c' l='2152' u='a' c='listening_get_next'/>
<use f='linux-5.3.1/net/ipv4/tcp_ipv4.c' l='2365' u='a' c='tcp_seq_stop'/>
