<dec f='linux-5.3.1/security/selinux/include/objsec.h' l='63' type='spinlock_t'/>
<use f='linux-5.3.1/security/selinux/hooks.c' l='246' u='a' c='inode_alloc_security'/>
<use f='linux-5.3.1/security/selinux/hooks.c' l='246' u='a' c='inode_alloc_security'/>
<use f='linux-5.3.1/security/selinux/hooks.c' l='1441' u='a' c='inode_doinit_with_dentry'/>
<use f='linux-5.3.1/security/selinux/hooks.c' l='1464' u='a' c='inode_doinit_with_dentry'/>
<use f='linux-5.3.1/security/selinux/hooks.c' l='1578' u='a' c='inode_doinit_with_dentry'/>
<use f='linux-5.3.1/security/selinux/hooks.c' l='1590' u='a' c='inode_doinit_with_dentry'/>
<use f='linux-5.3.1/security/selinux/hooks.c' l='3238' u='a' c='selinux_inode_post_setxattr'/>
<use f='linux-5.3.1/security/selinux/hooks.c' l='3242' u='a' c='selinux_inode_post_setxattr'/>
<use f='linux-5.3.1/security/selinux/hooks.c' l='3344' u='a' c='selinux_inode_setsecurity'/>
<use f='linux-5.3.1/security/selinux/hooks.c' l='3348' u='a' c='selinux_inode_setsecurity'/>
<use f='linux-5.3.1/security/selinux/hooks.c' l='4109' u='a' c='selinux_task_to_inode'/>
<use f='linux-5.3.1/security/selinux/hooks.c' l='4113' u='a' c='selinux_task_to_inode'/>
<use f='linux-5.3.1/security/selinux/hooks.c' l='4766' u='a' c='selinux_socket_accept'/>
<use f='linux-5.3.1/security/selinux/hooks.c' l='4769' u='a' c='selinux_socket_accept'/>
<use f='linux-5.3.1/security/selinux/hooks.c' l='6435' u='a' c='selinux_inode_invalidate_secctx'/>
<use f='linux-5.3.1/security/selinux/hooks.c' l='6437' u='a' c='selinux_inode_invalidate_secctx'/>
<offset>288</offset>
