<dec f='linux-5.3.1/drivers/gpu/drm/i915/intel_guc_ct.h' l='81' type='spinlock_t'/>
<offset>448</offset>
<doc f='linux-5.3.1/drivers/gpu/drm/i915/intel_guc_ct.h' l='80'>/** @lock: protects pending requests list */</doc>
<use f='linux-5.3.1/drivers/gpu/drm/i915/intel_guc_ct.c' l='61' u='a' c='intel_guc_ct_init_early'/>
<use f='linux-5.3.1/drivers/gpu/drm/i915/intel_guc_ct.c' l='61' u='a' c='intel_guc_ct_init_early'/>
<use f='linux-5.3.1/drivers/gpu/drm/i915/intel_guc_ct.c' l='487' u='a' c='ctch_send'/>
<use f='linux-5.3.1/drivers/gpu/drm/i915/intel_guc_ct.c' l='489' u='a' c='ctch_send'/>
<use f='linux-5.3.1/drivers/gpu/drm/i915/intel_guc_ct.c' l='522' u='a' c='ctch_send'/>
<use f='linux-5.3.1/drivers/gpu/drm/i915/intel_guc_ct.c' l='524' u='a' c='ctch_send'/>
<use f='linux-5.3.1/drivers/gpu/drm/i915/intel_guc_ct.c' l='674' u='a' c='ct_handle_response'/>
<use f='linux-5.3.1/drivers/gpu/drm/i915/intel_guc_ct.c' l='693' u='a' c='ct_handle_response'/>
<use f='linux-5.3.1/drivers/gpu/drm/i915/intel_guc_ct.c' l='731' u='a' c='ct_process_incoming_requests'/>
<use f='linux-5.3.1/drivers/gpu/drm/i915/intel_guc_ct.c' l='737' u='a' c='ct_process_incoming_requests'/>
<use f='linux-5.3.1/drivers/gpu/drm/i915/intel_guc_ct.c' l='798' u='a' c='ct_handle_request'/>
<use f='linux-5.3.1/drivers/gpu/drm/i915/intel_guc_ct.c' l='800' u='a' c='ct_handle_request'/>
