<dec f='linux-5.3.1/drivers/gpu/drm/i915/intel_guc_log.h' l='72' type='struct mutex'/>
<offset>448</offset>
<use f='linux-5.3.1/drivers/gpu/drm/i915/intel_guc_log.c' l='244' u='a' c='guc_read_update_log_buffer'/>
<use f='linux-5.3.1/drivers/gpu/drm/i915/intel_guc_log.c' l='335' u='a' c='guc_read_update_log_buffer'/>
<use f='linux-5.3.1/drivers/gpu/drm/i915/intel_guc_log.c' l='350' u='a' c='guc_log_map'/>
<use f='linux-5.3.1/drivers/gpu/drm/i915/intel_guc_log.c' l='371' u='a' c='guc_log_unmap'/>
<use f='linux-5.3.1/drivers/gpu/drm/i915/intel_guc_log.c' l='379' u='a' c='intel_guc_log_init_early'/>
<use f='linux-5.3.1/drivers/gpu/drm/i915/intel_guc_log.c' l='391' u='a' c='guc_log_relay_create'/>
<use f='linux-5.3.1/drivers/gpu/drm/i915/intel_guc_log.c' l='423' u='a' c='guc_log_relay_destroy'/>
<use f='linux-5.3.1/drivers/gpu/drm/i915/intel_guc_log.c' l='547' u='a' c='intel_guc_log_relay_open'/>
<use f='linux-5.3.1/drivers/gpu/drm/i915/intel_guc_log.c' l='572' u='a' c='intel_guc_log_relay_open'/>
<use f='linux-5.3.1/drivers/gpu/drm/i915/intel_guc_log.c' l='588' u='a' c='intel_guc_log_relay_open'/>
<use f='linux-5.3.1/drivers/gpu/drm/i915/intel_guc_log.c' l='622' u='a' c='intel_guc_log_relay_close'/>
<use f='linux-5.3.1/drivers/gpu/drm/i915/intel_guc_log.c' l='626' u='a' c='intel_guc_log_relay_close'/>
