<dec f='linux-5.3.1/arch/x86/events/intel/uncore.h' l='108' type='raw_spinlock_t'/>
<use f='linux-5.3.1/arch/x86/events/intel/uncore.c' l='160' u='a' c='uncore_get_constraint'/>
<use f='linux-5.3.1/arch/x86/events/intel/uncore.c' l='168' u='a' c='uncore_get_constraint'/>
<use f='linux-5.3.1/arch/x86/events/intel/uncore.c' l='208' u='a' c='uncore_shared_reg_config'/>
<use f='linux-5.3.1/arch/x86/events/intel/uncore.c' l='210' u='a' c='uncore_shared_reg_config'/>
<use f='linux-5.3.1/arch/x86/events/intel/uncore.c' l='326' u='a' c='uncore_alloc_box'/>
<offset>0</offset>
<use f='linux-5.3.1/arch/x86/events/intel/uncore_nhmex.c' l='562' u='a' c='nhmex_mbox_get_shared_reg'/>
<use f='linux-5.3.1/arch/x86/events/intel/uncore_nhmex.c' l='568' u='a' c='nhmex_mbox_get_shared_reg'/>
<use f='linux-5.3.1/arch/x86/events/intel/uncore_nhmex.c' l='588' u='a' c='nhmex_mbox_get_shared_reg'/>
<use f='linux-5.3.1/arch/x86/events/intel/uncore_nhmex.c' l='609' u='a' c='nhmex_mbox_get_shared_reg'/>
<use f='linux-5.3.1/arch/x86/events/intel/uncore_nhmex.c' l='829' u='a' c='nhmex_mbox_shared_reg_config'/>
<use f='linux-5.3.1/arch/x86/events/intel/uncore_nhmex.c' l='831' u='a' c='nhmex_mbox_shared_reg_config'/>
<use f='linux-5.3.1/arch/x86/events/intel/uncore_nhmex.c' l='1002' u='a' c='nhmex_rbox_get_constraint'/>
<use f='linux-5.3.1/arch/x86/events/intel/uncore_nhmex.c' l='1034' u='a' c='nhmex_rbox_get_constraint'/>
<use f='linux-5.3.1/arch/x86/events/intel/uncore_snbep.c' l='875' u='a' c='__snbep_cbox_get_constraint'/>
<use f='linux-5.3.1/arch/x86/events/intel/uncore_snbep.c' l='893' u='a' c='__snbep_cbox_get_constraint'/>
<use f='linux-5.3.1/arch/x86/events/intel/uncore_snbep.c' l='1009' u='a' c='snbep_pcu_get_constraint'/>
<use f='linux-5.3.1/arch/x86/events/intel/uncore_snbep.c' l='1017' u='a' c='snbep_pcu_get_constraint'/>
