<dec f='linux-5.3.1/drivers/gpu/drm/i915/intel_uncore.h' l='102' type='spinlock_t'/>
<offset>128</offset>
<doc f='linux-5.3.1/drivers/gpu/drm/i915/intel_uncore.h' l='102'>/** lock is also taken in irq contexts. */</doc>
<use f='linux-5.3.1/drivers/gpu/drm/i915/display/intel_display.c' l='3774' u='a' c='i9xx_update_plane'/>
<use f='linux-5.3.1/drivers/gpu/drm/i915/display/intel_display.c' l='3816' u='a' c='i9xx_update_plane'/>
<use f='linux-5.3.1/drivers/gpu/drm/i915/display/intel_display.c' l='3839' u='a' c='i9xx_disable_plane'/>
<use f='linux-5.3.1/drivers/gpu/drm/i915/display/intel_display.c' l='3847' u='a' c='i9xx_disable_plane'/>
<use f='linux-5.3.1/drivers/gpu/drm/i915/display/intel_display.c' l='10553' u='a' c='i845_update_cursor'/>
<use f='linux-5.3.1/drivers/gpu/drm/i915/display/intel_display.c' l='10574' u='a' c='i845_update_cursor'/>
<use f='linux-5.3.1/drivers/gpu/drm/i915/display/intel_display.c' l='10778' u='a' c='i9xx_update_cursor'/>
<use f='linux-5.3.1/drivers/gpu/drm/i915/display/intel_display.c' l='10820' u='a' c='i9xx_update_cursor'/>
<use f='linux-5.3.1/drivers/gpu/drm/i915/display/intel_sprite.c' l='552' u='a' c='skl_program_plane'/>
<use f='linux-5.3.1/drivers/gpu/drm/i915/display/intel_sprite.c' l='612' u='a' c='skl_program_plane'/>
<use f='linux-5.3.1/drivers/gpu/drm/i915/display/intel_sprite.c' l='649' u='a' c='skl_disable_plane'/>
<use f='linux-5.3.1/drivers/gpu/drm/i915/display/intel_sprite.c' l='659' u='a' c='skl_disable_plane'/>
<use f='linux-5.3.1/drivers/gpu/drm/i915/display/intel_sprite.c' l='889' u='a' c='vlv_update_plane'/>
<use f='linux-5.3.1/drivers/gpu/drm/i915/display/intel_sprite.c' l='920' u='a' c='vlv_update_plane'/>
<use f='linux-5.3.1/drivers/gpu/drm/i915/display/intel_sprite.c' l='932' u='a' c='vlv_disable_plane'/>
<use f='linux-5.3.1/drivers/gpu/drm/i915/display/intel_sprite.c' l='937' u='a' c='vlv_disable_plane'/>
<use f='linux-5.3.1/drivers/gpu/drm/i915/display/intel_sprite.c' l='1070' u='a' c='ivb_update_plane'/>
<use f='linux-5.3.1/drivers/gpu/drm/i915/display/intel_sprite.c' l='1102' u='a' c='ivb_update_plane'/>
<use f='linux-5.3.1/drivers/gpu/drm/i915/display/intel_sprite.c' l='1113' u='a' c='ivb_disable_plane'/>
<use f='linux-5.3.1/drivers/gpu/drm/i915/display/intel_sprite.c' l='1121' u='a' c='ivb_disable_plane'/>
<use f='linux-5.3.1/drivers/gpu/drm/i915/display/intel_sprite.c' l='1261' u='a' c='g4x_update_plane'/>
<use f='linux-5.3.1/drivers/gpu/drm/i915/display/intel_sprite.c' l='1286' u='a' c='g4x_update_plane'/>
<use f='linux-5.3.1/drivers/gpu/drm/i915/display/intel_sprite.c' l='1297' u='a' c='g4x_disable_plane'/>
<use f='linux-5.3.1/drivers/gpu/drm/i915/display/intel_sprite.c' l='1304' u='a' c='g4x_disable_plane'/>
<use f='linux-5.3.1/drivers/gpu/drm/i915/gt/intel_engine_cs.c' l='1026' u='a' c='read_subslice_reg'/>
<use f='linux-5.3.1/drivers/gpu/drm/i915/gt/intel_engine_cs.c' l='1046' u='a' c='read_subslice_reg'/>
<use f='linux-5.3.1/drivers/gpu/drm/i915/gt/intel_workarounds.c' l='973' u='a' c='wa_list_apply'/>
<use f='linux-5.3.1/drivers/gpu/drm/i915/gt/intel_workarounds.c' l='985' u='a' c='wa_list_apply'/>
<use f='linux-5.3.1/drivers/gpu/drm/i915/i915_gem.c' l='268' u='a' c='i915_gem_flush_ggtt_writes'/>
<use f='linux-5.3.1/drivers/gpu/drm/i915/i915_gem.c' l='271' u='a' c='i915_gem_flush_ggtt_writes'/>
<use f='linux-5.3.1/drivers/gpu/drm/i915/i915_irq.c' l='965' u='a' c='i915_get_vblank_counter'/>
<use f='linux-5.3.1/drivers/gpu/drm/i915/i915_irq.c' l='978' u='a' c='i915_get_vblank_counter'/>
<use f='linux-5.3.1/drivers/gpu/drm/i915/i915_irq.c' l='1148' u='a' c='i915_get_crtc_scanoutpos'/>
<use f='linux-5.3.1/drivers/gpu/drm/i915/i915_irq.c' l='1203' u='a' c='i915_get_crtc_scanoutpos'/>
<use f='linux-5.3.1/drivers/gpu/drm/i915/i915_irq.c' l='1233' u='a' c='intel_get_crtc_scanline'/>
<use f='linux-5.3.1/drivers/gpu/drm/i915/i915_irq.c' l='1235' u='a' c='intel_get_crtc_scanline'/>
<use f='linux-5.3.1/drivers/gpu/drm/i915/i915_pmu.c' l='178' u='a' c='engines_sample'/>
<use f='linux-5.3.1/drivers/gpu/drm/i915/i915_pmu.c' l='208' u='a' c='engines_sample'/>
<use f='linux-5.3.1/drivers/gpu/drm/i915/intel_pm.c' l='1979' u='a' c='vlv_atomic_update_fifo'/>
<use f='linux-5.3.1/drivers/gpu/drm/i915/intel_pm.c' l='2040' u='a' c='vlv_atomic_update_fifo'/>
<use f='linux-5.3.1/drivers/gpu/drm/i915/intel_pm.c' l='9833' u='a' c='vlv_residency_raw'/>
<use f='linux-5.3.1/drivers/gpu/drm/i915/intel_pm.c' l='9896' u='a' c='intel_rc6_residency_ns'/>
<use f='linux-5.3.1/drivers/gpu/drm/i915/intel_pm.c' l='9939' u='a' c='intel_rc6_residency_ns'/>
<use f='linux-5.3.1/drivers/gpu/drm/i915/intel_uncore.c' l='355' u='a' c='intel_uncore_fw_release_timer'/>
<use f='linux-5.3.1/drivers/gpu/drm/i915/intel_uncore.c' l='362' u='a' c='intel_uncore_fw_release_timer'/>
<use f='linux-5.3.1/drivers/gpu/drm/i915/intel_uncore.c' l='395' u='a' c='intel_uncore_forcewake_reset'/>
<use f='linux-5.3.1/drivers/gpu/drm/i915/intel_uncore.c' l='410' u='a' c='intel_uncore_forcewake_reset'/>
<use f='linux-5.3.1/drivers/gpu/drm/i915/intel_uncore.c' l='423' u='a' c='intel_uncore_forcewake_reset'/>
<use f='linux-5.3.1/drivers/gpu/drm/i915/intel_uncore.c' l='506' u='a' c='__intel_uncore_early_sanitize'/>
<use f='linux-5.3.1/drivers/gpu/drm/i915/intel_uncore.c' l='511' u='a' c='__intel_uncore_early_sanitize'/>
<use f='linux-5.3.1/drivers/gpu/drm/i915/intel_uncore.c' l='588' u='a' c='intel_uncore_forcewake_get'/>
<use f='linux-5.3.1/drivers/gpu/drm/i915/intel_uncore.c' l='590' u='a' c='intel_uncore_forcewake_get'/>
<use f='linux-5.3.1/drivers/gpu/drm/i915/intel_uncore.c' l='603' u='a' c='intel_uncore_forcewake_user_get'/>
<use f='linux-5.3.1/drivers/gpu/drm/i915/intel_uncore.c' l='616' u='a' c='intel_uncore_forcewake_user_get'/>
<use f='linux-5.3.1/drivers/gpu/drm/i915/intel_uncore.c' l='628' u='a' c='intel_uncore_forcewake_user_put'/>
<use f='linux-5.3.1/drivers/gpu/drm/i915/intel_uncore.c' l='641' u='a' c='intel_uncore_forcewake_user_put'/>
<use f='linux-5.3.1/drivers/gpu/drm/i915/intel_uncore.c' l='655' u='a' c='intel_uncore_forcewake_get__locked'/>
<use f='linux-5.3.1/drivers/gpu/drm/i915/intel_uncore.c' l='700' u='a' c='intel_uncore_forcewake_put'/>
<use f='linux-5.3.1/drivers/gpu/drm/i915/intel_uncore.c' l='702' u='a' c='intel_uncore_forcewake_put'/>
<use f='linux-5.3.1/drivers/gpu/drm/i915/intel_uncore.c' l='716' u='a' c='intel_uncore_forcewake_put__locked'/>
<use f='linux-5.3.1/drivers/gpu/drm/i915/intel_uncore.c' l='1100' u='a' c='gen11_fwtable_read8'/>
<use f='linux-5.3.1/drivers/gpu/drm/i915/intel_uncore.c' l='1105' u='a' c='gen11_fwtable_read8'/>
<use f='linux-5.3.1/drivers/gpu/drm/i915/intel_uncore.c' l='1100' u='a' c='gen11_fwtable_read16'/>
<use f='linux-5.3.1/drivers/gpu/drm/i915/intel_uncore.c' l='1105' u='a' c='gen11_fwtable_read16'/>
<use f='linux-5.3.1/drivers/gpu/drm/i915/intel_uncore.c' l='1100' u='a' c='gen11_fwtable_read32'/>
<use f='linux-5.3.1/drivers/gpu/drm/i915/intel_uncore.c' l='1105' u='a' c='gen11_fwtable_read32'/>
<use f='linux-5.3.1/drivers/gpu/drm/i915/intel_uncore.c' l='1100' u='a' c='gen11_fwtable_read64'/>
<use f='linux-5.3.1/drivers/gpu/drm/i915/intel_uncore.c' l='1105' u='a' c='gen11_fwtable_read64'/>
<use f='linux-5.3.1/drivers/gpu/drm/i915/intel_uncore.c' l='1100' u='a' c='fwtable_read8'/>
<use f='linux-5.3.1/drivers/gpu/drm/i915/intel_uncore.c' l='1105' u='a' c='fwtable_read8'/>
<use f='linux-5.3.1/drivers/gpu/drm/i915/intel_uncore.c' l='1100' u='a' c='fwtable_read16'/>
<use f='linux-5.3.1/drivers/gpu/drm/i915/intel_uncore.c' l='1105' u='a' c='fwtable_read16'/>
<use f='linux-5.3.1/drivers/gpu/drm/i915/intel_uncore.c' l='1100' u='a' c='fwtable_read32'/>
<use f='linux-5.3.1/drivers/gpu/drm/i915/intel_uncore.c' l='1105' u='a' c='fwtable_read32'/>
<use f='linux-5.3.1/drivers/gpu/drm/i915/intel_uncore.c' l='1100' u='a' c='fwtable_read64'/>
<use f='linux-5.3.1/drivers/gpu/drm/i915/intel_uncore.c' l='1105' u='a' c='fwtable_read64'/>
<use f='linux-5.3.1/drivers/gpu/drm/i915/intel_uncore.c' l='1100' u='a' c='gen6_read8'/>
<use f='linux-5.3.1/drivers/gpu/drm/i915/intel_uncore.c' l='1105' u='a' c='gen6_read8'/>
<use f='linux-5.3.1/drivers/gpu/drm/i915/intel_uncore.c' l='1100' u='a' c='gen6_read16'/>
<use f='linux-5.3.1/drivers/gpu/drm/i915/intel_uncore.c' l='1105' u='a' c='gen6_read16'/>
<use f='linux-5.3.1/drivers/gpu/drm/i915/intel_uncore.c' l='1100' u='a' c='gen6_read32'/>
<use f='linux-5.3.1/drivers/gpu/drm/i915/intel_uncore.c' l='1105' u='a' c='gen6_read32'/>
<use f='linux-5.3.1/drivers/gpu/drm/i915/intel_uncore.c' l='1100' u='a' c='gen6_read64'/>
<use f='linux-5.3.1/drivers/gpu/drm/i915/intel_uncore.c' l='1105' u='a' c='gen6_read64'/>
<use f='linux-5.3.1/drivers/gpu/drm/i915/intel_uncore.c' l='1212' u='a' c='gen11_fwtable_write8'/>
<use f='linux-5.3.1/drivers/gpu/drm/i915/intel_uncore.c' l='1217' u='a' c='gen11_fwtable_write8'/>
<use f='linux-5.3.1/drivers/gpu/drm/i915/intel_uncore.c' l='1212' u='a' c='gen11_fwtable_write16'/>
<use f='linux-5.3.1/drivers/gpu/drm/i915/intel_uncore.c' l='1217' u='a' c='gen11_fwtable_write16'/>
<use f='linux-5.3.1/drivers/gpu/drm/i915/intel_uncore.c' l='1212' u='a' c='gen11_fwtable_write32'/>
<use f='linux-5.3.1/drivers/gpu/drm/i915/intel_uncore.c' l='1217' u='a' c='gen11_fwtable_write32'/>
<use f='linux-5.3.1/drivers/gpu/drm/i915/intel_uncore.c' l='1212' u='a' c='fwtable_write8'/>
<use f='linux-5.3.1/drivers/gpu/drm/i915/intel_uncore.c' l='1217' u='a' c='fwtable_write8'/>
<use f='linux-5.3.1/drivers/gpu/drm/i915/intel_uncore.c' l='1212' u='a' c='fwtable_write16'/>
<use f='linux-5.3.1/drivers/gpu/drm/i915/intel_uncore.c' l='1217' u='a' c='fwtable_write16'/>
<use f='linux-5.3.1/drivers/gpu/drm/i915/intel_uncore.c' l='1212' u='a' c='fwtable_write32'/>
<use f='linux-5.3.1/drivers/gpu/drm/i915/intel_uncore.c' l='1217' u='a' c='fwtable_write32'/>
<use f='linux-5.3.1/drivers/gpu/drm/i915/intel_uncore.c' l='1212' u='a' c='gen8_write8'/>
<use f='linux-5.3.1/drivers/gpu/drm/i915/intel_uncore.c' l='1217' u='a' c='gen8_write8'/>
<use f='linux-5.3.1/drivers/gpu/drm/i915/intel_uncore.c' l='1212' u='a' c='gen8_write16'/>
<use f='linux-5.3.1/drivers/gpu/drm/i915/intel_uncore.c' l='1217' u='a' c='gen8_write16'/>
<use f='linux-5.3.1/drivers/gpu/drm/i915/intel_uncore.c' l='1212' u='a' c='gen8_write32'/>
<use f='linux-5.3.1/drivers/gpu/drm/i915/intel_uncore.c' l='1217' u='a' c='gen8_write32'/>
<use f='linux-5.3.1/drivers/gpu/drm/i915/intel_uncore.c' l='1212' u='a' c='gen6_write8'/>
<use f='linux-5.3.1/drivers/gpu/drm/i915/intel_uncore.c' l='1217' u='a' c='gen6_write8'/>
<use f='linux-5.3.1/drivers/gpu/drm/i915/intel_uncore.c' l='1212' u='a' c='gen6_write16'/>
<use f='linux-5.3.1/drivers/gpu/drm/i915/intel_uncore.c' l='1217' u='a' c='gen6_write16'/>
<use f='linux-5.3.1/drivers/gpu/drm/i915/intel_uncore.c' l='1212' u='a' c='gen6_write32'/>
<use f='linux-5.3.1/drivers/gpu/drm/i915/intel_uncore.c' l='1217' u='a' c='gen6_write32'/>
<use f='linux-5.3.1/drivers/gpu/drm/i915/intel_uncore.c' l='1430' u='a' c='intel_uncore_fw_domains_init'/>
<use f='linux-5.3.1/drivers/gpu/drm/i915/intel_uncore.c' l='1434' u='a' c='intel_uncore_fw_domains_init'/>
<use f='linux-5.3.1/drivers/gpu/drm/i915/intel_uncore.c' l='1534' u='a' c='intel_uncore_init_early'/>
<use f='linux-5.3.1/drivers/gpu/drm/i915/intel_uncore.c' l='1534' u='a' c='intel_uncore_init_early'/>
<use f='linux-5.3.1/drivers/gpu/drm/i915/intel_uncore.c' l='1817' u='a' c='__intel_wait_for_register'/>
<use f='linux-5.3.1/drivers/gpu/drm/i915/intel_uncore.c' l='1825' u='a' c='__intel_wait_for_register'/>
<use f='linux-5.3.1/drivers/gpu/drm/i915/intel_uncore.c' l='1852' u='a' c='intel_uncore_arm_unclaimed_mmio_detection'/>
<use f='linux-5.3.1/drivers/gpu/drm/i915/intel_uncore.c' l='1869' u='a' c='intel_uncore_arm_unclaimed_mmio_detection'/>
