<dec f='linux-5.3.1/drivers/gpu/drm/i915/i915_drv.h' l='1059' type='spinlock_t'/>
<offset>0</offset>
<use f='linux-5.3.1/drivers/gpu/drm/i915/display/intel_pipe_crc.c' l='450' u='a' c='intel_display_crc_init'/>
<use f='linux-5.3.1/drivers/gpu/drm/i915/display/intel_pipe_crc.c' l='450' u='a' c='intel_display_crc_init'/>
<use f='linux-5.3.1/drivers/gpu/drm/i915/display/intel_pipe_crc.c' l='664' u='a' c='intel_crtc_disable_pipe_crc'/>
<use f='linux-5.3.1/drivers/gpu/drm/i915/display/intel_pipe_crc.c' l='666' u='a' c='intel_crtc_disable_pipe_crc'/>
<use f='linux-5.3.1/drivers/gpu/drm/i915/i915_irq.c' l='1819' u='a' c='display_pipe_crc_irq_handler'/>
<use f='linux-5.3.1/drivers/gpu/drm/i915/i915_irq.c' l='1831' u='a' c='display_pipe_crc_irq_handler'/>
<use f='linux-5.3.1/drivers/gpu/drm/i915/i915_irq.c' l='1834' u='a' c='display_pipe_crc_irq_handler'/>
