<dec f='linux-5.3.1/include/linux/iocontext.h' l='104' type='spinlock_t'/>
<offset>128</offset>
<doc f='linux-5.3.1/include/linux/iocontext.h' l='103'>/* all the fields below are protected by this lock */</doc>
<use f='linux-5.3.1/block/blk-ioc.c' l='66' u='a' c='ioc_destroy_icq'/>
<use f='linux-5.3.1/block/blk-ioc.c' l='106' u='a' c='ioc_release_fn'/>
<use f='linux-5.3.1/block/blk-ioc.c' l='117' u='a' c='ioc_release_fn'/>
<use f='linux-5.3.1/block/blk-ioc.c' l='119' u='a' c='ioc_release_fn'/>
<use f='linux-5.3.1/block/blk-ioc.c' l='123' u='a' c='ioc_release_fn'/>
<use f='linux-5.3.1/block/blk-ioc.c' l='150' u='a' c='put_io_context'/>
<use f='linux-5.3.1/block/blk-ioc.c' l='156' u='a' c='put_io_context'/>
<use f='linux-5.3.1/block/blk-ioc.c' l='185' u='a' c='put_io_context_active'/>
<use f='linux-5.3.1/block/blk-ioc.c' l='192' u='a' c='put_io_context_active'/>
<use f='linux-5.3.1/block/blk-ioc.c' l='220' u='a' c='__ioc_clear_queue'/>
<use f='linux-5.3.1/block/blk-ioc.c' l='222' u='a' c='__ioc_clear_queue'/>
<use f='linux-5.3.1/block/blk-ioc.c' l='257' u='a' c='create_task_io_context'/>
<use f='linux-5.3.1/block/blk-ioc.c' l='257' u='a' c='create_task_io_context'/>
<use f='linux-5.3.1/block/blk-ioc.c' l='389' u='a' c='ioc_create_icq'/>
<use f='linux-5.3.1/block/blk-ioc.c' l='403' u='a' c='ioc_create_icq'/>
