<dec f='linux-5.3.1/include/linux/iova.h' l='32' type='spinlock_t'/>
<offset>0</offset>
<use f='linux-5.3.1/drivers/iommu/iova.c' l='867' u='a' c='init_iova_rcaches'/>
<use f='linux-5.3.1/drivers/iommu/iova.c' l='867' u='a' c='init_iova_rcaches'/>
<use f='linux-5.3.1/drivers/iommu/iova.c' l='908' u='a' c='__iova_rcache_insert'/>
<use f='linux-5.3.1/drivers/iommu/iova.c' l='915' u='a' c='__iova_rcache_insert'/>
<use f='linux-5.3.1/drivers/iommu/iova.c' l='968' u='a' c='__iova_rcache_get'/>
<use f='linux-5.3.1/drivers/iommu/iova.c' l='974' u='a' c='__iova_rcache_get'/>
