<dec f='linux-5.3.1/drivers/iommu/iova.c' l='783' type='spinlock_t'/>
<use f='linux-5.3.1/drivers/iommu/iova.c' l='874' u='a' c='init_iova_rcaches'/>
<use f='linux-5.3.1/drivers/iommu/iova.c' l='874' u='a' c='init_iova_rcaches'/>
<use f='linux-5.3.1/drivers/iommu/iova.c' l='897' u='a' c='__iova_rcache_insert'/>
<use f='linux-5.3.1/drivers/iommu/iova.c' l='925' u='a' c='__iova_rcache_insert'/>
<use f='linux-5.3.1/drivers/iommu/iova.c' l='960' u='a' c='__iova_rcache_get'/>
<use f='linux-5.3.1/drivers/iommu/iova.c' l='980' u='a' c='__iova_rcache_get'/>
<use f='linux-5.3.1/drivers/iommu/iova.c' l='1038' u='a' c='free_cpu_cached_iovas'/>
<use f='linux-5.3.1/drivers/iommu/iova.c' l='1041' u='a' c='free_cpu_cached_iovas'/>
<offset>0</offset>
