<dec f='linux-5.3.1/include/linux/igmp.h' l='85' type='spinlock_t'/>
<offset>896</offset>
<use f='linux-5.3.1/net/ipv4/igmp.c' l='206' u='a' c='igmp_stop_timer'/>
<use f='linux-5.3.1/net/ipv4/igmp.c' l='212' u='a' c='igmp_stop_timer'/>
<use f='linux-5.3.1/net/ipv4/igmp.c' l='249' u='a' c='igmp_mod_timer'/>
<use f='linux-5.3.1/net/ipv4/igmp.c' l='255' u='a' c='igmp_mod_timer'/>
<use f='linux-5.3.1/net/ipv4/igmp.c' l='261' u='a' c='igmp_mod_timer'/>
<use f='linux-5.3.1/net/ipv4/igmp.c' l='600' u='a' c='igmpv3_send_report'/>
<use f='linux-5.3.1/net/ipv4/igmp.c' l='606' u='a' c='igmpv3_send_report'/>
<use f='linux-5.3.1/net/ipv4/igmp.c' l='610' u='a' c='igmpv3_send_report'/>
<use f='linux-5.3.1/net/ipv4/igmp.c' l='616' u='a' c='igmpv3_send_report'/>
<use f='linux-5.3.1/net/ipv4/igmp.c' l='695' u='a' c='igmpv3_send_cr'/>
<use f='linux-5.3.1/net/ipv4/igmp.c' l='715' u='a' c='igmpv3_send_cr'/>
<use f='linux-5.3.1/net/ipv4/igmp.c' l='833' u='a' c='igmp_timer_expire'/>
<use f='linux-5.3.1/net/ipv4/igmp.c' l='840' u='a' c='igmp_timer_expire'/>
<use f='linux-5.3.1/net/ipv4/igmp.c' l='1045' u='a' c='igmp_heard_query'/>
<use f='linux-5.3.1/net/ipv4/igmp.c' l='1052' u='a' c='igmp_heard_query'/>
<use f='linux-5.3.1/net/ipv4/igmp.c' l='1179' u='a' c='igmpv3_add_delrec'/>
<use f='linux-5.3.1/net/ipv4/igmp.c' l='1179' u='a' c='igmpv3_add_delrec'/>
<use f='linux-5.3.1/net/ipv4/igmp.c' l='1180' u='a' c='igmpv3_add_delrec'/>
<use f='linux-5.3.1/net/ipv4/igmp.c' l='1195' u='a' c='igmpv3_add_delrec'/>
<use f='linux-5.3.1/net/ipv4/igmp.c' l='1228' u='a' c='igmpv3_del_delrec'/>
<use f='linux-5.3.1/net/ipv4/igmp.c' l='1242' u='a' c='igmpv3_del_delrec'/>
<use f='linux-5.3.1/net/ipv4/igmp.c' l='1268' u='a' c='igmpv3_clear_delrec'/>
<use f='linux-5.3.1/net/ipv4/igmp.c' l='1271' u='a' c='igmpv3_clear_delrec'/>
<use f='linux-5.3.1/net/ipv4/igmp.c' l='1344' u='a' c='igmp_group_added'/>
<use f='linux-5.3.1/net/ipv4/igmp.c' l='1346' u='a' c='igmp_group_added'/>
<use f='linux-5.3.1/net/ipv4/igmp.c' l='1449' u='a' c='____ip_mc_inc_group'/>
<use f='linux-5.3.1/net/ipv4/igmp.c' l='1449' u='a' c='____ip_mc_inc_group'/>
<use f='linux-5.3.1/net/ipv4/igmp.c' l='1914' u='a' c='ip_mc_del_src'/>
<use f='linux-5.3.1/net/ipv4/igmp.c' l='1954' u='a' c='ip_mc_del_src'/>
<use f='linux-5.3.1/net/ipv4/igmp.c' l='2086' u='a' c='ip_mc_add_src'/>
<use f='linux-5.3.1/net/ipv4/igmp.c' l='2132' u='a' c='ip_mc_add_src'/>
<use f='linux-5.3.1/net/ipv4/igmp.c' l='2140' u='a' c='ip_mc_clear_src'/>
<use f='linux-5.3.1/net/ipv4/igmp.c' l='2148' u='a' c='ip_mc_clear_src'/>
<use f='linux-5.3.1/net/ipv4/igmp.c' l='2895' u='a' c='igmp_mcf_get_first'/>
<use f='linux-5.3.1/net/ipv4/igmp.c' l='2902' u='a' c='igmp_mcf_get_first'/>
<use f='linux-5.3.1/net/ipv4/igmp.c' l='2914' u='a' c='igmp_mcf_get_next'/>
<use f='linux-5.3.1/net/ipv4/igmp.c' l='2929' u='a' c='igmp_mcf_get_next'/>
<use f='linux-5.3.1/net/ipv4/igmp.c' l='2968' u='a' c='igmp_mcf_seq_stop'/>
