<dec f='linux-5.3.1/include/linux/ipc.h' l='13' type='spinlock_t'/>
<offset>0</offset>
<use f='linux-5.3.1/ipc/util.h' l='208' u='a' c='ipc_lock_object'/>
<use f='linux-5.3.1/ipc/util.h' l='213' u='a' c='ipc_unlock_object'/>
<use f='linux-5.3.1/ipc/util.h' l='218' u='a' c='ipc_assert_locked_object'/>
<use f='linux-5.3.1/ipc/util.c' l='294' u='a' c='ipc_addid'/>
<use f='linux-5.3.1/ipc/util.c' l='294' u='a' c='ipc_addid'/>
<use f='linux-5.3.1/ipc/util.c' l='296' u='a' c='ipc_addid'/>
<use f='linux-5.3.1/ipc/util.c' l='317' u='a' c='ipc_addid'/>
