<dec f='linux-5.3.1/include/linux/list_lru.h' l='42' type='spinlock_t'/>
<offset>0</offset>
<doc f='linux-5.3.1/include/linux/list_lru.h' l='41'>/* protects all lists on the node, including per cgroup */</doc>
<use f='linux-5.3.1/mm/list_lru.c' l='132' u='a' c='list_lru_add'/>
<use f='linux-5.3.1/mm/list_lru.c' l='141' u='a' c='list_lru_add'/>
<use f='linux-5.3.1/mm/list_lru.c' l='144' u='a' c='list_lru_add'/>
<use f='linux-5.3.1/mm/list_lru.c' l='155' u='a' c='list_lru_del'/>
<use f='linux-5.3.1/mm/list_lru.c' l='161' u='a' c='list_lru_del'/>
<use f='linux-5.3.1/mm/list_lru.c' l='164' u='a' c='list_lru_del'/>
<use f='linux-5.3.1/mm/list_lru.c' l='232' u='a' c='__list_lru_walk_one'/>
<use f='linux-5.3.1/mm/list_lru.c' l='235' u='a' c='__list_lru_walk_one'/>
<use f='linux-5.3.1/mm/list_lru.c' l='258' u='a' c='__list_lru_walk_one'/>
<use f='linux-5.3.1/mm/list_lru.c' l='275' u='a' c='list_lru_walk_one'/>
<use f='linux-5.3.1/mm/list_lru.c' l='278' u='a' c='list_lru_walk_one'/>
<use f='linux-5.3.1/mm/list_lru.c' l='291' u='a' c='list_lru_walk_one_irq'/>
<use f='linux-5.3.1/mm/list_lru.c' l='294' u='a' c='list_lru_walk_one_irq'/>
<use f='linux-5.3.1/mm/list_lru.c' l='311' u='a' c='list_lru_walk_node'/>
<use f='linux-5.3.1/mm/list_lru.c' l='315' u='a' c='list_lru_walk_node'/>
<use f='linux-5.3.1/mm/list_lru.c' l='619' u='a' c='__list_lru_init'/>
<use f='linux-5.3.1/mm/list_lru.c' l='619' u='a' c='__list_lru_init'/>
