<dec f='linux-5.3.1/include/linux/mroute_base.h' l='385' type='spinlock_t *'/>
<use f='linux-5.3.1/include/linux/mroute_base.h' l='414' u='w' c='mr_mfc_seq_start'/>
<use f='linux-5.3.1/include/linux/mroute_base.h' l='427' u='r' c='mr_mfc_seq_stop'/>
<offset>192</offset>
<doc f='linux-5.3.1/include/linux/mroute_base.h' l='384'>/* Lock protecting the mr_table&apos;s unresolved queue */</doc>
<use f='linux-5.3.1/net/ipv4/ipmr_base.c' l='160' u='r' c='mr_mfc_seq_idx'/>
<use f='linux-5.3.1/net/ipv4/ipmr_base.c' l='165' u='r' c='mr_mfc_seq_idx'/>
<use f='linux-5.3.1/net/ipv4/ipmr_base.c' l='195' u='r' c='mr_mfc_seq_next'/>
<use f='linux-5.3.1/net/ipv4/ipmr_base.c' l='200' u='r' c='mr_mfc_seq_next'/>
