<dec f='linux-5.3.1/include/net/neighbour.h' l='224' type='rwlock_t'/>
<offset>3584</offset>
<use f='linux-5.3.1/net/core/neighbour.c' l='135' u='a' c='neigh_update_gc_list'/>
<use f='linux-5.3.1/net/core/neighbour.c' l='155' u='a' c='neigh_update_gc_list'/>
<use f='linux-5.3.1/net/core/neighbour.c' l='233' u='a' c='neigh_forced_gc'/>
<use f='linux-5.3.1/net/core/neighbour.c' l='254' u='a' c='neigh_forced_gc'/>
<use f='linux-5.3.1/net/core/neighbour.c' l='345' u='a' c='neigh_changeaddr'/>
<use f='linux-5.3.1/net/core/neighbour.c' l='347' u='a' c='neigh_changeaddr'/>
<use f='linux-5.3.1/net/core/neighbour.c' l='354' u='a' c='__neigh_ifdown'/>
<use f='linux-5.3.1/net/core/neighbour.c' l='620' u='a' c='___neigh_create'/>
<use f='linux-5.3.1/net/core/neighbour.c' l='657' u='a' c='___neigh_create'/>
<use f='linux-5.3.1/net/core/neighbour.c' l='663' u='a' c='___neigh_create'/>
<use f='linux-5.3.1/net/core/neighbour.c' l='723' u='a' c='pneigh_lookup'/>
<use f='linux-5.3.1/net/core/neighbour.c' l='726' u='a' c='pneigh_lookup'/>
<use f='linux-5.3.1/net/core/neighbour.c' l='752' u='a' c='pneigh_lookup'/>
<use f='linux-5.3.1/net/core/neighbour.c' l='755' u='a' c='pneigh_lookup'/>
<use f='linux-5.3.1/net/core/neighbour.c' l='769' u='a' c='pneigh_delete'/>
<use f='linux-5.3.1/net/core/neighbour.c' l='775' u='a' c='pneigh_delete'/>
<use f='linux-5.3.1/net/core/neighbour.c' l='784' u='a' c='pneigh_delete'/>
<use f='linux-5.3.1/net/core/neighbour.c' l='806' u='a' c='pneigh_ifdown_and_unlock'/>
<use f='linux-5.3.1/net/core/neighbour.c' l='898' u='a' c='neigh_periodic_work'/>
<use f='linux-5.3.1/net/core/neighbour.c' l='954' u='a' c='neigh_periodic_work'/>
<use f='linux-5.3.1/net/core/neighbour.c' l='956' u='a' c='neigh_periodic_work'/>
<use f='linux-5.3.1/net/core/neighbour.c' l='967' u='a' c='neigh_periodic_work'/>
<use f='linux-5.3.1/net/core/neighbour.c' l='1635' u='a' c='neigh_parms_alloc'/>
<use f='linux-5.3.1/net/core/neighbour.c' l='1637' u='a' c='neigh_parms_alloc'/>
<use f='linux-5.3.1/net/core/neighbour.c' l='1657' u='a' c='neigh_parms_release'/>
<use f='linux-5.3.1/net/core/neighbour.c' l='1660' u='a' c='neigh_parms_release'/>
<use f='linux-5.3.1/net/core/neighbour.c' l='1713' u='a' c='neigh_table_init'/>
<use f='linux-5.3.1/net/core/neighbour.c' l='1843' u='a' c='neigh_delete'/>
<use f='linux-5.3.1/net/core/neighbour.c' l='1846' u='a' c='neigh_delete'/>
<use f='linux-5.3.1/net/core/neighbour.c' l='2042' u='a' c='neightbl_fill_info'/>
<use f='linux-5.3.1/net/core/neighbour.c' l='2109' u='a' c='neightbl_fill_info'/>
<use f='linux-5.3.1/net/core/neighbour.c' l='2114' u='a' c='neightbl_fill_info'/>
<use f='linux-5.3.1/net/core/neighbour.c' l='2134' u='a' c='neightbl_fill_param_info'/>
<use f='linux-5.3.1/net/core/neighbour.c' l='2143' u='a' c='neightbl_fill_param_info'/>
<use f='linux-5.3.1/net/core/neighbour.c' l='2147' u='a' c='neightbl_fill_param_info'/>
<use f='linux-5.3.1/net/core/neighbour.c' l='2219' u='a' c='neightbl_set'/>
<use f='linux-5.3.1/net/core/neighbour.c' l='2335' u='a' c='neightbl_set'/>
<use f='linux-5.3.1/net/core/neighbour.c' l='2608' u='a' c='pneigh_dump_table'/>
<use f='linux-5.3.1/net/core/neighbour.c' l='2622' u='a' c='pneigh_dump_table'/>
<use f='linux-5.3.1/net/core/neighbour.c' l='2631' u='a' c='pneigh_dump_table'/>
<use f='linux-5.3.1/net/core/neighbour.c' l='2935' u='a' c='neigh_for_each'/>
<use f='linux-5.3.1/net/core/neighbour.c' l='2944' u='a' c='neigh_for_each'/>
<use f='linux-5.3.1/net/core/neighbour.c' l='3221' u='a' c='neigh_seq_start'/>
<use f='linux-5.3.1/net/core/neighbour.c' l='3261' u='a' c='neigh_seq_stop'/>
<use f='linux-5.3.1/net/ipv4/arp.c' l='1124' u='a' c='arp_invalidate'/>
<use f='linux-5.3.1/net/ipv4/arp.c' l='1127' u='a' c='arp_invalidate'/>
<use f='linux-5.3.1/net/ipv6/ndisc.c' l='748' u='a' c='pndisc_is_router'/>
<use f='linux-5.3.1/net/ipv6/ndisc.c' l='752' u='a' c='pndisc_is_router'/>
