<dec f='linux-5.3.1/fs/nfs/direct.c' l='85' type='spinlock_t'/>
<use f='linux-5.3.1/fs/nfs/direct.c' l='323' u='a' c='nfs_direct_req_alloc'/>
<use f='linux-5.3.1/fs/nfs/direct.c' l='323' u='a' c='nfs_direct_req_alloc'/>
<use f='linux-5.3.1/fs/nfs/direct.c' l='404' u='a' c='nfs_direct_read_completion'/>
<use f='linux-5.3.1/fs/nfs/direct.c' l='409' u='a' c='nfs_direct_read_completion'/>
<use f='linux-5.3.1/fs/nfs/direct.c' l='419' u='a' c='nfs_direct_read_completion'/>
<use f='linux-5.3.1/fs/nfs/direct.c' l='736' u='a' c='nfs_direct_resched_write'/>
<use f='linux-5.3.1/fs/nfs/direct.c' l='738' u='a' c='nfs_direct_resched_write'/>
<use f='linux-5.3.1/fs/nfs/direct.c' l='793' u='a' c='nfs_direct_write_completion'/>
<use f='linux-5.3.1/fs/nfs/direct.c' l='799' u='a' c='nfs_direct_write_completion'/>
<use f='linux-5.3.1/fs/nfs/direct.c' l='820' u='a' c='nfs_direct_write_completion'/>
<use f='linux-5.3.1/fs/nfs/direct.c' l='855' u='a' c='nfs_direct_write_reschedule_io'/>
<use f='linux-5.3.1/fs/nfs/direct.c' l='862' u='a' c='nfs_direct_write_reschedule_io'/>
<offset>352</offset>
<doc f='linux-5.3.1/fs/nfs/direct.c' l='85'>/* protect completion state */</doc>
