<dec f='linux-5.3.1/fs/nfs/nfs4_fs.h' l='83' type='spinlock_t'/>
<offset>160</offset>
<doc f='linux-5.3.1/fs/nfs/nfs4_fs.h' l='83'>/* Protects the list */</doc>
<use f='linux-5.3.1/fs/nfs/nfs4state.c' l='474' u='a' c='nfs4_init_seqid_counter'/>
<use f='linux-5.3.1/fs/nfs/nfs4state.c' l='474' u='a' c='nfs4_init_seqid_counter'/>
<use f='linux-5.3.1/fs/nfs/nfs4state.c' l='1109' u='a' c='nfs_release_seqid'/>
<use f='linux-5.3.1/fs/nfs/nfs4state.c' l='1118' u='a' c='nfs_release_seqid'/>
<use f='linux-5.3.1/fs/nfs/nfs4state.c' l='1194' u='a' c='nfs_wait_on_sequence'/>
<use f='linux-5.3.1/fs/nfs/nfs4state.c' l='1203' u='a' c='nfs_wait_on_sequence'/>
