<dec f='linux-5.3.1/fs/nfs/delegation.h' l='25' type='spinlock_t'/>
<offset>640</offset>
<use f='linux-5.3.1/fs/nfs/delegation.c' l='191' u='a' c='nfs_inode_reclaim_delegation'/>
<use f='linux-5.3.1/fs/nfs/delegation.c' l='200' u='a' c='nfs_inode_reclaim_delegation'/>
<use f='linux-5.3.1/fs/nfs/delegation.c' l='207' u='a' c='nfs_inode_reclaim_delegation'/>
<use f='linux-5.3.1/fs/nfs/delegation.c' l='230' u='a' c='nfs_delegation_grab_inode'/>
<use f='linux-5.3.1/fs/nfs/delegation.c' l='235' u='a' c='nfs_delegation_grab_inode'/>
<use f='linux-5.3.1/fs/nfs/delegation.c' l='247' u='a' c='nfs_start_delegation_return_locked'/>
<use f='linux-5.3.1/fs/nfs/delegation.c' l='250' u='a' c='nfs_start_delegation_return_locked'/>
<use f='linux-5.3.1/fs/nfs/delegation.c' l='271' u='a' c='nfs_abort_delegation_return'/>
<use f='linux-5.3.1/fs/nfs/delegation.c' l='274' u='a' c='nfs_abort_delegation_return'/>
<use f='linux-5.3.1/fs/nfs/delegation.c' l='290' u='a' c='nfs_detach_delegation_locked'/>
<use f='linux-5.3.1/fs/nfs/delegation.c' l='295' u='a' c='nfs_detach_delegation_locked'/>
<use f='linux-5.3.1/fs/nfs/delegation.c' l='367' u='a' c='nfs_inode_set_delegation'/>
<use f='linux-5.3.1/fs/nfs/delegation.c' l='367' u='a' c='nfs_inode_set_delegation'/>
<use f='linux-5.3.1/fs/nfs/delegation.c' l='469' u='a' c='nfs_delegation_need_return'/>
<use f='linux-5.3.1/fs/nfs/delegation.c' l='473' u='a' c='nfs_delegation_need_return'/>
<use f='linux-5.3.1/fs/nfs/delegation.c' l='857' u='a' c='nfs_delegation_find_inode_server'/>
<use f='linux-5.3.1/fs/nfs/delegation.c' l='863' u='a' c='nfs_delegation_find_inode_server'/>
<use f='linux-5.3.1/fs/nfs/delegation.c' l='873' u='a' c='nfs_delegation_find_inode_server'/>
<use f='linux-5.3.1/fs/nfs/nfs4proc.c' l='1741' u='a' c='update_open_stateid'/>
<use f='linux-5.3.1/fs/nfs/nfs4proc.c' l='1756' u='a' c='update_open_stateid'/>
