<dec f='linux-5.3.1/include/linux/lockd/xdr.h' l='64' type='struct nlm_lock'/>
<use f='linux-5.3.1/fs/lockd/clnt4xdr.c' l='364' u='a' c='nlm4_xdr_enc_testargs'/>
<use f='linux-5.3.1/fs/lockd/clnt4xdr.c' l='386' u='a' c='nlm4_xdr_enc_lockargs'/>
<use f='linux-5.3.1/fs/lockd/clnt4xdr.c' l='409' u='a' c='nlm4_xdr_enc_cancargs'/>
<use f='linux-5.3.1/fs/lockd/clnt4xdr.c' l='428' u='a' c='nlm4_xdr_enc_unlockargs'/>
<offset>320</offset>
<use f='linux-5.3.1/fs/lockd/clntproc.c' l='129' u='a' c='nlmclnt_setlockargs'/>
<use f='linux-5.3.1/fs/lockd/clntproc.c' l='147' u='m' c='nlmclnt_release_lockargs'/>
<use f='linux-5.3.1/fs/lockd/clntproc.c' l='210' u='m' c='nlm_alloc_call'/>
<use f='linux-5.3.1/fs/lockd/clntproc.c' l='626' u='m' c='nlmclnt_reclaim'/>
<use f='linux-5.3.1/fs/lockd/clntxdr.c' l='357' u='a' c='nlm_xdr_enc_testargs'/>
<use f='linux-5.3.1/fs/lockd/clntxdr.c' l='379' u='a' c='nlm_xdr_enc_lockargs'/>
<use f='linux-5.3.1/fs/lockd/clntxdr.c' l='402' u='a' c='nlm_xdr_enc_cancargs'/>
<use f='linux-5.3.1/fs/lockd/clntxdr.c' l='421' u='a' c='nlm_xdr_enc_unlockargs'/>
<use f='linux-5.3.1/fs/lockd/svc4proc.c' l='28' u='a' c='nlm4svc_retrieve_args'/>
<use f='linux-5.3.1/fs/lockd/svc4proc.c' l='97' u='a' c='__nlm4svc_proc_test'/>
<use f='linux-5.3.1/fs/lockd/svc4proc.c' l='103' u='a' c='__nlm4svc_proc_test'/>
<use f='linux-5.3.1/fs/lockd/svc4proc.c' l='144' u='a' c='__nlm4svc_proc_lock'/>
<use f='linux-5.3.1/fs/lockd/svc4proc.c' l='152' u='a' c='__nlm4svc_proc_lock'/>
<use f='linux-5.3.1/fs/lockd/svc4proc.c' l='186' u='a' c='__nlm4svc_proc_cancel'/>
<use f='linux-5.3.1/fs/lockd/svc4proc.c' l='189' u='a' c='__nlm4svc_proc_cancel'/>
<use f='linux-5.3.1/fs/lockd/svc4proc.c' l='226' u='a' c='__nlm4svc_proc_unlock'/>
<use f='linux-5.3.1/fs/lockd/svc4proc.c' l='229' u='a' c='__nlm4svc_proc_unlock'/>
<use f='linux-5.3.1/fs/lockd/svc4proc.c' l='253' u='a' c='__nlm4svc_proc_granted'/>
<use f='linux-5.3.1/fs/lockd/svc4proc.c' l='297' u='m' c='nlm4svc_callback'/>
<use f='linux-5.3.1/fs/lockd/svc4proc.c' l='298' u='m' c='nlm4svc_callback'/>
<use f='linux-5.3.1/fs/lockd/svc4proc.c' l='378' u='a' c='nlm4svc_proc_share'/>
<use f='linux-5.3.1/fs/lockd/svc4proc.c' l='413' u='a' c='nlm4svc_proc_unshare'/>
<use f='linux-5.3.1/fs/lockd/svclock.c' l='155' u='m' c='nlmsvc_lookup_block'/>
<use f='linux-5.3.1/fs/lockd/svclock.c' l='239' u='m' c='nlmsvc_create_block'/>
<use f='linux-5.3.1/fs/lockd/svclock.c' l='240' u='m' c='nlmsvc_create_block'/>
<use f='linux-5.3.1/fs/lockd/svclock.c' l='279' u='m' c='nlmsvc_unlink_block'/>
<use f='linux-5.3.1/fs/lockd/svclock.c' l='428' u='m' c='nlmsvc_setgrantargs'/>
<use f='linux-5.3.1/fs/lockd/svclock.c' l='429' u='m' c='nlmsvc_setgrantargs'/>
<use f='linux-5.3.1/fs/lockd/svclock.c' l='429' u='m' c='nlmsvc_setgrantargs'/>
<use f='linux-5.3.1/fs/lockd/svclock.c' l='430' u='m' c='nlmsvc_setgrantargs'/>
<use f='linux-5.3.1/fs/lockd/svclock.c' l='431' u='m' c='nlmsvc_setgrantargs'/>
<use f='linux-5.3.1/fs/lockd/svclock.c' l='434' u='m' c='nlmsvc_setgrantargs'/>
<use f='linux-5.3.1/fs/lockd/svclock.c' l='435' u='m' c='nlmsvc_setgrantargs'/>
<use f='linux-5.3.1/fs/lockd/svclock.c' l='441' u='m' c='nlmsvc_setgrantargs'/>
<use f='linux-5.3.1/fs/lockd/svclock.c' l='444' u='m' c='nlmsvc_setgrantargs'/>
<use f='linux-5.3.1/fs/lockd/svclock.c' l='450' u='m' c='nlmsvc_freegrantargs'/>
<use f='linux-5.3.1/fs/lockd/svclock.c' l='451' u='m' c='nlmsvc_freegrantargs'/>
<use f='linux-5.3.1/fs/lockd/svclock.c' l='453' u='m' c='nlmsvc_freegrantargs'/>
<use f='linux-5.3.1/fs/lockd/svclock.c' l='513' u='a' c='nlmsvc_lock'/>
<use f='linux-5.3.1/fs/lockd/svclock.c' l='708' u='m' c='nlmsvc_cancel_blocked'/>
<use f='linux-5.3.1/fs/lockd/svclock.c' l='741' u='m' c='nlmsvc_grant_deferred'/>
<use f='linux-5.3.1/fs/lockd/svclock.c' l='780' u='m' c='nlmsvc_notify_blocked'/>
<use f='linux-5.3.1/fs/lockd/svclock.c' l='811' u='a' c='nlmsvc_grant_blocked'/>
<use f='linux-5.3.1/fs/lockd/svcproc.c' l='57' u='a' c='nlmsvc_retrieve_args'/>
<use f='linux-5.3.1/fs/lockd/svcproc.c' l='127' u='a' c='__nlmsvc_proc_test'/>
<use f='linux-5.3.1/fs/lockd/svcproc.c' l='134' u='a' c='__nlmsvc_proc_test'/>
<use f='linux-5.3.1/fs/lockd/svcproc.c' l='175' u='a' c='__nlmsvc_proc_lock'/>
<use f='linux-5.3.1/fs/lockd/svcproc.c' l='183' u='a' c='__nlmsvc_proc_lock'/>
<use f='linux-5.3.1/fs/lockd/svcproc.c' l='218' u='a' c='__nlmsvc_proc_cancel'/>
<use f='linux-5.3.1/fs/lockd/svcproc.c' l='221' u='a' c='__nlmsvc_proc_cancel'/>
<use f='linux-5.3.1/fs/lockd/svcproc.c' l='259' u='a' c='__nlmsvc_proc_unlock'/>
<use f='linux-5.3.1/fs/lockd/svcproc.c' l='262' u='a' c='__nlmsvc_proc_unlock'/>
<use f='linux-5.3.1/fs/lockd/svcproc.c' l='286' u='a' c='__nlmsvc_proc_granted'/>
<use f='linux-5.3.1/fs/lockd/svcproc.c' l='338' u='m' c='nlmsvc_callback'/>
<use f='linux-5.3.1/fs/lockd/svcproc.c' l='339' u='m' c='nlmsvc_callback'/>
<use f='linux-5.3.1/fs/lockd/svcproc.c' l='421' u='a' c='nlmsvc_proc_share'/>
<use f='linux-5.3.1/fs/lockd/svcproc.c' l='456' u='a' c='nlmsvc_proc_unshare'/>
<use f='linux-5.3.1/fs/lockd/svcshare.c' l='32' u='m' c='nlmsvc_share_file'/>
<use f='linux-5.3.1/fs/lockd/svcshare.c' l='73' u='m' c='nlmsvc_unshare_file'/>
<use f='linux-5.3.1/fs/lockd/xdr.c' l='193' u='a' c='nlmsvc_decode_testargs'/>
<use f='linux-5.3.1/fs/lockd/xdr.c' l='196' u='m' c='nlmsvc_decode_testargs'/>
<use f='linux-5.3.1/fs/lockd/xdr.c' l='221' u='a' c='nlmsvc_decode_lockargs'/>
<use f='linux-5.3.1/fs/lockd/xdr.c' l='224' u='m' c='nlmsvc_decode_lockargs'/>
<use f='linux-5.3.1/fs/lockd/xdr.c' l='242' u='a' c='nlmsvc_decode_cancargs'/>
<use f='linux-5.3.1/fs/lockd/xdr.c' l='245' u='m' c='nlmsvc_decode_cancargs'/>
<use f='linux-5.3.1/fs/lockd/xdr.c' l='255' u='a' c='nlmsvc_decode_unlockargs'/>
<use f='linux-5.3.1/fs/lockd/xdr.c' l='257' u='m' c='nlmsvc_decode_unlockargs'/>
<use f='linux-5.3.1/fs/lockd/xdr.c' l='265' u='a' c='nlmsvc_decode_shareargs'/>
<use f='linux-5.3.1/fs/lockd/xdr.c' l='309' u='a' c='nlmsvc_decode_notify'/>
<use f='linux-5.3.1/fs/lockd/xdr4.c' l='190' u='a' c='nlm4svc_decode_testargs'/>
<use f='linux-5.3.1/fs/lockd/xdr4.c' l='193' u='m' c='nlm4svc_decode_testargs'/>
<use f='linux-5.3.1/fs/lockd/xdr4.c' l='218' u='a' c='nlm4svc_decode_lockargs'/>
<use f='linux-5.3.1/fs/lockd/xdr4.c' l='221' u='m' c='nlm4svc_decode_lockargs'/>
<use f='linux-5.3.1/fs/lockd/xdr4.c' l='239' u='a' c='nlm4svc_decode_cancargs'/>
<use f='linux-5.3.1/fs/lockd/xdr4.c' l='242' u='m' c='nlm4svc_decode_cancargs'/>
<use f='linux-5.3.1/fs/lockd/xdr4.c' l='252' u='a' c='nlm4svc_decode_unlockargs'/>
<use f='linux-5.3.1/fs/lockd/xdr4.c' l='254' u='m' c='nlm4svc_decode_unlockargs'/>
<use f='linux-5.3.1/fs/lockd/xdr4.c' l='262' u='a' c='nlm4svc_decode_shareargs'/>
<use f='linux-5.3.1/fs/lockd/xdr4.c' l='306' u='a' c='nlm4svc_decode_notify'/>
