<dec f='linux-5.3.1/include/linux/lockd/xdr.h' l='81' type='struct nlm_lock'/>
<use f='linux-5.3.1/fs/lockd/clnt4xdr.c' l='242' u='a' c='encode_nlm4_holder'/>
<use f='linux-5.3.1/fs/lockd/clnt4xdr.c' l='258' u='a' c='decode_nlm4_holder'/>
<offset>320</offset>
<use f='linux-5.3.1/fs/lockd/clntproc.c' l='211' u='m' c='nlm_alloc_call'/>
<use f='linux-5.3.1/fs/lockd/clntproc.c' l='444' u='m' c='nlmclnt_test'/>
<use f='linux-5.3.1/fs/lockd/clntproc.c' l='445' u='m' c='nlmclnt_test'/>
<use f='linux-5.3.1/fs/lockd/clntproc.c' l='446' u='m' c='nlmclnt_test'/>
<use f='linux-5.3.1/fs/lockd/clntproc.c' l='447' u='m' c='nlmclnt_test'/>
<use f='linux-5.3.1/fs/lockd/clntproc.c' l='627' u='m' c='nlmclnt_reclaim'/>
<use f='linux-5.3.1/fs/lockd/clntxdr.c' l='237' u='a' c='encode_nlm_holder'/>
<use f='linux-5.3.1/fs/lockd/clntxdr.c' l='253' u='a' c='decode_nlm_holder'/>
<use f='linux-5.3.1/fs/lockd/svc4proc.c' l='97' u='a' c='__nlm4svc_proc_test'/>
<use f='linux-5.3.1/fs/lockd/svcproc.c' l='127' u='a' c='__nlmsvc_proc_test'/>
<use f='linux-5.3.1/fs/lockd/xdr.c' l='157' u='m' c='nlm_encode_testres'/>
<use f='linux-5.3.1/fs/lockd/xdr.c' l='160' u='m' c='nlm_encode_testres'/>
<use f='linux-5.3.1/fs/lockd/xdr.c' l='160' u='m' c='nlm_encode_testres'/>
<use f='linux-5.3.1/fs/lockd/xdr.c' l='160' u='m' c='nlm_encode_testres'/>
<use f='linux-5.3.1/fs/lockd/xdr.c' l='160' u='m' c='nlm_encode_testres'/>
<use f='linux-5.3.1/fs/lockd/xdr.c' l='160' u='m' c='nlm_encode_testres'/>
<use f='linux-5.3.1/fs/lockd/xdr.c' l='160' u='m' c='nlm_encode_testres'/>
<use f='linux-5.3.1/fs/lockd/xdr.c' l='163' u='m' c='nlm_encode_testres'/>
<use f='linux-5.3.1/fs/lockd/xdr4.c' l='150' u='m' c='nlm4_encode_testres'/>
<use f='linux-5.3.1/fs/lockd/xdr4.c' l='153' u='m' c='nlm4_encode_testres'/>
<use f='linux-5.3.1/fs/lockd/xdr4.c' l='153' u='m' c='nlm4_encode_testres'/>
<use f='linux-5.3.1/fs/lockd/xdr4.c' l='153' u='m' c='nlm4_encode_testres'/>
<use f='linux-5.3.1/fs/lockd/xdr4.c' l='153' u='m' c='nlm4_encode_testres'/>
<use f='linux-5.3.1/fs/lockd/xdr4.c' l='153' u='m' c='nlm4_encode_testres'/>
<use f='linux-5.3.1/fs/lockd/xdr4.c' l='153' u='m' c='nlm4_encode_testres'/>
<use f='linux-5.3.1/fs/lockd/xdr4.c' l='156' u='m' c='nlm4_encode_testres'/>
