<dec f='linux-5.3.1/drivers/usb/host/ohci.h' l='363' type='spinlock_t'/>
<use f='linux-5.3.1/drivers/usb/host/ohci-hub.c' l='87' u='a' c='ohci_rh_suspend'/>
<use f='linux-5.3.1/drivers/usb/host/ohci-hub.c' l='89' u='a' c='ohci_rh_suspend'/>
<use f='linux-5.3.1/drivers/usb/host/ohci-hub.c' l='197' u='a' c='ohci_rh_resume'/>
<use f='linux-5.3.1/drivers/usb/host/ohci-hub.c' l='202' u='a' c='ohci_rh_resume'/>
<use f='linux-5.3.1/drivers/usb/host/ohci-hub.c' l='210' u='a' c='ohci_rh_resume'/>
<use f='linux-5.3.1/drivers/usb/host/ohci-hub.c' l='219' u='a' c='ohci_rh_resume'/>
<use f='linux-5.3.1/drivers/usb/host/ohci-hub.c' l='261' u='a' c='ohci_rh_resume'/>
<use f='linux-5.3.1/drivers/usb/host/ohci-hub.c' l='306' u='a' c='ohci_bus_suspend'/>
<use f='linux-5.3.1/drivers/usb/host/ohci-hub.c' l='312' u='a' c='ohci_bus_suspend'/>
<use f='linux-5.3.1/drivers/usb/host/ohci-hub.c' l='329' u='a' c='ohci_bus_resume'/>
<use f='linux-5.3.1/drivers/usb/host/ohci-hub.c' l='335' u='a' c='ohci_bus_resume'/>
<use f='linux-5.3.1/drivers/usb/host/ohci-hub.c' l='473' u='a' c='ohci_hub_status_data'/>
<use f='linux-5.3.1/drivers/usb/host/ohci-hub.c' l='526' u='a' c='ohci_hub_status_data'/>
<use f='linux-5.3.1/drivers/usb/host/ohci-dbg.c' l='475' u='a' c='fill_async_buffer'/>
<use f='linux-5.3.1/drivers/usb/host/ohci-dbg.c' l='479' u='a' c='fill_async_buffer'/>
<use f='linux-5.3.1/drivers/usb/host/ohci-dbg.c' l='509' u='a' c='fill_periodic_buffer'/>
<use f='linux-5.3.1/drivers/usb/host/ohci-dbg.c' l='574' u='a' c='fill_periodic_buffer'/>
<use f='linux-5.3.1/drivers/usb/host/ohci-dbg.c' l='597' u='a' c='fill_registers_buffer'/>
<use f='linux-5.3.1/drivers/usb/host/ohci-dbg.c' l='660' u='a' c='fill_registers_buffer'/>
<use f='linux-5.3.1/drivers/usb/host/ohci-mem.c' l='30' u='a' c='ohci_hcd_init'/>
<use f='linux-5.3.1/drivers/usb/host/ohci-mem.c' l='30' u='a' c='ohci_hcd_init'/>
<use f='linux-5.3.1/drivers/usb/host/ohci-q.c' l='74' u='a' c='finish_urb'/>
<use f='linux-5.3.1/drivers/usb/host/ohci-q.c' l='76' u='a' c='finish_urb'/>
<use f='linux-5.3.1/drivers/usb/host/ohci-q.c' l='410' u='a' c='ed_get'/>
<use f='linux-5.3.1/drivers/usb/host/ohci-q.c' l='472' u='a' c='ed_get'/>
<use f='linux-5.3.1/drivers/usb/host/ohci-hcd.c' l='212' u='a' c='ohci_urb_enqueue'/>
<use f='linux-5.3.1/drivers/usb/host/ohci-hcd.c' l='305' u='a' c='ohci_urb_enqueue'/>
<use f='linux-5.3.1/drivers/usb/host/ohci-hcd.c' l='322' u='a' c='ohci_urb_dequeue'/>
<use f='linux-5.3.1/drivers/usb/host/ohci-hcd.c' l='339' u='a' c='ohci_urb_dequeue'/>
<use f='linux-5.3.1/drivers/usb/host/ohci-hcd.c' l='364' u='a' c='ohci_endpoint_disable'/>
<use f='linux-5.3.1/drivers/usb/host/ohci-hcd.c' l='379' u='a' c='ohci_endpoint_disable'/>
<use f='linux-5.3.1/drivers/usb/host/ohci-hcd.c' l='400' u='a' c='ohci_endpoint_disable'/>
<use f='linux-5.3.1/drivers/usb/host/ohci-hcd.c' l='443' u='a' c='ohci_shutdown'/>
<use f='linux-5.3.1/drivers/usb/host/ohci-hcd.c' l='445' u='a' c='ohci_shutdown'/>
<use f='linux-5.3.1/drivers/usb/host/ohci-hcd.c' l='599' u='a' c='ohci_run'/>
<use f='linux-5.3.1/drivers/usb/host/ohci-hcd.c' l='607' u='a' c='ohci_run'/>
<use f='linux-5.3.1/drivers/usb/host/ohci-hcd.c' l='649' u='a' c='ohci_run'/>
<use f='linux-5.3.1/drivers/usb/host/ohci-hcd.c' l='697' u='a' c='ohci_run'/>
<use f='linux-5.3.1/drivers/usb/host/ohci-hcd.c' l='756' u='a' c='io_watchdog_func'/>
<use f='linux-5.3.1/drivers/usb/host/ohci-hcd.c' l='869' u='a' c='io_watchdog_func'/>
<use f='linux-5.3.1/drivers/usb/host/ohci-hcd.c' l='951' u='a' c='ohci_irq'/>
<use f='linux-5.3.1/drivers/usb/host/ohci-hcd.c' l='953' u='a' c='ohci_irq'/>
<use f='linux-5.3.1/drivers/usb/host/ohci-hcd.c' l='958' u='a' c='ohci_irq'/>
<use f='linux-5.3.1/drivers/usb/host/ohci-hcd.c' l='981' u='a' c='ohci_irq'/>
<use f='linux-5.3.1/drivers/usb/host/ohci-hcd.c' l='1035' u='a' c='ohci_restart'/>
<use f='linux-5.3.1/drivers/usb/host/ohci-hcd.c' l='1066' u='a' c='ohci_restart'/>
<use f='linux-5.3.1/drivers/usb/host/ohci-hcd.c' l='1104' u='a' c='ohci_suspend'/>
<use f='linux-5.3.1/drivers/usb/host/ohci-hcd.c' l='1109' u='a' c='ohci_suspend'/>
<use f='linux-5.3.1/drivers/usb/host/ohci-hcd.c' l='1148' u='a' c='ohci_resume'/>
<use f='linux-5.3.1/drivers/usb/host/ohci-hcd.c' l='1151' u='a' c='ohci_resume'/>
<offset>0</offset>
