<dec f='linux-5.3.1/include/pcmcia/ds.h' l='42' type='struct mutex'/>
<offset>0</offset>
<use f='linux-5.3.1/drivers/pcmcia/ds.c' l='123' u='a' c='new_id_store'/>
<use f='linux-5.3.1/drivers/pcmcia/ds.c' l='125' u='a' c='new_id_store'/>
<use f='linux-5.3.1/drivers/pcmcia/ds.c' l='140' u='a' c='pcmcia_free_dynids'/>
<use f='linux-5.3.1/drivers/pcmcia/ds.c' l='145' u='a' c='pcmcia_free_dynids'/>
<use f='linux-5.3.1/drivers/pcmcia/ds.c' l='182' u='a' c='pcmcia_register_driver'/>
<use f='linux-5.3.1/drivers/pcmcia/ds.c' l='912' u='a' c='pcmcia_bus_match'/>
<use f='linux-5.3.1/drivers/pcmcia/ds.c' l='917' u='a' c='pcmcia_bus_match'/>
<use f='linux-5.3.1/drivers/pcmcia/ds.c' l='921' u='a' c='pcmcia_bus_match'/>
