<dec f='linux-5.3.1/include/linux/percpu_counter.h' l='21' type='raw_spinlock_t'/>
<offset>0</offset>
<use f='linux-5.3.1/lib/percpu_counter.c' l='65' u='a' c='percpu_counter_set'/>
<use f='linux-5.3.1/lib/percpu_counter.c' l='71' u='a' c='percpu_counter_set'/>
<use f='linux-5.3.1/lib/percpu_counter.c' l='90' u='a' c='percpu_counter_add_batch'/>
<use f='linux-5.3.1/lib/percpu_counter.c' l='93' u='a' c='percpu_counter_add_batch'/>
<use f='linux-5.3.1/lib/percpu_counter.c' l='111' u='a' c='__percpu_counter_sum'/>
<use f='linux-5.3.1/lib/percpu_counter.c' l='117' u='a' c='__percpu_counter_sum'/>
<use f='linux-5.3.1/lib/percpu_counter.c' l='127' u='a' c='__percpu_counter_init'/>
<use f='linux-5.3.1/lib/percpu_counter.c' l='187' u='a' c='percpu_counter_cpu_dead'/>
<use f='linux-5.3.1/lib/percpu_counter.c' l='191' u='a' c='percpu_counter_cpu_dead'/>
