<dec f='linux-5.3.1/include/linux/perf_event.h' l='496' type='raw_spinlock_t'/>
<offset>128</offset>
<use f='linux-5.3.1/kernel/events/core.c' l='2841' u='a' c='perf_event_addr_filters_sync'/>
<use f='linux-5.3.1/kernel/events/core.c' l='2846' u='a' c='perf_event_addr_filters_sync'/>
<use f='linux-5.3.1/kernel/events/core.c' l='6767' u='a' c='perf_event_addr_filters_exec'/>
<use f='linux-5.3.1/kernel/events/core.c' l='6780' u='a' c='perf_event_addr_filters_exec'/>
<use f='linux-5.3.1/kernel/events/core.c' l='7489' u='a' c='__perf_addr_filters_adjust'/>
<use f='linux-5.3.1/kernel/events/core.c' l='7500' u='a' c='__perf_addr_filters_adjust'/>
<use f='linux-5.3.1/kernel/events/core.c' l='9067' u='a' c='perf_addr_filters_splice'/>
<use f='linux-5.3.1/kernel/events/core.c' l='9073' u='a' c='perf_addr_filters_splice'/>
<use f='linux-5.3.1/kernel/events/core.c' l='9126' u='a' c='perf_event_addr_filters_apply'/>
<use f='linux-5.3.1/kernel/events/core.c' l='9146' u='a' c='perf_event_addr_filters_apply'/>
<use f='linux-5.3.1/kernel/events/core.c' l='10335' u='a' c='perf_event_alloc'/>
<use f='linux-5.3.1/kernel/events/core.c' l='10449' u='a' c='perf_event_alloc'/>
<use f='linux-5.3.1/kernel/events/core.c' l='10453' u='a' c='perf_event_alloc'/>
