<dec f='linux-5.3.1/include/linux/perf_event.h' l='552' type='raw_spinlock_t'/>
<offset>0</offset>
<use f='linux-5.3.1/kernel/events/core.c' l='4241' u='a' c='detach_sb_event'/>
<use f='linux-5.3.1/kernel/events/core.c' l='4243' u='a' c='detach_sb_event'/>
<use f='linux-5.3.1/kernel/events/core.c' l='10172' u='a' c='attach_sb_event'/>
<use f='linux-5.3.1/kernel/events/core.c' l='10174' u='a' c='attach_sb_event'/>
<use f='linux-5.3.1/kernel/events/core.c' l='11983' u='a' c='perf_event_init_all_cpus'/>
<use f='linux-5.3.1/kernel/events/core.c' l='11983' u='a' c='perf_event_init_all_cpus'/>
<use f='linux-5.3.1/kernel/events/core.c' l='11983' u='a' c='perf_event_init_all_cpus'/>
<use f='linux-5.3.1/kernel/events/core.c' l='11983' u='a' c='perf_event_init_all_cpus'/>
<use f='linux-5.3.1/kernel/events/core.c' l='11983' u='a' c='perf_event_init_all_cpus'/>
