<dec f='linux-5.3.1/include/linux/pps_kernel.h' l='62' type='spinlock_t'/>
<offset>2752</offset>
<use f='linux-5.3.1/drivers/pps/kapi.c' l='105' u='a' c='pps_register_source'/>
<use f='linux-5.3.1/drivers/pps/kapi.c' l='105' u='a' c='pps_register_source'/>
<use f='linux-5.3.1/drivers/pps/kapi.c' l='174' u='a' c='pps_event'/>
<use f='linux-5.3.1/drivers/pps/kapi.c' l='221' u='a' c='pps_event'/>
<use f='linux-5.3.1/drivers/pps/pps.c' l='103' u='a' c='pps_cdev_ioctl'/>
<use f='linux-5.3.1/drivers/pps/pps.c' l='108' u='a' c='pps_cdev_ioctl'/>
<use f='linux-5.3.1/drivers/pps/pps.c' l='139' u='a' c='pps_cdev_ioctl'/>
<use f='linux-5.3.1/drivers/pps/pps.c' l='163' u='a' c='pps_cdev_ioctl'/>
<use f='linux-5.3.1/drivers/pps/pps.c' l='190' u='a' c='pps_cdev_ioctl'/>
<use f='linux-5.3.1/drivers/pps/pps.c' l='198' u='a' c='pps_cdev_ioctl'/>
<use f='linux-5.3.1/drivers/pps/pps.c' l='276' u='a' c='pps_cdev_compat_ioctl'/>
<use f='linux-5.3.1/drivers/pps/pps.c' l='287' u='a' c='pps_cdev_compat_ioctl'/>
