<dec f='linux-5.3.1/arch/x86/events/intel/pt.h' l='121' type='struct pt_filters'/>
<use f='linux-5.3.1/arch/x86/events/intel/pt.c' l='453' u='m' c='pt_config_filters'/>
<use f='linux-5.3.1/arch/x86/events/intel/pt.c' l='455' u='m' c='pt_config_filters'/>
<use f='linux-5.3.1/arch/x86/events/intel/pt.c' l='458' u='m' c='pt_config_filters'/>
<use f='linux-5.3.1/arch/x86/events/intel/pt.c' l='460' u='m' c='pt_config_filters'/>
<offset>448</offset>
