<dec f='linux-5.3.1/include/net/sch_generic.h' l='54' type='spinlock_t'/>
<use f='linux-5.3.1/include/net/sch_generic.h' l='513' u='a' c='qdisc_lock'/>
<offset>160</offset>
<use f='linux-5.3.1/net/sched/sch_generic.c' l='558' u='w'/>
<use f='linux-5.3.1/net/sched/sch_generic.c' l='841' u='a' c='qdisc_alloc'/>
<use f='linux-5.3.1/net/sched/sch_generic.c' l='841' u='a' c='qdisc_alloc'/>
