<dec f='linux-5.3.1/include/linux/hugetlb.h' l='44' type='spinlock_t'/>
<offset>32</offset>
<use f='linux-5.3.1/mm/hugetlb.c' l='267' u='a' c='region_add'/>
<use f='linux-5.3.1/mm/hugetlb.c' l='330' u='a' c='region_add'/>
<use f='linux-5.3.1/mm/hugetlb.c' l='364' u='a' c='region_chg'/>
<use f='linux-5.3.1/mm/hugetlb.c' l='378' u='a' c='region_chg'/>
<use f='linux-5.3.1/mm/hugetlb.c' l='386' u='a' c='region_chg'/>
<use f='linux-5.3.1/mm/hugetlb.c' l='403' u='a' c='region_chg'/>
<use f='linux-5.3.1/mm/hugetlb.c' l='442' u='a' c='region_chg'/>
<use f='linux-5.3.1/mm/hugetlb.c' l='447' u='a' c='region_chg'/>
<use f='linux-5.3.1/mm/hugetlb.c' l='464' u='a' c='region_abort'/>
<use f='linux-5.3.1/mm/hugetlb.c' l='467' u='a' c='region_abort'/>
<use f='linux-5.3.1/mm/hugetlb.c' l='492' u='a' c='region_del'/>
<use f='linux-5.3.1/mm/hugetlb.c' l='522' u='a' c='region_del'/>
<use f='linux-5.3.1/mm/hugetlb.c' l='560' u='a' c='region_del'/>
<use f='linux-5.3.1/mm/hugetlb.c' l='597' u='a' c='region_count'/>
<use f='linux-5.3.1/mm/hugetlb.c' l='613' u='a' c='region_count'/>
<use f='linux-5.3.1/mm/hugetlb.c' l='710' u='a' c='resv_map_alloc'/>
<use f='linux-5.3.1/mm/hugetlb.c' l='710' u='a' c='resv_map_alloc'/>
