<dec f='linux-5.3.1/net/rfkill/core.c' l='38' type='spinlock_t'/>
<use f='linux-5.3.1/net/rfkill/core.c' l='264' u='a' c='rfkill_fill_event'/>
<use f='linux-5.3.1/net/rfkill/core.c' l='268' u='a' c='rfkill_fill_event'/>
<use f='linux-5.3.1/net/rfkill/core.c' l='325' u='a' c='rfkill_set_block'/>
<use f='linux-5.3.1/net/rfkill/core.c' l='339' u='a' c='rfkill_set_block'/>
<use f='linux-5.3.1/net/rfkill/core.c' l='343' u='a' c='rfkill_set_block'/>
<use f='linux-5.3.1/net/rfkill/core.c' l='358' u='a' c='rfkill_set_block'/>
<use f='linux-5.3.1/net/rfkill/core.c' l='532' u='a' c='rfkill_set_hw_state'/>
<use f='linux-5.3.1/net/rfkill/core.c' l='539' u='a' c='rfkill_set_hw_state'/>
<use f='linux-5.3.1/net/rfkill/core.c' l='572' u='a' c='rfkill_set_sw_state'/>
<use f='linux-5.3.1/net/rfkill/core.c' l='577' u='a' c='rfkill_set_sw_state'/>
<use f='linux-5.3.1/net/rfkill/core.c' l='599' u='a' c='rfkill_init_sw_state'/>
<use f='linux-5.3.1/net/rfkill/core.c' l='602' u='a' c='rfkill_init_sw_state'/>
<use f='linux-5.3.1/net/rfkill/core.c' l='613' u='a' c='rfkill_set_states'/>
<use f='linux-5.3.1/net/rfkill/core.c' l='627' u='a' c='rfkill_set_states'/>
<use f='linux-5.3.1/net/rfkill/core.c' l='824' u='a' c='rfkill_dev_uevent'/>
<use f='linux-5.3.1/net/rfkill/core.c' l='826' u='a' c='rfkill_dev_uevent'/>
<use f='linux-5.3.1/net/rfkill/core.c' l='910' u='a' c='rfkill_blocked'/>
<use f='linux-5.3.1/net/rfkill/core.c' l='912' u='a' c='rfkill_blocked'/>
<use f='linux-5.3.1/net/rfkill/core.c' l='944' u='a' c='rfkill_alloc'/>
<use f='linux-5.3.1/net/rfkill/core.c' l='944' u='a' c='rfkill_alloc'/>
<offset>0</offset>
