<dec f='linux-5.3.1/include/linux/rhashtable-types.h' l='89' type='spinlock_t'/>
<offset>1024</offset>
<use f='linux-5.3.1/lib/rhashtable.c' l='325' u='a' c='rhashtable_rehash_table'/>
<use f='linux-5.3.1/lib/rhashtable.c' l='337' u='a' c='rhashtable_rehash_table'/>
<use f='linux-5.3.1/lib/rhashtable.c' l='666' u='a' c='rhashtable_walk_enter'/>
<use f='linux-5.3.1/lib/rhashtable.c' l='670' u='a' c='rhashtable_walk_enter'/>
<use f='linux-5.3.1/lib/rhashtable.c' l='682' u='a' c='rhashtable_walk_exit'/>
<use f='linux-5.3.1/lib/rhashtable.c' l='685' u='a' c='rhashtable_walk_exit'/>
<use f='linux-5.3.1/lib/rhashtable.c' l='715' u='a' c='rhashtable_walk_start_check'/>
<use f='linux-5.3.1/lib/rhashtable.c' l='718' u='a' c='rhashtable_walk_start_check'/>
<use f='linux-5.3.1/lib/rhashtable.c' l='934' u='a' c='rhashtable_walk_stop'/>
<use f='linux-5.3.1/lib/rhashtable.c' l='940' u='a' c='rhashtable_walk_stop'/>
<use f='linux-5.3.1/lib/rhashtable.c' l='1020' u='a' c='rhashtable_init'/>
<use f='linux-5.3.1/lib/rhashtable.c' l='1020' u='a' c='rhashtable_init'/>
