<dec f='linux-5.3.1/include/linux/sunrpc/sched.h' l='195' type='spinlock_t'/>
<offset>0</offset>
<use f='linux-5.3.1/net/sunrpc/sched.c' l='256' u='a' c='__rpc_init_priority_wait_queue'/>
<use f='linux-5.3.1/net/sunrpc/sched.c' l='256' u='a' c='__rpc_init_priority_wait_queue'/>
<use f='linux-5.3.1/net/sunrpc/sched.c' l='437' u='a' c='rpc_sleep_on_timeout'/>
<use f='linux-5.3.1/net/sunrpc/sched.c' l='439' u='a' c='rpc_sleep_on_timeout'/>
<use f='linux-5.3.1/net/sunrpc/sched.c' l='455' u='a' c='rpc_sleep_on'/>
<use f='linux-5.3.1/net/sunrpc/sched.c' l='457' u='a' c='rpc_sleep_on'/>
<use f='linux-5.3.1/net/sunrpc/sched.c' l='471' u='a' c='rpc_sleep_on_priority_timeout'/>
<use f='linux-5.3.1/net/sunrpc/sched.c' l='473' u='a' c='rpc_sleep_on_priority_timeout'/>
<use f='linux-5.3.1/net/sunrpc/sched.c' l='488' u='a' c='rpc_sleep_on_priority'/>
<use f='linux-5.3.1/net/sunrpc/sched.c' l='490' u='a' c='rpc_sleep_on_priority'/>
<use f='linux-5.3.1/net/sunrpc/sched.c' l='568' u='a' c='rpc_wake_up_queued_task_on_wq'/>
<use f='linux-5.3.1/net/sunrpc/sched.c' l='570' u='a' c='rpc_wake_up_queued_task_on_wq'/>
<use f='linux-5.3.1/net/sunrpc/sched.c' l='580' u='a' c='rpc_wake_up_queued_task'/>
<use f='linux-5.3.1/net/sunrpc/sched.c' l='582' u='a' c='rpc_wake_up_queued_task'/>
<use f='linux-5.3.1/net/sunrpc/sched.c' l='615' u='a' c='rpc_wake_up_queued_task_set_status'/>
<use f='linux-5.3.1/net/sunrpc/sched.c' l='617' u='a' c='rpc_wake_up_queued_task_set_status'/>
<use f='linux-5.3.1/net/sunrpc/sched.c' l='680' u='a' c='rpc_wake_up_first_on_wq'/>
<use f='linux-5.3.1/net/sunrpc/sched.c' l='685' u='a' c='rpc_wake_up_first_on_wq'/>
<use f='linux-5.3.1/net/sunrpc/sched.c' l='724' u='a' c='rpc_wake_up'/>
<use f='linux-5.3.1/net/sunrpc/sched.c' l='738' u='a' c='rpc_wake_up'/>
<use f='linux-5.3.1/net/sunrpc/sched.c' l='753' u='a' c='rpc_wake_up_status'/>
<use f='linux-5.3.1/net/sunrpc/sched.c' l='768' u='a' c='rpc_wake_up_status'/>
<use f='linux-5.3.1/net/sunrpc/sched.c' l='780' u='a' c='__rpc_queue_timer_fn'/>
<use f='linux-5.3.1/net/sunrpc/sched.c' l='795' u='a' c='__rpc_queue_timer_fn'/>
<use f='linux-5.3.1/net/sunrpc/sched.c' l='946' u='a' c='__rpc_execute'/>
<use f='linux-5.3.1/net/sunrpc/sched.c' l='948' u='a' c='__rpc_execute'/>
<use f='linux-5.3.1/net/sunrpc/sched.c' l='952' u='a' c='__rpc_execute'/>
