<dec f='linux-5.3.1/kernel/sched/sched.h' l='845' type='raw_spinlock_t'/>
<use f='linux-5.3.1/kernel/sched/sched.h' l='1088' u='a' c='rq_clock'/>
<use f='linux-5.3.1/kernel/sched/sched.h' l='1096' u='a' c='rq_clock_task'/>
<use f='linux-5.3.1/kernel/sched/sched.h' l='1104' u='a' c='rq_clock_skip_update'/>
<use f='linux-5.3.1/kernel/sched/sched.h' l='1114' u='a' c='rq_clock_cancel_skipupdate'/>
<use f='linux-5.3.1/kernel/sched/sched.h' l='1148' u='a' c='rq_unpin_lock'/>
<use f='linux-5.3.1/kernel/sched/sched.h' l='1153' u='a' c='rq_repin_lock'/>
<use f='linux-5.3.1/kernel/sched/sched.h' l='1174' u='a' c='__task_rq_unlock'/>
<use f='linux-5.3.1/kernel/sched/sched.h' l='1183' u='a' c='task_rq_unlock'/>
<use f='linux-5.3.1/kernel/sched/sched.h' l='1191' u='a' c='rq_lock_irqsave'/>
<use f='linux-5.3.1/kernel/sched/sched.h' l='1199' u='a' c='rq_lock_irq'/>
<use f='linux-5.3.1/kernel/sched/sched.h' l='1207' u='a' c='rq_lock'/>
<use f='linux-5.3.1/kernel/sched/sched.h' l='1215' u='a' c='rq_relock'/>
<use f='linux-5.3.1/kernel/sched/sched.h' l='1224' u='a' c='rq_unlock_irqrestore'/>
<use f='linux-5.3.1/kernel/sched/sched.h' l='1232' u='a' c='rq_unlock_irq'/>
<use f='linux-5.3.1/kernel/sched/sched.h' l='1240' u='a' c='rq_unlock'/>
<use f='linux-5.3.1/kernel/sched/sched.h' l='1303' u='a' c='queue_balance_callback'/>
<use f='linux-5.3.1/kernel/sched/sched.h' l='1984' u='a' c='_double_lock_balance'/>
<use f='linux-5.3.1/kernel/sched/sched.h' l='1986' u='a' c='_double_lock_balance'/>
<use f='linux-5.3.1/kernel/sched/sched.h' l='1987' u='a' c='_double_lock_balance'/>
<use f='linux-5.3.1/kernel/sched/sched.h' l='1988' u='a' c='_double_lock_balance'/>
<use f='linux-5.3.1/kernel/sched/sched.h' l='1992' u='a' c='_double_lock_balance'/>
<use f='linux-5.3.1/kernel/sched/sched.h' l='2007' u='a' c='double_lock_balance'/>
<use f='linux-5.3.1/kernel/sched/sched.h' l='2017' u='a' c='double_unlock_balance'/>
<use f='linux-5.3.1/kernel/sched/sched.h' l='2060' u='a' c='double_rq_lock'/>
<use f='linux-5.3.1/kernel/sched/sched.h' l='2064' u='a' c='double_rq_lock'/>
<use f='linux-5.3.1/kernel/sched/sched.h' l='2065' u='a' c='double_rq_lock'/>
<use f='linux-5.3.1/kernel/sched/sched.h' l='2067' u='a' c='double_rq_lock'/>
<use f='linux-5.3.1/kernel/sched/sched.h' l='2068' u='a' c='double_rq_lock'/>
<use f='linux-5.3.1/kernel/sched/sched.h' l='2083' u='a' c='double_rq_unlock'/>
<use f='linux-5.3.1/kernel/sched/sched.h' l='2085' u='a' c='double_rq_unlock'/>
<offset>0</offset>
<doc f='linux-5.3.1/kernel/sched/sched.h' l='844'>/* runqueue lock: */</doc>
<use f='linux-5.3.1/kernel/sched/pelt.h' l='119' u='a' c='rq_clock_pelt'/>
<use f='linux-5.3.1/kernel/sched/core.c' l='87' u='a' c='__task_rq_lock'/>
<use f='linux-5.3.1/kernel/sched/core.c' l='92' u='a' c='__task_rq_lock'/>
<use f='linux-5.3.1/kernel/sched/core.c' l='111' u='a' c='task_rq_lock'/>
<use f='linux-5.3.1/kernel/sched/core.c' l='133' u='a' c='task_rq_lock'/>
<use f='linux-5.3.1/kernel/sched/core.c' l='203' u='a' c='update_rq_clock'/>
<use f='linux-5.3.1/kernel/sched/core.c' l='512' u='a' c='resched_curr'/>
<use f='linux-5.3.1/kernel/sched/core.c' l='536' u='a' c='resched_cpu'/>
<use f='linux-5.3.1/kernel/sched/core.c' l='539' u='a' c='resched_cpu'/>
<use f='linux-5.3.1/kernel/sched/core.c' l='1372' u='a' c='move_queued_task'/>
<use f='linux-5.3.1/kernel/sched/core.c' l='1486' u='a' c='do_set_cpus_allowed'/>
<use f='linux-5.3.1/kernel/sched/core.c' l='2135' u='a' c='ttwu_do_activate'/>
<use f='linux-5.3.1/kernel/sched/core.c' l='3004' u='a' c='finish_lock_switch'/>
<use f='linux-5.3.1/kernel/sched/core.c' l='3154' u='a' c='__balance_callback'/>
<use f='linux-5.3.1/kernel/sched/core.c' l='3165' u='a' c='__balance_callback'/>
<use f='linux-5.3.1/kernel/sched/core.c' l='5837' u='a' c='init_idle'/>
<use f='linux-5.3.1/kernel/sched/core.c' l='5874' u='a' c='init_idle'/>
<use f='linux-5.3.1/kernel/sched/core.c' l='6442' u='a' c='sched_init'/>
<use f='linux-5.3.1/kernel/sched/deadline.c' l='83' u='a' c='__add_running_bw'/>
<use f='linux-5.3.1/kernel/sched/deadline.c' l='96' u='a' c='__sub_running_bw'/>
<use f='linux-5.3.1/kernel/sched/deadline.c' l='110' u='a' c='__add_rq_bw'/>
<use f='linux-5.3.1/kernel/sched/deadline.c' l='120' u='a' c='__sub_rq_bw'/>
<use f='linux-5.3.1/kernel/sched/deadline.c' l='895' u='a' c='start_dl_timer'/>
<use f='linux-5.3.1/kernel/sched/deadline.c' l='1005' u='a' c='dl_task_timer'/>
<use f='linux-5.3.1/kernel/sched/deadline.c' l='1622' u='a' c='migrate_task_rq_dl'/>
<use f='linux-5.3.1/kernel/sched/deadline.c' l='1637' u='a' c='migrate_task_rq_dl'/>
<use f='linux-5.3.1/kernel/sched/fair.c' l='6596' u='a' c='migrate_task_rq_fair'/>
<use f='linux-5.3.1/kernel/sched/fair.c' l='7170' u='a' c='task_hot'/>
<use f='linux-5.3.1/kernel/sched/fair.c' l='7264' u='a' c='can_migrate_task'/>
<use f='linux-5.3.1/kernel/sched/fair.c' l='7342' u='a' c='detach_task'/>
<use f='linux-5.3.1/kernel/sched/fair.c' l='7358' u='a' c='detach_one_task'/>
<use f='linux-5.3.1/kernel/sched/fair.c' l='7394' u='a' c='detach_tasks'/>
<use f='linux-5.3.1/kernel/sched/fair.c' l='7475' u='a' c='attach_task'/>
<use f='linux-5.3.1/kernel/sched/fair.c' l='8998' u='a' c='load_balance'/>
<use f='linux-5.3.1/kernel/sched/fair.c' l='9006' u='a' c='load_balance'/>
<use f='linux-5.3.1/kernel/sched/fair.c' l='9022' u='a' c='load_balance'/>
<use f='linux-5.3.1/kernel/sched/fair.c' l='9764' u='a' c='nohz_newidle_balance'/>
<use f='linux-5.3.1/kernel/sched/fair.c' l='9773' u='a' c='nohz_newidle_balance'/>
<use f='linux-5.3.1/kernel/sched/fair.c' l='9833' u='a' c='idle_balance'/>
<use f='linux-5.3.1/kernel/sched/fair.c' l='9874' u='a' c='idle_balance'/>
<use f='linux-5.3.1/kernel/sched/fair.c' l='10310' u='a' c='online_fair_sched_group'/>
<use f='linux-5.3.1/kernel/sched/fair.c' l='10314' u='a' c='online_fair_sched_group'/>
<use f='linux-5.3.1/kernel/sched/fair.c' l='10337' u='a' c='unregister_fair_sched_group'/>
<use f='linux-5.3.1/kernel/sched/fair.c' l='10339' u='a' c='unregister_fair_sched_group'/>
<use f='linux-5.3.1/kernel/sched/idle.c' l='394' u='a' c='dequeue_task_idle'/>
<use f='linux-5.3.1/kernel/sched/idle.c' l='397' u='a' c='dequeue_task_idle'/>
<use f='linux-5.3.1/kernel/sched/rt.c' l='848' u='a' c='do_sched_rt_period_timer'/>
<use f='linux-5.3.1/kernel/sched/rt.c' l='886' u='a' c='do_sched_rt_period_timer'/>
<use f='linux-5.3.1/kernel/sched/rt.c' l='2037' u='a' c='rto_push_irq_work_func'/>
<use f='linux-5.3.1/kernel/sched/rt.c' l='2039' u='a' c='rto_push_irq_work_func'/>
<use f='linux-5.3.1/kernel/sched/topology.c' l='445' u='a' c='rq_attach_root'/>
<use f='linux-5.3.1/kernel/sched/topology.c' l='471' u='a' c='rq_attach_root'/>
