<dec f='linux-5.3.1/include/net/seg6.h' l='37' type='struct mutex'/>
<offset>0</offset>
<use f='linux-5.3.1/net/ipv6/seg6.c' l='181' u='a' c='seg6_genl_set_tunsrc'/>
<use f='linux-5.3.1/net/ipv6/seg6.c' l='186' u='a' c='seg6_genl_set_tunsrc'/>
<use f='linux-5.3.1/net/ipv6/seg6.c' l='359' u='a' c='seg6_net_init'/>
