<dec f='linux-5.3.1/ipc/sem.c' l='105' type='spinlock_t'/>
<use f='linux-5.3.1/ipc/sem.c' l='329' u='a' c='complexmode_enter'/>
<use f='linux-5.3.1/ipc/sem.c' l='330' u='a' c='complexmode_enter'/>
<use f='linux-5.3.1/ipc/sem.c' l='401' u='a' c='sem_lock'/>
<use f='linux-5.3.1/ipc/sem.c' l='408' u='a' c='sem_lock'/>
<use f='linux-5.3.1/ipc/sem.c' l='424' u='a' c='sem_lock'/>
<use f='linux-5.3.1/ipc/sem.c' l='446' u='a' c='sem_unlock'/>
<use f='linux-5.3.1/ipc/sem.c' l='540' u='a' c='newary'/>
<use f='linux-5.3.1/ipc/sem.c' l='540' u='a' c='newary'/>
<offset>128</offset>
<doc f='linux-5.3.1/ipc/sem.c' l='105'>/* spinlock for fine-grained semtimedop */</doc>
