<dec f='linux-5.3.1/include/linux/semaphore.h' l='16' type='raw_spinlock_t'/>
<use f='linux-5.3.1/include/linux/semaphore.h' l='23' u='w' c='sema_init'/>
<offset>0</offset>
<use f='linux-5.3.1/drivers/firmware/efi/runtime-wrappers.c' l='159' macro='1' u='w'/>
<use f='linux-5.3.1/drivers/firmware/efi/vars.c' l='33' macro='1' u='w'/>
<use f='linux-5.3.1/kernel/locking/semaphore.c' l='57' u='a' c='down'/>
<use f='linux-5.3.1/kernel/locking/semaphore.c' l='62' u='a' c='down'/>
<use f='linux-5.3.1/kernel/locking/semaphore.c' l='80' u='a' c='down_interruptible'/>
<use f='linux-5.3.1/kernel/locking/semaphore.c' l='85' u='a' c='down_interruptible'/>
<use f='linux-5.3.1/kernel/locking/semaphore.c' l='106' u='a' c='down_killable'/>
<use f='linux-5.3.1/kernel/locking/semaphore.c' l='111' u='a' c='down_killable'/>
<use f='linux-5.3.1/kernel/locking/semaphore.c' l='135' u='a' c='down_trylock'/>
<use f='linux-5.3.1/kernel/locking/semaphore.c' l='139' u='a' c='down_trylock'/>
<use f='linux-5.3.1/kernel/locking/semaphore.c' l='160' u='a' c='down_timeout'/>
<use f='linux-5.3.1/kernel/locking/semaphore.c' l='165' u='a' c='down_timeout'/>
<use f='linux-5.3.1/kernel/locking/semaphore.c' l='182' u='a' c='up'/>
<use f='linux-5.3.1/kernel/locking/semaphore.c' l='187' u='a' c='up'/>
<use f='linux-5.3.1/kernel/locking/semaphore.c' l='219' u='a' c='__down_common'/>
<use f='linux-5.3.1/kernel/locking/semaphore.c' l='221' u='a' c='__down_common'/>
<use f='linux-5.3.1/kernel/printk/printk.c' l='86' macro='1' u='w'/>
