<dec f='linux-5.3.1/include/linux/seq_file.h' l='25' type='struct mutex'/>
<offset>512</offset>
<use f='linux-5.3.1/fs/seq_file.c' l='63' u='a' c='seq_open'/>
<use f='linux-5.3.1/fs/seq_file.c' l='161' u='a' c='seq_read'/>
<use f='linux-5.3.1/fs/seq_file.c' l='291' u='a' c='seq_read'/>
<use f='linux-5.3.1/fs/seq_file.c' l='315' u='a' c='seq_lseek'/>
<use f='linux-5.3.1/fs/seq_file.c' l='344' u='a' c='seq_lseek'/>
