<dec f='linux-5.3.1/include/linux/mempolicy.h' l='127' type='rwlock_t'/>
<offset>64</offset>
<use f='linux-5.3.1/mm/mempolicy.c' l='2313' u='a' c='mpol_shared_policy_lookup'/>
<use f='linux-5.3.1/mm/mempolicy.c' l='2319' u='a' c='mpol_shared_policy_lookup'/>
<use f='linux-5.3.1/mm/mempolicy.c' l='2475' u='a' c='shared_policy_replace'/>
<use f='linux-5.3.1/mm/mempolicy.c' l='2508' u='a' c='shared_policy_replace'/>
<use f='linux-5.3.1/mm/mempolicy.c' l='2520' u='a' c='shared_policy_replace'/>
<use f='linux-5.3.1/mm/mempolicy.c' l='2546' u='a' c='mpol_shared_policy_init'/>
<use f='linux-5.3.1/mm/mempolicy.c' l='2612' u='a' c='mpol_free_shared_policy'/>
<use f='linux-5.3.1/mm/mempolicy.c' l='2619' u='a' c='mpol_free_shared_policy'/>
