<dec f='linux-5.3.1/include/linux/shmem_fs.h' l='15' type='spinlock_t'/>
<offset>0</offset>
<use f='linux-5.3.1/ipc/shm.c' l='847' u='a' c='shm_add_rss_swap'/>
<use f='linux-5.3.1/ipc/shm.c' l='850' u='a' c='shm_add_rss_swap'/>
<use f='linux-5.3.1/mm/shmem.c' l='310' u='a' c='shmem_charge'/>
<use f='linux-5.3.1/mm/shmem.c' l='314' u='a' c='shmem_charge'/>
<use f='linux-5.3.1/mm/shmem.c' l='326' u='a' c='shmem_uncharge'/>
<use f='linux-5.3.1/mm/shmem.c' l='330' u='a' c='shmem_uncharge'/>
<use f='linux-5.3.1/mm/shmem.c' l='969' u='a' c='shmem_undo_range'/>
<use f='linux-5.3.1/mm/shmem.c' l='972' u='a' c='shmem_undo_range'/>
<use f='linux-5.3.1/mm/shmem.c' l='990' u='a' c='shmem_getattr'/>
<use f='linux-5.3.1/mm/shmem.c' l='992' u='a' c='shmem_getattr'/>
<use f='linux-5.3.1/mm/shmem.c' l='1358' u='a' c='shmem_writepage'/>
<use f='linux-5.3.1/mm/shmem.c' l='1361' u='a' c='shmem_writepage'/>
<use f='linux-5.3.1/mm/shmem.c' l='1689' u='a' c='shmem_swapin_page'/>
<use f='linux-5.3.1/mm/shmem.c' l='1692' u='a' c='shmem_swapin_page'/>
<use f='linux-5.3.1/mm/shmem.c' l='1871' u='a' c='shmem_getpage_gfp'/>
<use f='linux-5.3.1/mm/shmem.c' l='1875' u='a' c='shmem_getpage_gfp'/>
<use f='linux-5.3.1/mm/shmem.c' l='1926' u='a' c='shmem_getpage_gfp'/>
<use f='linux-5.3.1/mm/shmem.c' l='1928' u='a' c='shmem_getpage_gfp'/>
<use f='linux-5.3.1/mm/shmem.c' l='1953' u='a' c='shmem_getpage_gfp'/>
<use f='linux-5.3.1/mm/shmem.c' l='1955' u='a' c='shmem_getpage_gfp'/>
<use f='linux-5.3.1/mm/shmem.c' l='2169' u='a' c='shmem_lock'/>
<use f='linux-5.3.1/mm/shmem.c' l='2184' u='a' c='shmem_lock'/>
<use f='linux-5.3.1/mm/shmem.c' l='2237' u='a' c='shmem_get_inode'/>
<use f='linux-5.3.1/mm/shmem.c' l='2237' u='a' c='shmem_get_inode'/>
<use f='linux-5.3.1/mm/shmem.c' l='2386' u='a' c='shmem_mfill_atomic_pte'/>
<use f='linux-5.3.1/mm/shmem.c' l='2390' u='a' c='shmem_mfill_atomic_pte'/>
