<dec f='linux-5.3.1/security/selinux/ss/sidtab.h' l='75' type='spinlock_t'/>
<offset>384</offset>
<use f='linux-5.3.1/security/selinux/ss/sidtab.c' l='36' u='a' c='sidtab_init'/>
<use f='linux-5.3.1/security/selinux/ss/sidtab.c' l='36' u='a' c='sidtab_init'/>
<use f='linux-5.3.1/security/selinux/ss/sidtab.c' l='272' u='a' c='sidtab_reverse_lookup'/>
<use f='linux-5.3.1/security/selinux/ss/sidtab.c' l='340' u='a' c='sidtab_reverse_lookup'/>
<use f='linux-5.3.1/security/selinux/ss/sidtab.c' l='418' u='a' c='sidtab_convert'/>
<use f='linux-5.3.1/security/selinux/ss/sidtab.c' l='422' u='a' c='sidtab_convert'/>
<use f='linux-5.3.1/security/selinux/ss/sidtab.c' l='434' u='a' c='sidtab_convert'/>
<use f='linux-5.3.1/security/selinux/ss/sidtab.c' l='445' u='a' c='sidtab_convert'/>
<use f='linux-5.3.1/security/selinux/ss/sidtab.c' l='455' u='a' c='sidtab_convert'/>
<use f='linux-5.3.1/security/selinux/ss/sidtab.c' l='457' u='a' c='sidtab_convert'/>
