<dec f='linux-5.3.1/include/linux/skbuff.h' l='287' type='spinlock_t'/>
<use f='linux-5.3.1/include/linux/skbuff.h' l='1835' u='a' c='skb_queue_head_init'/>
<use f='linux-5.3.1/include/linux/skbuff.h' l='1835' u='a' c='skb_queue_head_init'/>
<offset>160</offset>
<use f='linux-5.3.1/net/core/datagram.c' l='268' u='a' c='__skb_try_recv_datagram'/>
<use f='linux-5.3.1/net/core/datagram.c' l='271' u='a' c='__skb_try_recv_datagram'/>
<use f='linux-5.3.1/net/core/datagram.c' l='362' u='a' c='__sk_queue_drop_skb'/>
<use f='linux-5.3.1/net/core/datagram.c' l='370' u='a' c='__sk_queue_drop_skb'/>
<use f='linux-5.3.1/net/core/dev.c' l='220' u='a' c='rps_lock'/>
<use f='linux-5.3.1/net/core/dev.c' l='227' u='a' c='rps_unlock'/>
<use f='linux-5.3.1/net/core/neighbour.c' l='1541' u='a' c='neigh_proxy_process'/>
<use f='linux-5.3.1/net/core/neighbour.c' l='1565' u='a' c='neigh_proxy_process'/>
<use f='linux-5.3.1/net/core/neighbour.c' l='1584' u='a' c='pneigh_enqueue'/>
<use f='linux-5.3.1/net/core/neighbour.c' l='1593' u='a' c='pneigh_enqueue'/>
<use f='linux-5.3.1/net/core/netpoll.c' l='230' u='a' c='refill_skbs'/>
<use f='linux-5.3.1/net/core/netpoll.c' l='238' u='a' c='refill_skbs'/>
<use f='linux-5.3.1/net/core/skbuff.c' l='1228' u='a' c='sock_zerocopy_callback'/>
<use f='linux-5.3.1/net/core/skbuff.c' l='1235' u='a' c='sock_zerocopy_callback'/>
<use f='linux-5.3.1/net/core/skbuff.c' l='3033' u='a' c='skb_dequeue'/>
<use f='linux-5.3.1/net/core/skbuff.c' l='3035' u='a' c='skb_dequeue'/>
<use f='linux-5.3.1/net/core/skbuff.c' l='3053' u='a' c='skb_dequeue_tail'/>
<use f='linux-5.3.1/net/core/skbuff.c' l='3055' u='a' c='skb_dequeue_tail'/>
<use f='linux-5.3.1/net/core/skbuff.c' l='3117' u='a' c='skb_queue_head'/>
<use f='linux-5.3.1/net/core/skbuff.c' l='3119' u='a' c='skb_queue_head'/>
<use f='linux-5.3.1/net/core/skbuff.c' l='3138' u='a' c='skb_queue_tail'/>
<use f='linux-5.3.1/net/core/skbuff.c' l='3140' u='a' c='skb_queue_tail'/>
<use f='linux-5.3.1/net/core/skbuff.c' l='3158' u='a' c='skb_unlink'/>
<use f='linux-5.3.1/net/core/skbuff.c' l='3160' u='a' c='skb_unlink'/>
<use f='linux-5.3.1/net/core/skbuff.c' l='3178' u='a' c='skb_append'/>
<use f='linux-5.3.1/net/core/skbuff.c' l='3180' u='a' c='skb_append'/>
<use f='linux-5.3.1/net/core/skbuff.c' l='4438' u='a' c='sock_dequeue_err_skb'/>
<use f='linux-5.3.1/net/core/skbuff.c' l='4445' u='a' c='sock_dequeue_err_skb'/>
<use f='linux-5.3.1/net/core/sock.c' l='475' u='a' c='__sock_queue_rcv_skb'/>
<use f='linux-5.3.1/net/core/sock.c' l='478' u='a' c='__sock_queue_rcv_skb'/>
<use f='linux-5.3.1/net/ipv4/raw.c' l='912' u='a' c='raw_ioctl'/>
<use f='linux-5.3.1/net/ipv4/raw.c' l='916' u='a' c='raw_ioctl'/>
<use f='linux-5.3.1/net/ipv4/udp.c' l='1349' u='a' c='udp_rmem_release'/>
<use f='linux-5.3.1/net/ipv4/udp.c' l='1365' u='a' c='udp_rmem_release'/>
<use f='linux-5.3.1/net/ipv4/udp.c' l='1447' u='a' c='__udp_enqueue_schedule_skb'/>
<use f='linux-5.3.1/net/ipv4/udp.c' l='1453' u='a' c='__udp_enqueue_schedule_skb'/>
<use f='linux-5.3.1/net/ipv4/udp.c' l='1468' u='a' c='__udp_enqueue_schedule_skb'/>
<use f='linux-5.3.1/net/ipv4/udp.c' l='1575' u='a' c='first_packet_length'/>
<use f='linux-5.3.1/net/ipv4/udp.c' l='1578' u='a' c='first_packet_length'/>
<use f='linux-5.3.1/net/ipv4/udp.c' l='1580' u='a' c='first_packet_length'/>
<use f='linux-5.3.1/net/ipv4/udp.c' l='1587' u='a' c='first_packet_length'/>
<use f='linux-5.3.1/net/ipv4/udp.c' l='1641' u='a' c='__skb_recv_udp'/>
<use f='linux-5.3.1/net/ipv4/udp.c' l='1646' u='a' c='__skb_recv_udp'/>
<use f='linux-5.3.1/net/ipv4/udp.c' l='1651' u='a' c='__skb_recv_udp'/>
<use f='linux-5.3.1/net/ipv4/udp.c' l='1660' u='a' c='__skb_recv_udp'/>
<use f='linux-5.3.1/net/ipv4/udp.c' l='1666' u='a' c='__skb_recv_udp'/>
<use f='linux-5.3.1/net/ipv4/udp.c' l='1667' u='a' c='__skb_recv_udp'/>
<use f='linux-5.3.1/net/ipv6/raw.c' l='1206' u='a' c='rawv6_ioctl'/>
<use f='linux-5.3.1/net/ipv6/raw.c' l='1210' u='a' c='rawv6_ioctl'/>
<use f='linux-5.3.1/net/mac80211/iface.c' l='924' u='a' c='ieee80211_do_stop'/>
<use f='linux-5.3.1/net/mac80211/iface.c' l='932' u='a' c='ieee80211_do_stop'/>
<use f='linux-5.3.1/net/mac80211/sta_info.c' l='881' u='a' c='sta_info_cleanup_expire_buffered_ac'/>
<use f='linux-5.3.1/net/mac80211/sta_info.c' l='887' u='a' c='sta_info_cleanup_expire_buffered_ac'/>
<use f='linux-5.3.1/net/mac80211/sta_info.c' l='907' u='a' c='sta_info_cleanup_expire_buffered_ac'/>
<use f='linux-5.3.1/net/mac80211/sta_info.c' l='913' u='a' c='sta_info_cleanup_expire_buffered_ac'/>
<use f='linux-5.3.1/net/mac80211/sta_info.c' l='1310' u='a' c='ieee80211_sta_ps_deliver_wakeup'/>
<use f='linux-5.3.1/net/mac80211/sta_info.c' l='1312' u='a' c='ieee80211_sta_ps_deliver_wakeup'/>
<use f='linux-5.3.1/net/mac80211/sta_info.c' l='1317' u='a' c='ieee80211_sta_ps_deliver_wakeup'/>
<use f='linux-5.3.1/net/mac80211/sta_info.c' l='1319' u='a' c='ieee80211_sta_ps_deliver_wakeup'/>
<use f='linux-5.3.1/net/packet/af_packet.c' l='502' u='a' c='prb_shutdown_retire_blk_timer'/>
<use f='linux-5.3.1/net/packet/af_packet.c' l='504' u='a' c='prb_shutdown_retire_blk_timer'/>
<use f='linux-5.3.1/net/packet/af_packet.c' l='642' u='a' c='prb_retire_rx_blk_timer_expired'/>
<use f='linux-5.3.1/net/packet/af_packet.c' l='705' u='a' c='prb_retire_rx_blk_timer_expired'/>
<use f='linux-5.3.1/net/packet/af_packet.c' l='2126' u='a' c='packet_rcv'/>
<use f='linux-5.3.1/net/packet/af_packet.c' l='2130' u='a' c='packet_rcv'/>
<use f='linux-5.3.1/net/packet/af_packet.c' l='2264' u='a' c='tpacket_rcv'/>
<use f='linux-5.3.1/net/packet/af_packet.c' l='2292' u='a' c='tpacket_rcv'/>
<use f='linux-5.3.1/net/packet/af_packet.c' l='2393' u='a' c='tpacket_rcv'/>
<use f='linux-5.3.1/net/packet/af_packet.c' l='3924' u='a' c='packet_getsockopt'/>
<use f='linux-5.3.1/net/packet/af_packet.c' l='3927' u='a' c='packet_getsockopt'/>
<use f='linux-5.3.1/net/packet/af_packet.c' l='4113' u='a' c='packet_ioctl'/>
<use f='linux-5.3.1/net/packet/af_packet.c' l='4117' u='a' c='packet_ioctl'/>
<use f='linux-5.3.1/net/packet/af_packet.c' l='4151' u='a' c='packet_poll'/>
<use f='linux-5.3.1/net/packet/af_packet.c' l='4158' u='a' c='packet_poll'/>
<use f='linux-5.3.1/net/packet/af_packet.c' l='4159' u='a' c='packet_poll'/>
<use f='linux-5.3.1/net/packet/af_packet.c' l='4164' u='a' c='packet_poll'/>
<use f='linux-5.3.1/net/packet/af_packet.c' l='4383' u='a' c='packet_set_ring'/>
<use f='linux-5.3.1/net/packet/af_packet.c' l='4388' u='a' c='packet_set_ring'/>
<use f='linux-5.3.1/net/sched/sch_generic.c' l='566' u='w'/>
<use f='linux-5.3.1/net/sched/sch_generic.c' l='572' u='w'/>
<use f='linux-5.3.1/net/sched/sch_generic.c' l='566' u='w'/>
<use f='linux-5.3.1/net/sched/sch_generic.c' l='572' u='w'/>
<use f='linux-5.3.1/net/unix/af_unix.c' l='1368' u='a' c='unix_stream_connect'/>
<use f='linux-5.3.1/net/unix/af_unix.c' l='1370' u='a' c='unix_stream_connect'/>
<use f='linux-5.3.1/net/unix/af_unix.c' l='1965' u='a' c='unix_stream_sendpage'/>
<use f='linux-5.3.1/net/unix/af_unix.c' l='1967' u='a' c='unix_stream_sendpage'/>
<use f='linux-5.3.1/net/unix/af_unix.c' l='2499' u='a' c='unix_inq_len'/>
<use f='linux-5.3.1/net/unix/af_unix.c' l='2509' u='a' c='unix_inq_len'/>
<use f='linux-5.3.1/net/unix/garbage.c' l='97' u='a' c='scan_inflight'/>
<use f='linux-5.3.1/net/unix/garbage.c' l='130' u='a' c='scan_inflight'/>
<use f='linux-5.3.1/net/unix/garbage.c' l='147' u='a' c='scan_children'/>
<use f='linux-5.3.1/net/unix/garbage.c' l='157' u='a' c='scan_children'/>
<use f='linux-5.3.1/net/xfrm/xfrm_policy.c' l='1415' u='a' c='xfrm_policy_requeue'/>
<use f='linux-5.3.1/net/xfrm/xfrm_policy.c' l='1419' u='a' c='xfrm_policy_requeue'/>
<use f='linux-5.3.1/net/xfrm/xfrm_policy.c' l='1423' u='a' c='xfrm_policy_requeue'/>
<use f='linux-5.3.1/net/xfrm/xfrm_policy.c' l='1428' u='a' c='xfrm_policy_requeue'/>
<use f='linux-5.3.1/net/xfrm/xfrm_policy.c' l='2763' u='a' c='xfrm_policy_queue_process'/>
<use f='linux-5.3.1/net/xfrm/xfrm_policy.c' l='2766' u='a' c='xfrm_policy_queue_process'/>
<use f='linux-5.3.1/net/xfrm/xfrm_policy.c' l='2772' u='a' c='xfrm_policy_queue_process'/>
<use f='linux-5.3.1/net/xfrm/xfrm_policy.c' l='2795' u='a' c='xfrm_policy_queue_process'/>
<use f='linux-5.3.1/net/xfrm/xfrm_policy.c' l='2798' u='a' c='xfrm_policy_queue_process'/>
<use f='linux-5.3.1/net/xfrm/xfrm_policy.c' l='2848' u='a' c='xdst_queue_output'/>
<use f='linux-5.3.1/net/xfrm/xfrm_policy.c' l='2865' u='a' c='xdst_queue_output'/>
