<dec f='linux-5.3.1/sound/core/seq/seq_fifo.h' l='20' type='spinlock_t'/>
<offset>224</offset>
<use f='linux-5.3.1/sound/core/seq/seq_fifo.c' l='37' u='a' c='snd_seq_fifo_new'/>
<use f='linux-5.3.1/sound/core/seq/seq_fifo.c' l='37' u='a' c='snd_seq_fifo_new'/>
<use f='linux-5.3.1/sound/core/seq/seq_fifo.c' l='91' u='a' c='snd_seq_fifo_clear'/>
<use f='linux-5.3.1/sound/core/seq/seq_fifo.c' l='96' u='a' c='snd_seq_fifo_clear'/>
<use f='linux-5.3.1/sound/core/seq/seq_fifo.c' l='121' u='a' c='snd_seq_fifo_event_in'/>
<use f='linux-5.3.1/sound/core/seq/seq_fifo.c' l='129' u='a' c='snd_seq_fifo_event_in'/>
<use f='linux-5.3.1/sound/core/seq/seq_fifo.c' l='173' u='a' c='snd_seq_fifo_cell_out'/>
<use f='linux-5.3.1/sound/core/seq/seq_fifo.c' l='177' u='a' c='snd_seq_fifo_cell_out'/>
<use f='linux-5.3.1/sound/core/seq/seq_fifo.c' l='182' u='a' c='snd_seq_fifo_cell_out'/>
<use f='linux-5.3.1/sound/core/seq/seq_fifo.c' l='184' u='a' c='snd_seq_fifo_cell_out'/>
<use f='linux-5.3.1/sound/core/seq/seq_fifo.c' l='187' u='a' c='snd_seq_fifo_cell_out'/>
<use f='linux-5.3.1/sound/core/seq/seq_fifo.c' l='191' u='a' c='snd_seq_fifo_cell_out'/>
<use f='linux-5.3.1/sound/core/seq/seq_fifo.c' l='204' u='a' c='snd_seq_fifo_cell_putback'/>
<use f='linux-5.3.1/sound/core/seq/seq_fifo.c' l='210' u='a' c='snd_seq_fifo_cell_putback'/>
<use f='linux-5.3.1/sound/core/seq/seq_fifo.c' l='241' u='a' c='snd_seq_fifo_resize'/>
<use f='linux-5.3.1/sound/core/seq/seq_fifo.c' l='251' u='a' c='snd_seq_fifo_resize'/>
<use f='linux-5.3.1/sound/core/seq/seq_fifo.c' l='277' u='a' c='snd_seq_fifo_unused_cells'/>
<use f='linux-5.3.1/sound/core/seq/seq_fifo.c' l='279' u='a' c='snd_seq_fifo_unused_cells'/>
