<dec f='linux-5.3.1/include/sound/pcm.h' l='425' type='spinlock_t'/>
<offset>0</offset>
<use f='linux-5.3.1/sound/core/pcm_native.c' l='77' u='a' c='snd_pcm_group_init'/>
<use f='linux-5.3.1/sound/core/pcm_native.c' l='77' u='a' c='snd_pcm_group_init'/>
<use f='linux-5.3.1/sound/core/pcm_native.c' l='90' u='a' c='snd_pcm_group_lock'/>
<use f='linux-5.3.1/sound/core/pcm_native.c' l='90' u='a' c='snd_pcm_group_unlock'/>
<use f='linux-5.3.1/sound/core/pcm_native.c' l='90' u='a' c='snd_pcm_group_lock_irq'/>
<use f='linux-5.3.1/sound/core/pcm_native.c' l='90' u='a' c='snd_pcm_group_unlock_irq'/>
<use f='linux-5.3.1/sound/core/pcm_native.c' l='158' u='a' c='_snd_pcm_stream_lock_irqsave'/>
<use f='linux-5.3.1/sound/core/pcm_native.c' l='176' u='a' c='snd_pcm_stream_unlock_irqrestore'/>
<use f='linux-5.3.1/sound/core/pcm_native.c' l='1020' u='a' c='snd_pcm_action_group'/>
<use f='linux-5.3.1/sound/core/pcm_native.c' l='1052' u='a' c='snd_pcm_action_group'/>
<use f='linux-5.3.1/sound/core/pcm_native.c' l='1124' u='a' c='snd_pcm_stream_group_ref'/>
