<dec f='linux-5.3.1/sound/core/seq/seq_memory.h' l='48' type='spinlock_t'/>
<offset>640</offset>
<doc f='linux-5.3.1/sound/core/seq/seq_memory.h' l='47'>/* Pool lock */</doc>
<use f='linux-5.3.1/sound/core/seq/seq_memory.c' l='182' u='a' c='snd_seq_cell_free'/>
<use f='linux-5.3.1/sound/core/seq/seq_memory.c' l='200' u='a' c='snd_seq_cell_free'/>
<use f='linux-5.3.1/sound/core/seq/seq_memory.c' l='223' u='a' c='snd_seq_cell_alloc'/>
<use f='linux-5.3.1/sound/core/seq/seq_memory.c' l='233' u='a' c='snd_seq_cell_alloc'/>
<use f='linux-5.3.1/sound/core/seq/seq_memory.c' l='239' u='a' c='snd_seq_cell_alloc'/>
<use f='linux-5.3.1/sound/core/seq/seq_memory.c' l='269' u='a' c='snd_seq_cell_alloc'/>
<use f='linux-5.3.1/sound/core/seq/seq_memory.c' l='383' u='a' c='snd_seq_pool_init'/>
<use f='linux-5.3.1/sound/core/seq/seq_memory.c' l='385' u='a' c='snd_seq_pool_init'/>
<use f='linux-5.3.1/sound/core/seq/seq_memory.c' l='404' u='a' c='snd_seq_pool_init'/>
<use f='linux-5.3.1/sound/core/seq/seq_memory.c' l='415' u='a' c='snd_seq_pool_mark_closing'/>
<use f='linux-5.3.1/sound/core/seq/seq_memory.c' l='417' u='a' c='snd_seq_pool_mark_closing'/>
<use f='linux-5.3.1/sound/core/seq/seq_memory.c' l='436' u='a' c='snd_seq_pool_done'/>
<use f='linux-5.3.1/sound/core/seq/seq_memory.c' l='441' u='a' c='snd_seq_pool_done'/>
<use f='linux-5.3.1/sound/core/seq/seq_memory.c' l='445' u='a' c='snd_seq_pool_done'/>
<use f='linux-5.3.1/sound/core/seq/seq_memory.c' l='447' u='a' c='snd_seq_pool_done'/>
<use f='linux-5.3.1/sound/core/seq/seq_memory.c' l='462' u='a' c='snd_seq_pool_new'/>
<use f='linux-5.3.1/sound/core/seq/seq_memory.c' l='462' u='a' c='snd_seq_pool_new'/>
