<dec f='linux-5.3.1/include/sound/timer.h' l='71' type='spinlock_t'/>
<use f='linux-5.3.1/sound/core/hrtimer.c' l='38' u='a' c='snd_hrtimer_callback'/>
<use f='linux-5.3.1/sound/core/hrtimer.c' l='43' u='a' c='snd_hrtimer_callback'/>
<use f='linux-5.3.1/sound/core/hrtimer.c' l='52' u='a' c='snd_hrtimer_callback'/>
<use f='linux-5.3.1/sound/core/hrtimer.c' l='60' u='a' c='snd_hrtimer_callback'/>
<use f='linux-5.3.1/sound/core/hrtimer.c' l='83' u='a' c='snd_hrtimer_close'/>
<use f='linux-5.3.1/sound/core/hrtimer.c' l='86' u='a' c='snd_hrtimer_close'/>
<offset>2432</offset>
<use f='linux-5.3.1/sound/core/pcm.c' l='995' u='a' c='snd_pcm_detach_substream'/>
<use f='linux-5.3.1/sound/core/pcm.c' l='998' u='a' c='snd_pcm_detach_substream'/>
<use f='linux-5.3.1/sound/core/timer.c' l='216' u='a' c='snd_timer_check_master'/>
<use f='linux-5.3.1/sound/core/timer.c' l='222' u='a' c='snd_timer_check_master'/>
<use f='linux-5.3.1/sound/core/timer.c' l='347' u='a' c='snd_timer_close_locked'/>
<use f='linux-5.3.1/sound/core/timer.c' l='349' u='a' c='snd_timer_close_locked'/>
<use f='linux-5.3.1/sound/core/timer.c' l='360' u='a' c='snd_timer_close_locked'/>
<use f='linux-5.3.1/sound/core/timer.c' l='362' u='a' c='snd_timer_close_locked'/>
<use f='linux-5.3.1/sound/core/timer.c' l='364' u='a' c='snd_timer_close_locked'/>
<use f='linux-5.3.1/sound/core/timer.c' l='366' u='a' c='snd_timer_close_locked'/>
<use f='linux-5.3.1/sound/core/timer.c' l='370' u='a' c='snd_timer_close_locked'/>
<use f='linux-5.3.1/sound/core/timer.c' l='380' u='a' c='snd_timer_close_locked'/>
<use f='linux-5.3.1/sound/core/timer.c' l='440' u='a' c='snd_timer_resolution'/>
<use f='linux-5.3.1/sound/core/timer.c' l='442' u='a' c='snd_timer_resolution'/>
<use f='linux-5.3.1/sound/core/timer.c' l='491' u='a' c='snd_timer_start1'/>
<use f='linux-5.3.1/sound/core/timer.c' l='531' u='a' c='snd_timer_start1'/>
<use f='linux-5.3.1/sound/core/timer.c' l='553' u='a' c='snd_timer_start_slave'/>
<use f='linux-5.3.1/sound/core/timer.c' l='558' u='a' c='snd_timer_start_slave'/>
<use f='linux-5.3.1/sound/core/timer.c' l='576' u='a' c='snd_timer_stop1'/>
<use f='linux-5.3.1/sound/core/timer.c' l='610' u='a' c='snd_timer_stop1'/>
<use f='linux-5.3.1/sound/core/timer.c' l='626' u='a' c='snd_timer_stop_slave'/>
<use f='linux-5.3.1/sound/core/timer.c' l='631' u='a' c='snd_timer_stop_slave'/>
<use f='linux-5.3.1/sound/core/timer.c' l='745' u='a' c='snd_timer_process_callbacks'/>
<use f='linux-5.3.1/sound/core/timer.c' l='748' u='a' c='snd_timer_process_callbacks'/>
<use f='linux-5.3.1/sound/core/timer.c' l='760' u='a' c='snd_timer_clear_callbacks'/>
<use f='linux-5.3.1/sound/core/timer.c' l='763' u='a' c='snd_timer_clear_callbacks'/>
<use f='linux-5.3.1/sound/core/timer.c' l='780' u='a' c='snd_timer_tasklet'/>
<use f='linux-5.3.1/sound/core/timer.c' l='782' u='a' c='snd_timer_tasklet'/>
<use f='linux-5.3.1/sound/core/timer.c' l='807' u='a' c='snd_timer_interrupt'/>
<use f='linux-5.3.1/sound/core/timer.c' l='874' u='a' c='snd_timer_interrupt'/>
<use f='linux-5.3.1/sound/core/timer.c' l='920' u='a' c='snd_timer_new'/>
<use f='linux-5.3.1/sound/core/timer.c' l='920' u='a' c='snd_timer_new'/>
<use f='linux-5.3.1/sound/core/timer.c' l='1038' u='a' c='snd_timer_notify'/>
<use f='linux-5.3.1/sound/core/timer.c' l='1050' u='a' c='snd_timer_notify'/>
<use f='linux-5.3.1/sound/core/timer.c' l='1679' u='a' c='snd_timer_user_gstatus'/>
<use f='linux-5.3.1/sound/core/timer.c' l='1688' u='a' c='snd_timer_user_gstatus'/>
<use f='linux-5.3.1/sound/core/timer.c' l='1818' u='a' c='snd_timer_user_params'/>
<use f='linux-5.3.1/sound/core/timer.c' l='1828' u='a' c='snd_timer_user_params'/>
