<dec f='linux-5.3.1/sound/core/seq/seq_prioq.h' l='18' type='spinlock_t'/>
<offset>160</offset>
<use f='linux-5.3.1/sound/core/seq/seq_prioq.c' l='50' u='a' c='snd_seq_prioq_new'/>
<use f='linux-5.3.1/sound/core/seq/seq_prioq.c' l='50' u='a' c='snd_seq_prioq_new'/>
<use f='linux-5.3.1/sound/core/seq/seq_prioq.c' l='145' u='a' c='snd_seq_prioq_cell_in'/>
<use f='linux-5.3.1/sound/core/seq/seq_prioq.c' l='157' u='a' c='snd_seq_prioq_cell_in'/>
<use f='linux-5.3.1/sound/core/seq/seq_prioq.c' l='182' u='a' c='snd_seq_prioq_cell_in'/>
<use f='linux-5.3.1/sound/core/seq/seq_prioq.c' l='198' u='a' c='snd_seq_prioq_cell_in'/>
<use f='linux-5.3.1/sound/core/seq/seq_prioq.c' l='222' u='a' c='snd_seq_prioq_cell_out'/>
<use f='linux-5.3.1/sound/core/seq/seq_prioq.c' l='238' u='a' c='snd_seq_prioq_cell_out'/>
<use f='linux-5.3.1/sound/core/seq/seq_prioq.c' l='283' u='a' c='snd_seq_prioq_leave'/>
<use f='linux-5.3.1/sound/core/seq/seq_prioq.c' l='318' u='a' c='snd_seq_prioq_leave'/>
<use f='linux-5.3.1/sound/core/seq/seq_prioq.c' l='393' u='a' c='snd_seq_prioq_remove_events'/>
<use f='linux-5.3.1/sound/core/seq/seq_prioq.c' l='426' u='a' c='snd_seq_prioq_remove_events'/>
