<dec f='linux-5.3.1/include/linux/srcutree.h' l='30' type='spinlock_t'/>
<offset>512</offset>
<doc f='linux-5.3.1/include/linux/srcutree.h' l='29'>/* Update-side state. */</doc>
<use f='linux-5.3.1/kernel/rcu/srcutree.c' l='135' u='a' c='init_srcu_struct_nodes'/>
<use f='linux-5.3.1/kernel/rcu/srcutree.c' l='135' u='a' c='init_srcu_struct_nodes'/>
<use f='linux-5.3.1/kernel/rcu/srcutree.c' l='53' u='a' c='srcu_gp_start'/>
<use f='linux-5.3.1/kernel/rcu/srcutree.c' l='57' u='a' c='srcu_gp_start'/>
<use f='linux-5.3.1/kernel/rcu/srcutree.c' l='70' u='a' c='srcu_gp_end'/>
<use f='linux-5.3.1/kernel/rcu/srcutree.c' l='75' u='a' c='srcu_gp_end'/>
<use f='linux-5.3.1/kernel/rcu/srcutree.c' l='53' u='a' c='__call_srcu'/>
<use f='linux-5.3.1/kernel/rcu/srcutree.c' l='75' u='a' c='__call_srcu'/>
<use f='linux-5.3.1/kernel/rcu/srcutree.c' l='61' u='a' c='srcu_barrier'/>
<use f='linux-5.3.1/kernel/rcu/srcutree.c' l='66' u='a' c='srcu_barrier'/>
<use f='linux-5.3.1/kernel/rcu/srcutree.c' l='61' u='a' c='srcu_invoke_callbacks'/>
<use f='linux-5.3.1/kernel/rcu/srcutree.c' l='66' u='a' c='srcu_invoke_callbacks'/>
<use f='linux-5.3.1/kernel/rcu/srcutree.c' l='66' u='a' c='srcu_invoke_callbacks'/>
<use f='linux-5.3.1/kernel/rcu/srcutree.c' l='61' u='a' c='srcu_invoke_callbacks'/>
<use f='linux-5.3.1/kernel/rcu/srcutree.c' l='66' u='a' c='srcu_invoke_callbacks'/>
