<dec f='linux-5.3.1/net/mac80211/sta_info.h' l='534' type='spinlock_t'/>
<offset>1568</offset>
<use f='linux-5.3.1/net/mac80211/agg-tx.c' l='146' u='a' c='ieee80211_assign_tid_tx'/>
<use f='linux-5.3.1/net/mac80211/agg-tx.c' l='273' u='a' c='ieee80211_remove_tid_tx'/>
<use f='linux-5.3.1/net/mac80211/agg-tx.c' l='329' u='a' c='___ieee80211_stop_tx_ba_session'/>
<use f='linux-5.3.1/net/mac80211/agg-tx.c' l='338' u='a' c='___ieee80211_stop_tx_ba_session'/>
<use f='linux-5.3.1/net/mac80211/agg-tx.c' l='347' u='a' c='___ieee80211_stop_tx_ba_session'/>
<use f='linux-5.3.1/net/mac80211/agg-tx.c' l='359' u='a' c='___ieee80211_stop_tx_ba_session'/>
<use f='linux-5.3.1/net/mac80211/agg-tx.c' l='368' u='a' c='___ieee80211_stop_tx_ba_session'/>
<use f='linux-5.3.1/net/mac80211/agg-tx.c' l='492' u='a' c='ieee80211_tx_ba_session_handle_start'/>
<use f='linux-5.3.1/net/mac80211/agg-tx.c' l='496' u='a' c='ieee80211_tx_ba_session_handle_start'/>
<use f='linux-5.3.1/net/mac80211/agg-tx.c' l='509' u='a' c='ieee80211_tx_ba_session_handle_start'/>
<use f='linux-5.3.1/net/mac80211/agg-tx.c' l='512' u='a' c='ieee80211_tx_ba_session_handle_start'/>
<use f='linux-5.3.1/net/mac80211/agg-tx.c' l='625' u='a' c='ieee80211_start_tx_ba_session'/>
<use f='linux-5.3.1/net/mac80211/agg-tx.c' l='693' u='a' c='ieee80211_start_tx_ba_session'/>
<use f='linux-5.3.1/net/mac80211/agg-tx.c' l='725' u='a' c='ieee80211_agg_tx_operational'/>
<use f='linux-5.3.1/net/mac80211/agg-tx.c' l='736' u='a' c='ieee80211_agg_tx_operational'/>
<use f='linux-5.3.1/net/mac80211/agg-tx.c' l='832' u='a' c='ieee80211_stop_tx_ba_session'/>
<use f='linux-5.3.1/net/mac80211/agg-tx.c' l='853' u='a' c='ieee80211_stop_tx_ba_session'/>
<use f='linux-5.3.1/net/mac80211/agg-tx.c' l='867' u='a' c='ieee80211_stop_tx_ba_cb'/>
<use f='linux-5.3.1/net/mac80211/agg-tx.c' l='882' u='a' c='ieee80211_stop_tx_ba_cb'/>
<use f='linux-5.3.1/net/mac80211/ht.c' l='370' u='a' c='ieee80211_ba_session_work'/>
<use f='linux-5.3.1/net/mac80211/ht.c' l='385' u='a' c='ieee80211_ba_session_work'/>
<use f='linux-5.3.1/net/mac80211/ht.c' l='390' u='a' c='ieee80211_ba_session_work'/>
<use f='linux-5.3.1/net/mac80211/rx.c' l='4079' u='a' c='ieee80211_check_fast_rx'/>
<use f='linux-5.3.1/net/mac80211/rx.c' l='4082' u='a' c='ieee80211_check_fast_rx'/>
<use f='linux-5.3.1/net/mac80211/rx.c' l='4092' u='a' c='ieee80211_clear_fast_rx'/>
<use f='linux-5.3.1/net/mac80211/rx.c' l='4095' u='a' c='ieee80211_clear_fast_rx'/>
<use f='linux-5.3.1/net/mac80211/sta_info.c' l='322' u='a' c='sta_info_alloc'/>
<use f='linux-5.3.1/net/mac80211/sta_info.c' l='322' u='a' c='sta_info_alloc'/>
<use f='linux-5.3.1/net/mac80211/tx.c' l='1093' u='a' c='ieee80211_tx_prep_agg'/>
<use f='linux-5.3.1/net/mac80211/tx.c' l='1134' u='a' c='ieee80211_tx_prep_agg'/>
<use f='linux-5.3.1/net/mac80211/tx.c' l='2884' u='a' c='ieee80211_check_fast_xmit'/>
<use f='linux-5.3.1/net/mac80211/tx.c' l='3085' u='a' c='ieee80211_check_fast_xmit'/>
<use f='linux-5.3.1/net/mac80211/tx.c' l='3119' u='a' c='ieee80211_clear_fast_xmit'/>
<use f='linux-5.3.1/net/mac80211/tx.c' l='3123' u='a' c='ieee80211_clear_fast_xmit'/>
