<dec f='linux-5.3.1/security/selinux/include/objsec.h' l='80' type='struct mutex'/>
<use f='linux-5.3.1/security/selinux/hooks.c' l='374' u='a' c='superblock_alloc_security'/>
<use f='linux-5.3.1/security/selinux/hooks.c' l='658' u='a' c='selinux_set_mnt_opts'/>
<use f='linux-5.3.1/security/selinux/hooks.c' l='872' u='a' c='selinux_set_mnt_opts'/>
<use f='linux-5.3.1/security/selinux/hooks.c' l='949' u='a' c='selinux_sb_clone_mnt_opts'/>
<use f='linux-5.3.1/security/selinux/hooks.c' l='989' u='a' c='selinux_sb_clone_mnt_opts'/>
<offset>192</offset>
