<dec f='linux-5.3.1/include/linux/swap.h' l='204' type='spinlock_t'/>
<offset>0</offset>
<doc f='linux-5.3.1/include/linux/swap.h' l='204'>/*
				 * Protect swap_cluster_info fields
				 * and swap_info_struct-&gt;swap_map
				 * elements correspond to the swap
				 * cluster
				 */</doc>
<use f='linux-5.3.1/mm/swapfile.c' l='346' u='a' c='lock_cluster'/>
<use f='linux-5.3.1/mm/swapfile.c' l='354' u='a' c='unlock_cluster'/>
<use f='linux-5.3.1/mm/swapfile.c' l='416' u='a' c='cluster_list_add_tail'/>
<use f='linux-5.3.1/mm/swapfile.c' l='418' u='a' c='cluster_list_add_tail'/>
<use f='linux-5.3.1/mm/swapfile.c' l='3211' u='a' c='__do_sys_swapon'/>
<use f='linux-5.3.1/mm/swapfile.c' l='3211' u='a' c='__do_sys_swapon'/>
