<dec f='linux-5.3.1/include/linux/delayacct.h' l='22' type='raw_spinlock_t'/>
<offset>0</offset>
<use f='linux-5.3.1/kernel/delayacct.c' l='38' u='a' c='__delayacct_tsk_init'/>
<use f='linux-5.3.1/kernel/delayacct.c' l='82' u='a' c='__delayacct_blkio_end'/>
<use f='linux-5.3.1/kernel/delayacct.c' l='122' u='a' c='__delayacct_add_tsk'/>
<use f='linux-5.3.1/kernel/delayacct.c' l='135' u='a' c='__delayacct_add_tsk'/>
<use f='linux-5.3.1/kernel/delayacct.c' l='145' u='a' c='__delayacct_blkio_ticks'/>
<use f='linux-5.3.1/kernel/delayacct.c' l='148' u='a' c='__delayacct_blkio_ticks'/>
<use f='linux-5.3.1/kernel/delayacct.c' l='160' u='a' c='__delayacct_freepages_end'/>
<use f='linux-5.3.1/kernel/delayacct.c' l='173' u='a' c='__delayacct_thrashing_end'/>
