<dec f='linux-5.3.1/include/net/act_api.h' l='16' type='struct mutex'/>
<use f='linux-5.3.1/include/net/act_api.h' l='122' u='a' c='tc_action_net_init'/>
<offset>0</offset>
<use f='linux-5.3.1/net/sched/act_api.c' l='129' u='a' c='__tcf_action_put'/>
<use f='linux-5.3.1/net/sched/act_api.c' l='133' u='a' c='__tcf_action_put'/>
<use f='linux-5.3.1/net/sched/act_api.c' l='226' u='a' c='tcf_dump_walker'/>
<use f='linux-5.3.1/net/sched/act_api.c' l='261' u='a' c='tcf_dump_walker'/>
<use f='linux-5.3.1/net/sched/act_api.c' l='304' u='a' c='tcf_del_walker'/>
<use f='linux-5.3.1/net/sched/act_api.c' l='311' u='a' c='tcf_del_walker'/>
<use f='linux-5.3.1/net/sched/act_api.c' l='315' u='a' c='tcf_del_walker'/>
<use f='linux-5.3.1/net/sched/act_api.c' l='351' u='a' c='tcf_idr_search'/>
<use f='linux-5.3.1/net/sched/act_api.c' l='357' u='a' c='tcf_idr_search'/>
<use f='linux-5.3.1/net/sched/act_api.c' l='372' u='a' c='tcf_idr_delete_index'/>
<use f='linux-5.3.1/net/sched/act_api.c' l='375' u='a' c='tcf_idr_delete_index'/>
<use f='linux-5.3.1/net/sched/act_api.c' l='385' u='a' c='tcf_idr_delete_index'/>
<use f='linux-5.3.1/net/sched/act_api.c' l='396' u='a' c='tcf_idr_delete_index'/>
<use f='linux-5.3.1/net/sched/act_api.c' l='458' u='a' c='tcf_idr_insert'/>
<use f='linux-5.3.1/net/sched/act_api.c' l='461' u='a' c='tcf_idr_insert'/>
<use f='linux-5.3.1/net/sched/act_api.c' l='471' u='a' c='tcf_idr_cleanup'/>
<use f='linux-5.3.1/net/sched/act_api.c' l='474' u='a' c='tcf_idr_cleanup'/>
<use f='linux-5.3.1/net/sched/act_api.c' l='492' u='a' c='tcf_idr_check_alloc'/>
<use f='linux-5.3.1/net/sched/act_api.c' l='499' u='a' c='tcf_idr_check_alloc'/>
<use f='linux-5.3.1/net/sched/act_api.c' l='526' u='a' c='tcf_idr_check_alloc'/>
