<dec f='linux-5.3.1/include/net/sch_generic.h' l='358' type='spinlock_t'/>
<offset>448</offset>
<doc f='linux-5.3.1/include/net/sch_generic.h' l='355'>/* Lock protects tcf_proto shared state and can be used by unlocked
	 * classifiers to protect their private data.
	 */</doc>
<use f='linux-5.3.1/net/sched/cls_api.c' l='201' u='a' c='tcf_proto_create'/>
<use f='linux-5.3.1/net/sched/cls_api.c' l='201' u='a' c='tcf_proto_create'/>
<use f='linux-5.3.1/net/sched/cls_api.c' l='262' u='a' c='tcf_proto_check_delete'/>
<use f='linux-5.3.1/net/sched/cls_api.c' l='265' u='a' c='tcf_proto_check_delete'/>
<use f='linux-5.3.1/net/sched/cls_api.c' l='271' u='a' c='tcf_proto_mark_delete'/>
<use f='linux-5.3.1/net/sched/cls_api.c' l='273' u='a' c='tcf_proto_mark_delete'/>
<use f='linux-5.3.1/net/sched/cls_api.c' l='280' u='a' c='tcf_proto_is_deleting'/>
<use f='linux-5.3.1/net/sched/cls_api.c' l='282' u='a' c='tcf_proto_is_deleting'/>
