<dec f='linux-5.3.1/include/linux/thermal.h' l='218' type='struct mutex'/>
<offset>7424</offset>
<use f='linux-5.3.1/drivers/thermal/step_wise.c' l='143' u='a' c='thermal_zone_trip_update'/>
<use f='linux-5.3.1/drivers/thermal/step_wise.c' l='172' u='a' c='thermal_zone_trip_update'/>
<use f='linux-5.3.1/drivers/thermal/step_wise.c' l='195' u='a' c='step_wise_throttle'/>
<use f='linux-5.3.1/drivers/thermal/step_wise.c' l='200' u='a' c='step_wise_throttle'/>
<use f='linux-5.3.1/drivers/thermal/thermal_core.c' l='212' u='a' c='thermal_zone_device_set_policy'/>
<use f='linux-5.3.1/drivers/thermal/thermal_core.c' l='221' u='a' c='thermal_zone_device_set_policy'/>
<use f='linux-5.3.1/drivers/thermal/thermal_core.c' l='312' u='a' c='monitor_thermal_zone'/>
<use f='linux-5.3.1/drivers/thermal/thermal_core.c' l='321' u='a' c='monitor_thermal_zone'/>
<use f='linux-5.3.1/drivers/thermal/thermal_core.c' l='446' u='a' c='update_temperature'/>
<use f='linux-5.3.1/drivers/thermal/thermal_core.c' l='449' u='a' c='update_temperature'/>
<use f='linux-5.3.1/drivers/thermal/thermal_core.c' l='761' u='a' c='thermal_zone_bind_cooling_device'/>
<use f='linux-5.3.1/drivers/thermal/thermal_core.c' l='774' u='a' c='thermal_zone_bind_cooling_device'/>
<use f='linux-5.3.1/drivers/thermal/thermal_core.c' l='812' u='a' c='thermal_zone_unbind_cooling_device'/>
<use f='linux-5.3.1/drivers/thermal/thermal_core.c' l='819' u='a' c='thermal_zone_unbind_cooling_device'/>
<use f='linux-5.3.1/drivers/thermal/thermal_core.c' l='824' u='a' c='thermal_zone_unbind_cooling_device'/>
<use f='linux-5.3.1/drivers/thermal/thermal_core.c' l='1268' u='a' c='thermal_zone_device_register'/>
<use f='linux-5.3.1/drivers/thermal/thermal_core.c' l='1414' u='a' c='thermal_zone_device_unregister'/>
<use f='linux-5.3.1/drivers/thermal/thermal_helpers.c' l='50' u='a' c='get_thermal_instance'/>
<use f='linux-5.3.1/drivers/thermal/thermal_helpers.c' l='61' u='a' c='get_thermal_instance'/>
<use f='linux-5.3.1/drivers/thermal/thermal_helpers.c' l='87' u='a' c='thermal_zone_get_temp'/>
<use f='linux-5.3.1/drivers/thermal/thermal_helpers.c' l='110' u='a' c='thermal_zone_get_temp'/>
<use f='linux-5.3.1/drivers/thermal/thermal_helpers.c' l='123' u='a' c='thermal_zone_set_trips'/>
<use f='linux-5.3.1/drivers/thermal/thermal_helpers.c' l='162' u='a' c='thermal_zone_set_trips'/>
<use f='linux-5.3.1/drivers/thermal/user_space.c' l='30' u='a' c='notify_user_space'/>
<use f='linux-5.3.1/drivers/thermal/user_space.c' l='39' u='a' c='notify_user_space'/>
