<dec f='linux-5.3.1/include/linux/thermal.h' l='139' type='struct mutex'/>
<offset>6208</offset>
<doc f='linux-5.3.1/include/linux/thermal.h' l='139'>/* protect thermal_instances list */</doc>
<use f='linux-5.3.1/drivers/thermal/step_wise.c' l='167' u='a' c='thermal_zone_trip_update'/>
<use f='linux-5.3.1/drivers/thermal/step_wise.c' l='169' u='a' c='thermal_zone_trip_update'/>
<use f='linux-5.3.1/drivers/thermal/thermal_core.c' l='604' u='a' c='power_actor_set_power'/>
<use f='linux-5.3.1/drivers/thermal/thermal_core.c' l='606' u='a' c='power_actor_set_power'/>
<use f='linux-5.3.1/drivers/thermal/thermal_core.c' l='762' u='a' c='thermal_zone_bind_cooling_device'/>
<use f='linux-5.3.1/drivers/thermal/thermal_core.c' l='773' u='a' c='thermal_zone_bind_cooling_device'/>
<use f='linux-5.3.1/drivers/thermal/thermal_core.c' l='813' u='a' c='thermal_zone_unbind_cooling_device'/>
<use f='linux-5.3.1/drivers/thermal/thermal_core.c' l='818' u='a' c='thermal_zone_unbind_cooling_device'/>
<use f='linux-5.3.1/drivers/thermal/thermal_core.c' l='823' u='a' c='thermal_zone_unbind_cooling_device'/>
<use f='linux-5.3.1/drivers/thermal/thermal_core.c' l='976' u='a' c='__thermal_cooling_device_register'/>
<use f='linux-5.3.1/drivers/thermal/thermal_helpers.c' l='51' u='a' c='get_thermal_instance'/>
<use f='linux-5.3.1/drivers/thermal/thermal_helpers.c' l='60' u='a' c='get_thermal_instance'/>
<use f='linux-5.3.1/drivers/thermal/thermal_helpers.c' l='171' u='a' c='thermal_cdev_update'/>
<use f='linux-5.3.1/drivers/thermal/thermal_helpers.c' l='174' u='a' c='thermal_cdev_update'/>
<use f='linux-5.3.1/drivers/thermal/thermal_helpers.c' l='192' u='a' c='thermal_cdev_update'/>
<use f='linux-5.3.1/drivers/thermal/thermal_sysfs.c' l='715' u='a' c='cur_state_store'/>
<use f='linux-5.3.1/drivers/thermal/thermal_sysfs.c' l='721' u='a' c='cur_state_store'/>
