<dec f='linux-5.3.1/drivers/ptp/ptp_private.h' l='26' type='spinlock_t'/>
<use f='linux-5.3.1/drivers/ptp/ptp_chardev.c' l='364' u='a' c='ptp_read'/>
<use f='linux-5.3.1/drivers/ptp/ptp_chardev.c' l='376' u='a' c='ptp_read'/>
<offset>32832</offset>
<use f='linux-5.3.1/drivers/ptp/ptp_clock.c' l='51' u='a' c='enqueue_external_timestamp'/>
<use f='linux-5.3.1/drivers/ptp/ptp_clock.c' l='63' u='a' c='enqueue_external_timestamp'/>
<use f='linux-5.3.1/drivers/ptp/ptp_clock.c' l='220' u='a' c='ptp_clock_register'/>
<use f='linux-5.3.1/drivers/ptp/ptp_clock.c' l='220' u='a' c='ptp_clock_register'/>
<use f='linux-5.3.1/drivers/ptp/ptp_sysfs.c' l='77' u='a' c='extts_fifo_show'/>
<use f='linux-5.3.1/drivers/ptp/ptp_sysfs.c' l='83' u='a' c='extts_fifo_show'/>
