<dec f='linux-5.3.1/include/linux/tty.h' l='88' type='struct mutex'/>
<offset>320</offset>
<use f='linux-5.3.1/drivers/tty/tty_buffer.c' l='61' u='a' c='tty_buffer_lock_exclusive'/>
<use f='linux-5.3.1/drivers/tty/tty_buffer.c' l='73' u='a' c='tty_buffer_unlock_exclusive'/>
<use f='linux-5.3.1/drivers/tty/tty_buffer.c' l='227' u='a' c='tty_buffer_flush'/>
<use f='linux-5.3.1/drivers/tty/tty_buffer.c' l='241' u='a' c='tty_buffer_flush'/>
<use f='linux-5.3.1/drivers/tty/tty_buffer.c' l='505' u='a' c='flush_to_ldisc'/>
<use f='linux-5.3.1/drivers/tty/tty_buffer.c' l='539' u='a' c='flush_to_ldisc'/>
<use f='linux-5.3.1/drivers/tty/tty_buffer.c' l='572' u='a' c='tty_buffer_init'/>
