<dec f='linux-5.3.1/include/linux/serial_core.h' l='106' type='spinlock_t'/>
<use f='linux-5.3.1/include/linux/serial_core.h' l='511' u='a' c='uart_unlock_and_check_sysrq'/>
<offset>0</offset>
<doc f='linux-5.3.1/include/linux/serial_core.h' l='106'>/* port lock */</doc>
<use f='linux-5.3.1/drivers/tty/serial/8250/8250_core.c' l='272' u='a' c='serial8250_backup_timeout'/>
<use f='linux-5.3.1/drivers/tty/serial/8250/8250_core.c' l='306' u='a' c='serial8250_backup_timeout'/>
<use f='linux-5.3.1/drivers/tty/serial/8250/8250_core.c' l='954' u='a' c='serial_8250_overrun_backoff_work'/>
<use f='linux-5.3.1/drivers/tty/serial/8250/8250_core.c' l='958' u='a' c='serial_8250_overrun_backoff_work'/>
<use f='linux-5.3.1/drivers/tty/serial/8250/8250_core.c' l='1127' u='a' c='serial8250_unregister_port'/>
<use f='linux-5.3.1/drivers/tty/serial/8250/8250_core.c' l='1129' u='a' c='serial8250_unregister_port'/>
<use f='linux-5.3.1/drivers/tty/serial/8250/8250_dma.c' l='25' u='a' c='__dma_tx_complete'/>
<use f='linux-5.3.1/drivers/tty/serial/8250/8250_dma.c' l='40' u='a' c='__dma_tx_complete'/>
<use f='linux-5.3.1/drivers/tty/serial/8250/8250_port.c' l='774' u='a' c='enable_rsa'/>
<use f='linux-5.3.1/drivers/tty/serial/8250/8250_port.c' l='776' u='a' c='enable_rsa'/>
<use f='linux-5.3.1/drivers/tty/serial/8250/8250_port.c' l='796' u='a' c='disable_rsa'/>
<use f='linux-5.3.1/drivers/tty/serial/8250/8250_port.c' l='809' u='a' c='disable_rsa'/>
<use f='linux-5.3.1/drivers/tty/serial/8250/8250_port.c' l='1220' u='a' c='autoconfig'/>
<use f='linux-5.3.1/drivers/tty/serial/8250/8250_port.c' l='1259' u='a' c='autoconfig'/>
<use f='linux-5.3.1/drivers/tty/serial/8250/8250_port.c' l='1283' u='a' c='autoconfig'/>
<use f='linux-5.3.1/drivers/tty/serial/8250/8250_port.c' l='1356' u='a' c='autoconfig'/>
<use f='linux-5.3.1/drivers/tty/serial/8250/8250_port.c' l='1467' u='a' c='serial8250_em485_handle_stop_tx'/>
<use f='linux-5.3.1/drivers/tty/serial/8250/8250_port.c' l='1472' u='a' c='serial8250_em485_handle_stop_tx'/>
<use f='linux-5.3.1/drivers/tty/serial/8250/8250_port.c' l='1615' u='a' c='serial8250_em485_handle_start_tx'/>
<use f='linux-5.3.1/drivers/tty/serial/8250/8250_port.c' l='1620' u='a' c='serial8250_em485_handle_start_tx'/>
<use f='linux-5.3.1/drivers/tty/serial/8250/8250_port.c' l='1866' u='a' c='serial8250_handle_irq'/>
<use f='linux-5.3.1/drivers/tty/serial/8250/8250_port.c' l='1914' u='a' c='serial8250_tx_threshold_handle_irq'/>
<use f='linux-5.3.1/drivers/tty/serial/8250/8250_port.c' l='1916' u='a' c='serial8250_tx_threshold_handle_irq'/>
<use f='linux-5.3.1/drivers/tty/serial/8250/8250_port.c' l='1931' u='a' c='serial8250_tx_empty'/>
<use f='linux-5.3.1/drivers/tty/serial/8250/8250_port.c' l='1934' u='a' c='serial8250_tx_empty'/>
<use f='linux-5.3.1/drivers/tty/serial/8250/8250_port.c' l='1993' u='a' c='serial8250_break_ctl'/>
<use f='linux-5.3.1/drivers/tty/serial/8250/8250_port.c' l='1999' u='a' c='serial8250_break_ctl'/>
<use f='linux-5.3.1/drivers/tty/serial/8250/8250_port.c' l='2250' u='a' c='serial8250_do_startup'/>
<use f='linux-5.3.1/drivers/tty/serial/8250/8250_port.c' l='2266' u='a' c='serial8250_do_startup'/>
<use f='linux-5.3.1/drivers/tty/serial/8250/8250_port.c' l='2288' u='a' c='serial8250_do_startup'/>
<use f='linux-5.3.1/drivers/tty/serial/8250/8250_port.c' l='2335' u='a' c='serial8250_do_startup'/>
<use f='linux-5.3.1/drivers/tty/serial/8250/8250_port.c' l='2402' u='a' c='serial8250_do_shutdown'/>
<use f='linux-5.3.1/drivers/tty/serial/8250/8250_port.c' l='2405' u='a' c='serial8250_do_shutdown'/>
<use f='linux-5.3.1/drivers/tty/serial/8250/8250_port.c' l='2412' u='a' c='serial8250_do_shutdown'/>
<use f='linux-5.3.1/drivers/tty/serial/8250/8250_port.c' l='2421' u='a' c='serial8250_do_shutdown'/>
<use f='linux-5.3.1/drivers/tty/serial/8250/8250_port.c' l='2647' u='a' c='serial8250_do_set_termios'/>
<use f='linux-5.3.1/drivers/tty/serial/8250/8250_port.c' l='2751' u='a' c='serial8250_do_set_termios'/>
<use f='linux-5.3.1/drivers/tty/serial/8250/8250_port.c' l='2774' u='a' c='serial8250_do_set_ldisc'/>
<use f='linux-5.3.1/drivers/tty/serial/8250/8250_port.c' l='2776' u='a' c='serial8250_do_set_ldisc'/>
<use f='linux-5.3.1/drivers/tty/serial/8250/8250_port.c' l='2780' u='a' c='serial8250_do_set_ldisc'/>
<use f='linux-5.3.1/drivers/tty/serial/8250/8250_port.c' l='2782' u='a' c='serial8250_do_set_ldisc'/>
<use f='linux-5.3.1/drivers/tty/serial/8250/8250_port.c' l='3143' u='a' c='serial8250_init_port'/>
<use f='linux-5.3.1/drivers/tty/serial/8250/8250_port.c' l='3143' u='a' c='serial8250_init_port'/>
<use f='linux-5.3.1/drivers/tty/serial/8250/8250_port.c' l='3227' u='a' c='serial8250_console_write'/>
<use f='linux-5.3.1/drivers/tty/serial/8250/8250_port.c' l='3229' u='a' c='serial8250_console_write'/>
<use f='linux-5.3.1/drivers/tty/serial/8250/8250_port.c' l='3267' u='a' c='serial8250_console_write'/>
<use f='linux-5.3.1/drivers/tty/serial/earlycon.c' l='136' u='a' c='register_earlycon'/>
<use f='linux-5.3.1/drivers/tty/serial/earlycon.c' l='136' u='a' c='register_earlycon'/>
<use f='linux-5.3.1/drivers/tty/serial/serial_core.c' l='72' u='a' c='uart_stop'/>
<use f='linux-5.3.1/drivers/tty/serial/serial_core.c' l='80' u='a' c='uart_stop'/>
<use f='linux-5.3.1/drivers/tty/serial/serial_core.c' l='72' u='a' c='uart_start'/>
<use f='linux-5.3.1/drivers/tty/serial/serial_core.c' l='80' u='a' c='uart_start'/>
<use f='linux-5.3.1/drivers/tty/serial/serial_core.c' l='144' u='a' c='uart_update_mctrl'/>
<use f='linux-5.3.1/drivers/tty/serial/serial_core.c' l='149' u='a' c='uart_update_mctrl'/>
<use f='linux-5.3.1/drivers/tty/serial/serial_core.c' l='72' u='a' c='uart_port_startup'/>
<use f='linux-5.3.1/drivers/tty/serial/serial_core.c' l='80' u='a' c='uart_port_startup'/>
<use f='linux-5.3.1/drivers/tty/serial/serial_core.c' l='80' u='a' c='uart_port_startup'/>
<use f='linux-5.3.1/drivers/tty/serial/serial_core.c' l='72' u='a' c='uart_shutdown'/>
<use f='linux-5.3.1/drivers/tty/serial/serial_core.c' l='80' u='a' c='uart_shutdown'/>
<use f='linux-5.3.1/drivers/tty/serial/serial_core.c' l='519' u='a' c='uart_change_speed'/>
<use f='linux-5.3.1/drivers/tty/serial/serial_core.c' l='541' u='a' c='uart_change_speed'/>
<use f='linux-5.3.1/drivers/tty/serial/serial_core.c' l='72' u='a' c='uart_put_char'/>
<use f='linux-5.3.1/drivers/tty/serial/serial_core.c' l='80' u='a' c='uart_put_char'/>
<use f='linux-5.3.1/drivers/tty/serial/serial_core.c' l='80' u='a' c='uart_put_char'/>
<use f='linux-5.3.1/drivers/tty/serial/serial_core.c' l='72' u='a' c='uart_write'/>
<use f='linux-5.3.1/drivers/tty/serial/serial_core.c' l='80' u='a' c='uart_write'/>
<use f='linux-5.3.1/drivers/tty/serial/serial_core.c' l='80' u='a' c='uart_write'/>
<use f='linux-5.3.1/drivers/tty/serial/serial_core.c' l='72' u='a' c='uart_write_room'/>
<use f='linux-5.3.1/drivers/tty/serial/serial_core.c' l='80' u='a' c='uart_write_room'/>
<use f='linux-5.3.1/drivers/tty/serial/serial_core.c' l='72' u='a' c='uart_chars_in_buffer'/>
<use f='linux-5.3.1/drivers/tty/serial/serial_core.c' l='80' u='a' c='uart_chars_in_buffer'/>
<use f='linux-5.3.1/drivers/tty/serial/serial_core.c' l='72' u='a' c='uart_flush_buffer'/>
<use f='linux-5.3.1/drivers/tty/serial/serial_core.c' l='80' u='a' c='uart_flush_buffer'/>
<use f='linux-5.3.1/drivers/tty/serial/serial_core.c' l='686' u='a' c='uart_send_xchar'/>
<use f='linux-5.3.1/drivers/tty/serial/serial_core.c' l='690' u='a' c='uart_send_xchar'/>
<use f='linux-5.3.1/drivers/tty/serial/serial_core.c' l='1066' u='a' c='uart_tiocmget'/>
<use f='linux-5.3.1/drivers/tty/serial/serial_core.c' l='1068' u='a' c='uart_tiocmget'/>
<use f='linux-5.3.1/drivers/tty/serial/serial_core.c' l='1204' u='a' c='uart_wait_modem_status'/>
<use f='linux-5.3.1/drivers/tty/serial/serial_core.c' l='1207' u='a' c='uart_wait_modem_status'/>
<use f='linux-5.3.1/drivers/tty/serial/serial_core.c' l='1211' u='a' c='uart_wait_modem_status'/>
<use f='linux-5.3.1/drivers/tty/serial/serial_core.c' l='1213' u='a' c='uart_wait_modem_status'/>
<use f='linux-5.3.1/drivers/tty/serial/serial_core.c' l='1258' u='a' c='uart_get_icount'/>
<use f='linux-5.3.1/drivers/tty/serial/serial_core.c' l='1260' u='a' c='uart_get_icount'/>
<use f='linux-5.3.1/drivers/tty/serial/serial_core.c' l='1284' u='a' c='uart_get_rs485_config'/>
<use f='linux-5.3.1/drivers/tty/serial/serial_core.c' l='1286' u='a' c='uart_get_rs485_config'/>
<use f='linux-5.3.1/drivers/tty/serial/serial_core.c' l='1307' u='a' c='uart_set_rs485_config'/>
<use f='linux-5.3.1/drivers/tty/serial/serial_core.c' l='1309' u='a' c='uart_set_rs485_config'/>
<use f='linux-5.3.1/drivers/tty/serial/serial_core.c' l='1328' u='a' c='uart_get_iso7816_config'/>
<use f='linux-5.3.1/drivers/tty/serial/serial_core.c' l='1330' u='a' c='uart_get_iso7816_config'/>
<use f='linux-5.3.1/drivers/tty/serial/serial_core.c' l='1359' u='a' c='uart_set_iso7816_config'/>
<use f='linux-5.3.1/drivers/tty/serial/serial_core.c' l='1361' u='a' c='uart_set_iso7816_config'/>
<use f='linux-5.3.1/drivers/tty/serial/serial_core.c' l='1566' u='a' c='uart_tty_port_shutdown'/>
<use f='linux-5.3.1/drivers/tty/serial/serial_core.c' l='1568' u='a' c='uart_tty_port_shutdown'/>
<use f='linux-5.3.1/drivers/tty/serial/serial_core.c' l='1722' u='a' c='uart_carrier_raised'/>
<use f='linux-5.3.1/drivers/tty/serial/serial_core.c' l='1725' u='a' c='uart_carrier_raised'/>
<use f='linux-5.3.1/drivers/tty/serial/serial_core.c' l='1845' u='a' c='uart_line_info'/>
<use f='linux-5.3.1/drivers/tty/serial/serial_core.c' l='1847' u='a' c='uart_line_info'/>
<use f='linux-5.3.1/drivers/tty/serial/serial_core.c' l='2063' u='a' c='uart_set_options'/>
<use f='linux-5.3.1/drivers/tty/serial/serial_core.c' l='2063' u='a' c='uart_set_options'/>
<use f='linux-5.3.1/drivers/tty/serial/serial_core.c' l='2174' u='a' c='uart_suspend_port'/>
<use f='linux-5.3.1/drivers/tty/serial/serial_core.c' l='2178' u='a' c='uart_suspend_port'/>
<use f='linux-5.3.1/drivers/tty/serial/serial_core.c' l='2254' u='a' c='uart_resume_port'/>
<use f='linux-5.3.1/drivers/tty/serial/serial_core.c' l='2256' u='a' c='uart_resume_port'/>
<use f='linux-5.3.1/drivers/tty/serial/serial_core.c' l='2264' u='a' c='uart_resume_port'/>
<use f='linux-5.3.1/drivers/tty/serial/serial_core.c' l='2267' u='a' c='uart_resume_port'/>
<use f='linux-5.3.1/drivers/tty/serial/serial_core.c' l='2361' u='a' c='uart_configure_port'/>
<use f='linux-5.3.1/drivers/tty/serial/serial_core.c' l='2363' u='a' c='uart_configure_port'/>
<use f='linux-5.3.1/drivers/tty/serial/serial_core.c' l='2824' u='a' c='uart_add_one_port'/>
<use f='linux-5.3.1/drivers/tty/serial/serial_core.c' l='2824' u='a' c='uart_add_one_port'/>
<use f='linux-5.3.1/drivers/tty/serial/serial_core.c' l='2992' u='a' c='uart_handle_dcd_change'/>
<use f='linux-5.3.1/drivers/tty/serial/serial_core.c' l='3023' u='a' c='uart_handle_cts_change'/>
