<dec f='linux-5.3.1/include/net/udp.h' l='60' type='spinlock_t'/>
<offset>96</offset>
<use f='linux-5.3.1/net/ipv4/udp.c' l='172' u='a' c='udp_lib_lport_inuse2'/>
<use f='linux-5.3.1/net/ipv4/udp.c' l='191' u='a' c='udp_lib_lport_inuse2'/>
<use f='linux-5.3.1/net/ipv4/udp.c' l='253' u='a' c='udp_lib_get_port'/>
<use f='linux-5.3.1/net/ipv4/udp.c' l='270' u='a' c='udp_lib_get_port'/>
<use f='linux-5.3.1/net/ipv4/udp.c' l='276' u='a' c='udp_lib_get_port'/>
<use f='linux-5.3.1/net/ipv4/udp.c' l='321' u='a' c='udp_lib_get_port'/>
<use f='linux-5.3.1/net/ipv4/udp.c' l='330' u='a' c='udp_lib_get_port'/>
<use f='linux-5.3.1/net/ipv4/udp.c' l='335' u='a' c='udp_lib_get_port'/>
<use f='linux-5.3.1/net/ipv4/udp.c' l='1858' u='a' c='udp_lib_unhash'/>
<use f='linux-5.3.1/net/ipv4/udp.c' l='1866' u='a' c='udp_lib_unhash'/>
<use f='linux-5.3.1/net/ipv4/udp.c' l='1869' u='a' c='udp_lib_unhash'/>
<use f='linux-5.3.1/net/ipv4/udp.c' l='1871' u='a' c='udp_lib_unhash'/>
<use f='linux-5.3.1/net/ipv4/udp.c' l='1894' u='a' c='udp_lib_rehash'/>
<use f='linux-5.3.1/net/ipv4/udp.c' l='1899' u='a' c='udp_lib_rehash'/>
<use f='linux-5.3.1/net/ipv4/udp.c' l='1902' u='a' c='udp_lib_rehash'/>
<use f='linux-5.3.1/net/ipv4/udp.c' l='1904' u='a' c='udp_lib_rehash'/>
<use f='linux-5.3.1/net/ipv4/udp.c' l='1908' u='a' c='udp_lib_rehash'/>
<use f='linux-5.3.1/net/ipv4/udp.c' l='1911' u='a' c='udp_lib_rehash'/>
<use f='linux-5.3.1/net/ipv4/udp.c' l='2790' u='a' c='udp_get_first'/>
<use f='linux-5.3.1/net/ipv4/udp.c' l='2797' u='a' c='udp_get_first'/>
<use f='linux-5.3.1/net/ipv4/udp.c' l='2816' u='a' c='udp_get_next'/>
<use f='linux-5.3.1/net/ipv4/udp.c' l='2861' u='a' c='udp_seq_stop'/>
<use f='linux-5.3.1/net/ipv4/udp.c' l='2981' u='a' c='udp_table_init'/>
<use f='linux-5.3.1/net/ipv4/udp.c' l='2981' u='a' c='udp_table_init'/>
<use f='linux-5.3.1/net/ipv4/udp.c' l='2986' u='a' c='udp_table_init'/>
<use f='linux-5.3.1/net/ipv4/udp.c' l='2986' u='a' c='udp_table_init'/>
