<dec f='linux-5.3.1/include/linux/usb.h' l='1347' type='spinlock_t'/>
<use f='linux-5.3.1/include/linux/usb.h' l='1357' u='a' c='init_usb_anchor'/>
<use f='linux-5.3.1/include/linux/usb.h' l='1357' u='a' c='init_usb_anchor'/>
<offset>320</offset>
<use f='linux-5.3.1/drivers/usb/core/urb.c' l='129' u='a' c='usb_anchor_urb'/>
<use f='linux-5.3.1/drivers/usb/core/urb.c' l='137' u='a' c='usb_anchor_urb'/>
<use f='linux-5.3.1/drivers/usb/core/urb.c' l='175' u='a' c='usb_unanchor_urb'/>
<use f='linux-5.3.1/drivers/usb/core/urb.c' l='183' u='a' c='usb_unanchor_urb'/>
<use f='linux-5.3.1/drivers/usb/core/urb.c' l='787' u='a' c='usb_kill_anchored_urbs'/>
<use f='linux-5.3.1/drivers/usb/core/urb.c' l='793' u='a' c='usb_kill_anchored_urbs'/>
<use f='linux-5.3.1/drivers/usb/core/urb.c' l='797' u='a' c='usb_kill_anchored_urbs'/>
<use f='linux-5.3.1/drivers/usb/core/urb.c' l='799' u='a' c='usb_kill_anchored_urbs'/>
<use f='linux-5.3.1/drivers/usb/core/urb.c' l='819' u='a' c='usb_poison_anchored_urbs'/>
<use f='linux-5.3.1/drivers/usb/core/urb.c' l='826' u='a' c='usb_poison_anchored_urbs'/>
<use f='linux-5.3.1/drivers/usb/core/urb.c' l='830' u='a' c='usb_poison_anchored_urbs'/>
<use f='linux-5.3.1/drivers/usb/core/urb.c' l='832' u='a' c='usb_poison_anchored_urbs'/>
<use f='linux-5.3.1/drivers/usb/core/urb.c' l='848' u='a' c='usb_unpoison_anchored_urbs'/>
<use f='linux-5.3.1/drivers/usb/core/urb.c' l='853' u='a' c='usb_unpoison_anchored_urbs'/>
<use f='linux-5.3.1/drivers/usb/core/urb.c' l='946' u='a' c='usb_get_from_anchor'/>
<use f='linux-5.3.1/drivers/usb/core/urb.c' l='955' u='a' c='usb_get_from_anchor'/>
<use f='linux-5.3.1/drivers/usb/core/urb.c' l='973' u='a' c='usb_scuttle_anchored_urbs'/>
<use f='linux-5.3.1/drivers/usb/core/urb.c' l='979' u='a' c='usb_scuttle_anchored_urbs'/>
