<dec f='linux-5.3.1/drivers/hid/usbhid/usbhid.h' l='83' type='spinlock_t'/>
<offset>83008</offset>
<doc f='linux-5.3.1/drivers/hid/usbhid/usbhid.h' l='83'>/* fifo spinlock */</doc>
<use f='linux-5.3.1/drivers/hid/usbhid/hid-core.c' l='86' u='a' c='hid_start_in'/>
<use f='linux-5.3.1/drivers/hid/usbhid/hid-core.c' l='100' u='a' c='hid_start_in'/>
<use f='linux-5.3.1/drivers/hid/usbhid/hid-core.c' l='148' u='a' c='hid_io_error'/>
<use f='linux-5.3.1/drivers/hid/usbhid/hid-core.c' l='180' u='a' c='hid_io_error'/>
<use f='linux-5.3.1/drivers/hid/usbhid/hid-core.c' l='451' u='a' c='hid_irq_out'/>
<use f='linux-5.3.1/drivers/hid/usbhid/hid-core.c' l='461' u='a' c='hid_irq_out'/>
<use f='linux-5.3.1/drivers/hid/usbhid/hid-core.c' l='467' u='a' c='hid_irq_out'/>
<use f='linux-5.3.1/drivers/hid/usbhid/hid-core.c' l='502' u='a' c='hid_ctrl'/>
<use f='linux-5.3.1/drivers/hid/usbhid/hid-core.c' l='512' u='a' c='hid_ctrl'/>
<use f='linux-5.3.1/drivers/hid/usbhid/hid-core.c' l='518' u='a' c='hid_ctrl'/>
<use f='linux-5.3.1/drivers/hid/usbhid/hid-core.c' l='566' u='a' c='__usbhid_submit_report'/>
<use f='linux-5.3.1/drivers/hid/usbhid/hid-core.c' l='569' u='a' c='__usbhid_submit_report'/>
<use f='linux-5.3.1/drivers/hid/usbhid/hid-core.c' l='617' u='a' c='__usbhid_submit_report'/>
<use f='linux-5.3.1/drivers/hid/usbhid/hid-core.c' l='620' u='a' c='__usbhid_submit_report'/>
<use f='linux-5.3.1/drivers/hid/usbhid/hid-core.c' l='637' u='a' c='usbhid_submit_report'/>
<use f='linux-5.3.1/drivers/hid/usbhid/hid-core.c' l='639' u='a' c='usbhid_submit_report'/>
<use f='linux-5.3.1/drivers/hid/usbhid/hid-core.c' l='740' u='a' c='usbhid_close'/>
<use f='linux-5.3.1/drivers/hid/usbhid/hid-core.c' l='744' u='a' c='usbhid_close'/>
<use f='linux-5.3.1/drivers/hid/usbhid/hid-core.c' l='1206' u='a' c='usbhid_stop'/>
<use f='linux-5.3.1/drivers/hid/usbhid/hid-core.c' l='1208' u='a' c='usbhid_stop'/>
<use f='linux-5.3.1/drivers/hid/usbhid/hid-core.c' l='1384' u='a' c='usbhid_probe'/>
<use f='linux-5.3.1/drivers/hid/usbhid/hid-core.c' l='1384' u='a' c='usbhid_probe'/>
<use f='linux-5.3.1/drivers/hid/usbhid/hid-core.c' l='1410' u='a' c='usbhid_disconnect'/>
<use f='linux-5.3.1/drivers/hid/usbhid/hid-core.c' l='1412' u='a' c='usbhid_disconnect'/>
<use f='linux-5.3.1/drivers/hid/usbhid/hid-core.c' l='1437' u='a' c='hid_restart_io'/>
<use f='linux-5.3.1/drivers/hid/usbhid/hid-core.c' l='1444' u='a' c='hid_restart_io'/>
<use f='linux-5.3.1/drivers/hid/usbhid/hid-core.c' l='1454' u='a' c='hid_restart_io'/>
<use f='linux-5.3.1/drivers/hid/usbhid/hid-core.c' l='1459' u='a' c='hid_restart_io'/>
<use f='linux-5.3.1/drivers/hid/usbhid/hid-core.c' l='1468' u='a' c='hid_pre_reset'/>
<use f='linux-5.3.1/drivers/hid/usbhid/hid-core.c' l='1470' u='a' c='hid_pre_reset'/>
<use f='linux-5.3.1/drivers/hid/usbhid/hid-core.c' l='1511' u='a' c='hid_post_reset'/>
<use f='linux-5.3.1/drivers/hid/usbhid/hid-core.c' l='1514' u='a' c='hid_post_reset'/>
<use f='linux-5.3.1/drivers/hid/usbhid/hid-core.c' l='1543' u='a' c='hid_suspend'/>
<use f='linux-5.3.1/drivers/hid/usbhid/hid-core.c' l='1552' u='a' c='hid_suspend'/>
<use f='linux-5.3.1/drivers/hid/usbhid/hid-core.c' l='1561' u='a' c='hid_suspend'/>
<use f='linux-5.3.1/drivers/hid/usbhid/hid-core.c' l='1570' u='a' c='hid_suspend'/>
<use f='linux-5.3.1/drivers/hid/usbhid/hid-core.c' l='1572' u='a' c='hid_suspend'/>
