<dec f='linux-5.3.1/include/linux/vt_kern.h' l='143' type='spinlock_t'/>
<offset>0</offset>
<use f='linux-5.3.1/drivers/tty/vt/keyboard.c' l='101' u='w'/>
<use f='linux-5.3.1/drivers/tty/vt/keyboard.c' l='598' u='a' c='fn_spawn_con'/>
<use f='linux-5.3.1/drivers/tty/vt/keyboard.c' l='604' u='a' c='fn_spawn_con'/>
<use f='linux-5.3.1/drivers/tty/vt/vt_ioctl.c' l='584' u='a' c='vt_ioctl'/>
<use f='linux-5.3.1/drivers/tty/vt/vt_ioctl.c' l='588' u='a' c='vt_ioctl'/>
