<dec f='linux-5.3.1/include/linux/pm_wakeup.h' l='44' type='spinlock_t'/>
<offset>192</offset>
<use f='linux-5.3.1/drivers/base/power/wakeup.c' l='72' u='w'/>
<use f='linux-5.3.1/drivers/base/power/wakeup.c' l='116' u='a' c='wakeup_source_record'/>
<use f='linux-5.3.1/drivers/base/power/wakeup.c' l='134' u='a' c='wakeup_source_record'/>
<use f='linux-5.3.1/drivers/base/power/wakeup.c' l='166' u='a' c='wakeup_source_add'/>
<use f='linux-5.3.1/drivers/base/power/wakeup.c' l='166' u='a' c='wakeup_source_add'/>
<use f='linux-5.3.1/drivers/base/power/wakeup.c' l='564' u='a' c='__pm_stay_awake'/>
<use f='linux-5.3.1/drivers/base/power/wakeup.c' l='570' u='a' c='__pm_stay_awake'/>
<use f='linux-5.3.1/drivers/base/power/wakeup.c' l='681' u='a' c='__pm_relax'/>
<use f='linux-5.3.1/drivers/base/power/wakeup.c' l='684' u='a' c='__pm_relax'/>
<use f='linux-5.3.1/drivers/base/power/wakeup.c' l='720' u='a' c='pm_wakeup_timer_fn'/>
<use f='linux-5.3.1/drivers/base/power/wakeup.c' l='728' u='a' c='pm_wakeup_timer_fn'/>
<use f='linux-5.3.1/drivers/base/power/wakeup.c' l='752' u='a' c='pm_wakeup_ws_event'/>
<use f='linux-5.3.1/drivers/base/power/wakeup.c' l='771' u='a' c='pm_wakeup_ws_event'/>
<use f='linux-5.3.1/drivers/base/power/wakeup.c' l='986' u='a' c='print_wakeup_source_stats'/>
<use f='linux-5.3.1/drivers/base/power/wakeup.c' l='1014' u='a' c='print_wakeup_source_stats'/>
