<dec f='linux-5.3.1/include/linux/writeback.h' l='130' type='spinlock_t'/>
<use f='linux-5.3.1/include/linux/writeback.h' l='181' u='a' c='wb_domain_size_changed'/>
<use f='linux-5.3.1/include/linux/writeback.h' l='184' u='a' c='wb_domain_size_changed'/>
<offset>0</offset>
<use f='linux-5.3.1/mm/page-writeback.c' l='651' u='a' c='wb_domain_init'/>
<use f='linux-5.3.1/mm/page-writeback.c' l='651' u='a' c='wb_domain_init'/>
<use f='linux-5.3.1/mm/page-writeback.c' l='1173' u='a' c='domain_update_bandwidth'/>
<use f='linux-5.3.1/mm/page-writeback.c' l='1178' u='a' c='domain_update_bandwidth'/>
