<dec f='linux-5.3.1/kernel/workqueue.c' l='148' type='spinlock_t'/>
<use f='linux-5.3.1/kernel/workqueue.c' l='887' u='a' c='wq_worker_sleeping'/>
<use f='linux-5.3.1/kernel/workqueue.c' l='906' u='a' c='wq_worker_sleeping'/>
<use f='linux-5.3.1/kernel/workqueue.c' l='1091' u='a' c='get_pwq'/>
<use f='linux-5.3.1/kernel/workqueue.c' l='1105' u='a' c='put_pwq'/>
<use f='linux-5.3.1/kernel/workqueue.c' l='1134' u='a' c='put_pwq_unlocked'/>
<use f='linux-5.3.1/kernel/workqueue.c' l='1136' u='a' c='put_pwq_unlocked'/>
<use f='linux-5.3.1/kernel/workqueue.c' l='1268' u='a' c='try_to_grab_pending'/>
<use f='linux-5.3.1/kernel/workqueue.c' l='1297' u='a' c='try_to_grab_pending'/>
<use f='linux-5.3.1/kernel/workqueue.c' l='1301' u='a' c='try_to_grab_pending'/>
<use f='linux-5.3.1/kernel/workqueue.c' l='1437' u='a' c='__queue_work'/>
<use f='linux-5.3.1/kernel/workqueue.c' l='1445' u='a' c='__queue_work'/>
<use f='linux-5.3.1/kernel/workqueue.c' l='1446' u='a' c='__queue_work'/>
<use f='linux-5.3.1/kernel/workqueue.c' l='1449' u='a' c='__queue_work'/>
<use f='linux-5.3.1/kernel/workqueue.c' l='1462' u='a' c='__queue_work'/>
<use f='linux-5.3.1/kernel/workqueue.c' l='1494' u='a' c='__queue_work'/>
<use f='linux-5.3.1/kernel/workqueue.c' l='1941' u='a' c='create_worker'/>
<use f='linux-5.3.1/kernel/workqueue.c' l='1945' u='a' c='create_worker'/>
<use f='linux-5.3.1/kernel/workqueue.c' l='1970' u='a' c='destroy_worker'/>
<use f='linux-5.3.1/kernel/workqueue.c' l='1990' u='a' c='idle_worker_timeout'/>
<use f='linux-5.3.1/kernel/workqueue.c' l='2008' u='a' c='idle_worker_timeout'/>
<use f='linux-5.3.1/kernel/workqueue.c' l='2039' u='a' c='pool_mayday_timeout'/>
<use f='linux-5.3.1/kernel/workqueue.c' l='2054' u='a' c='pool_mayday_timeout'/>
<use f='linux-5.3.1/kernel/workqueue.c' l='2082' u='a' c='maybe_create_worker'/>
<use f='linux-5.3.1/kernel/workqueue.c' l='2098' u='a' c='maybe_create_worker'/>
<use f='linux-5.3.1/kernel/workqueue.c' l='2242' u='a' c='process_one_work'/>
<use f='linux-5.3.1/kernel/workqueue.c' l='2297' u='a' c='process_one_work'/>
<use f='linux-5.3.1/kernel/workqueue.c' l='2365' u='a' c='worker_thread'/>
<use f='linux-5.3.1/kernel/workqueue.c' l='2369' u='a' c='worker_thread'/>
<use f='linux-5.3.1/kernel/workqueue.c' l='2435' u='a' c='worker_thread'/>
<use f='linux-5.3.1/kernel/workqueue.c' l='2505' u='a' c='rescuer_thread'/>
<use f='linux-5.3.1/kernel/workqueue.c' l='2555' u='a' c='rescuer_thread'/>
<use f='linux-5.3.1/kernel/workqueue.c' l='2729' u='a' c='flush_workqueue_prep_pwqs'/>
<use f='linux-5.3.1/kernel/workqueue.c' l='2746' u='a' c='flush_workqueue_prep_pwqs'/>
<use f='linux-5.3.1/kernel/workqueue.c' l='2946' u='a' c='drain_workqueue'/>
<use f='linux-5.3.1/kernel/workqueue.c' l='2948' u='a' c='drain_workqueue'/>
<use f='linux-5.3.1/kernel/workqueue.c' l='2984' u='a' c='start_flush_work'/>
<use f='linux-5.3.1/kernel/workqueue.c' l='3000' u='a' c='start_flush_work'/>
<use f='linux-5.3.1/kernel/workqueue.c' l='3019' u='a' c='start_flush_work'/>
<use f='linux-5.3.1/kernel/workqueue.c' l='3412' u='a' c='init_worker_pool'/>
<use f='linux-5.3.1/kernel/workqueue.c' l='3412' u='a' c='init_worker_pool'/>
<use f='linux-5.3.1/kernel/workqueue.c' l='3538' u='a' c='put_unbound_pool'/>
<use f='linux-5.3.1/kernel/workqueue.c' l='3540' u='a' c='put_unbound_pool'/>
<use f='linux-5.3.1/kernel/workqueue.c' l='3540' u='a' c='put_unbound_pool'/>
<use f='linux-5.3.1/kernel/workqueue.c' l='3546' u='a' c='put_unbound_pool'/>
<use f='linux-5.3.1/kernel/workqueue.c' l='3702' u='a' c='pwq_adjust_max_active'/>
<use f='linux-5.3.1/kernel/workqueue.c' l='3725' u='a' c='pwq_adjust_max_active'/>
<use f='linux-5.3.1/kernel/workqueue.c' l='4123' u='a' c='wq_update_unbound_numa'/>
<use f='linux-5.3.1/kernel/workqueue.c' l='4125' u='a' c='wq_update_unbound_numa'/>
<use f='linux-5.3.1/kernel/workqueue.c' l='4516' u='a' c='work_busy'/>
<use f='linux-5.3.1/kernel/workqueue.c' l='4519' u='a' c='work_busy'/>
<use f='linux-5.3.1/kernel/workqueue.c' l='4725' u='a' c='show_workqueue_state'/>
<use f='linux-5.3.1/kernel/workqueue.c' l='4728' u='a' c='show_workqueue_state'/>
<use f='linux-5.3.1/kernel/workqueue.c' l='4742' u='a' c='show_workqueue_state'/>
<use f='linux-5.3.1/kernel/workqueue.c' l='4761' u='a' c='show_workqueue_state'/>
<use f='linux-5.3.1/kernel/workqueue.c' l='4791' u='a' c='wq_worker_comm'/>
<use f='linux-5.3.1/kernel/workqueue.c' l='4805' u='a' c='wq_worker_comm'/>
<use f='linux-5.3.1/kernel/workqueue.c' l='4836' u='a' c='unbind_workers'/>
<use f='linux-5.3.1/kernel/workqueue.c' l='4850' u='a' c='unbind_workers'/>
<use f='linux-5.3.1/kernel/workqueue.c' l='4876' u='a' c='unbind_workers'/>
<use f='linux-5.3.1/kernel/workqueue.c' l='4878' u='a' c='unbind_workers'/>
<use f='linux-5.3.1/kernel/workqueue.c' l='4905' u='a' c='rebind_workers'/>
<use f='linux-5.3.1/kernel/workqueue.c' l='4944' u='a' c='rebind_workers'/>
<offset>0</offset>
<doc f='linux-5.3.1/kernel/workqueue.c' l='148'>/* the pool lock */</doc>
