<dec f='linux-5.3.1/include/net/xfrm.h' l='157' type='spinlock_t'/>
<offset>480</offset>
<use f='linux-5.3.1/net/ipv6/esp6.c' l='252' u='a' c='esp6_output_head'/>
<use f='linux-5.3.1/net/ipv6/esp6.c' l='255' u='a' c='esp6_output_head'/>
<use f='linux-5.3.1/net/ipv6/esp6.c' l='278' u='a' c='esp6_output_head'/>
<use f='linux-5.3.1/net/ipv6/esp6.c' l='364' u='a' c='esp6_output_tail'/>
<use f='linux-5.3.1/net/ipv6/esp6.c' l='366' u='a' c='esp6_output_tail'/>
<use f='linux-5.3.1/net/ipv6/esp6.c' l='377' u='a' c='esp6_output_tail'/>
<use f='linux-5.3.1/net/ipv6/xfrm6_input.c' l='127' u='a' c='xfrm6_input_addr'/>
<use f='linux-5.3.1/net/ipv6/xfrm6_input.c' l='132' u='a' c='xfrm6_input_addr'/>
<use f='linux-5.3.1/net/ipv6/xfrm6_input.c' l='138' u='a' c='xfrm6_input_addr'/>
<use f='linux-5.3.1/net/ipv6/xfrm6_input.c' l='152' u='a' c='xfrm6_input_addr'/>
<use f='linux-5.3.1/net/ipv6/xfrm6_input.c' l='157' u='a' c='xfrm6_input_addr'/>
<use f='linux-5.3.1/net/xfrm/xfrm_input.c' l='592' u='a' c='xfrm_input'/>
<use f='linux-5.3.1/net/xfrm/xfrm_input.c' l='618' u='a' c='xfrm_input'/>
<use f='linux-5.3.1/net/xfrm/xfrm_input.c' l='642' u='a' c='xfrm_input'/>
<use f='linux-5.3.1/net/xfrm/xfrm_input.c' l='666' u='a' c='xfrm_input'/>
<use f='linux-5.3.1/net/xfrm/xfrm_input.c' l='742' u='a' c='xfrm_input'/>
<use f='linux-5.3.1/net/xfrm/xfrm_output.c' l='431' u='a' c='xfrm_output_one'/>
<use f='linux-5.3.1/net/xfrm/xfrm_output.c' l='454' u='a' c='xfrm_output_one'/>
<use f='linux-5.3.1/net/xfrm/xfrm_output.c' l='493' u='a' c='xfrm_output_one'/>
<use f='linux-5.3.1/net/xfrm/xfrm_state.c' l='528' u='a' c='xfrm_timer_handler'/>
<use f='linux-5.3.1/net/xfrm/xfrm_state.c' l='603' u='a' c='xfrm_timer_handler'/>
<use f='linux-5.3.1/net/xfrm/xfrm_state.c' l='633' u='a' c='xfrm_state_alloc'/>
<use f='linux-5.3.1/net/xfrm/xfrm_state.c' l='633' u='a' c='xfrm_state_alloc'/>
<use f='linux-5.3.1/net/xfrm/xfrm_state.c' l='689' u='a' c='xfrm_state_delete'/>
<use f='linux-5.3.1/net/xfrm/xfrm_state.c' l='691' u='a' c='xfrm_state_delete'/>
<use f='linux-5.3.1/net/xfrm/xfrm_state.c' l='1655' u='a' c='xfrm_state_update'/>
<use f='linux-5.3.1/net/xfrm/xfrm_state.c' l='1695' u='a' c='xfrm_state_update'/>
<use f='linux-5.3.1/net/xfrm/xfrm_state.c' l='1972' u='a' c='xfrm_alloc_spi'/>
<use f='linux-5.3.1/net/xfrm/xfrm_state.c' l='2011' u='a' c='xfrm_alloc_spi'/>
<use f='linux-5.3.1/net/xfrm/xfrm_state.c' l='2104' u='a' c='xfrm_replay_timer_handler'/>
<use f='linux-5.3.1/net/xfrm/xfrm_state.c' l='2113' u='a' c='xfrm_replay_timer_handler'/>
<use f='linux-5.3.1/net/xfrm/xfrm_user.c' l='2065' u='a' c='xfrm_get_ae'/>
<use f='linux-5.3.1/net/xfrm/xfrm_user.c' l='2074' u='a' c='xfrm_get_ae'/>
<use f='linux-5.3.1/net/xfrm/xfrm_user.c' l='2115' u='a' c='xfrm_new_ae'/>
<use f='linux-5.3.1/net/xfrm/xfrm_user.c' l='2117' u='a' c='xfrm_new_ae'/>
<use f='linux-5.3.1/net/xfrm/xfrm_user.c' l='2239' u='a' c='xfrm_add_sa_expire'/>
<use f='linux-5.3.1/net/xfrm/xfrm_user.c' l='2251' u='a' c='xfrm_add_sa_expire'/>
