<dec f='linux-5.3.1/include/net/netns/xfrm.h' l='25' type='seqlock_t'/>
<offset>256</offset>
<use f='linux-5.3.1/net/xfrm/xfrm_policy.c' l='1224' u='a' c='xfrm_hash_rebuild'/>
<use f='linux-5.3.1/net/xfrm/xfrm_policy.c' l='1230' u='a' c='xfrm_hash_rebuild'/>
<use f='linux-5.3.1/net/xfrm/xfrm_policy.c' l='4051' u='a' c='xfrm_policy_init'/>
<use f='linux-5.3.1/net/xfrm/xfrm_policy.c' l='4051' u='a' c='xfrm_policy_init'/>
<use f='linux-5.3.1/net/xfrm/xfrm_policy.c' l='4051' u='a' c='xfrm_policy_init'/>
<use f='linux-5.3.1/net/xfrm/xfrm_user.c' l='1132' u='a' c='build_spdinfo'/>
<use f='linux-5.3.1/net/xfrm/xfrm_user.c' l='1138' u='a' c='build_spdinfo'/>
<use f='linux-5.3.1/net/xfrm/xfrm_user.c' l='1184' u='a' c='xfrm_set_spdinfo'/>
<use f='linux-5.3.1/net/xfrm/xfrm_user.c' l='1193' u='a' c='xfrm_set_spdinfo'/>
