<dec f='linux-5.3.1/drivers/usb/host/xhci.h' l='1746' type='spinlock_t'/>
<offset>608</offset>
<use f='linux-5.3.1/drivers/usb/host/xhci-debugfs.c' l='372' u='a' c='xhci_port_write'/>
<use f='linux-5.3.1/drivers/usb/host/xhci-debugfs.c' l='376' u='a' c='xhci_port_write'/>
<use f='linux-5.3.1/drivers/usb/host/xhci-debugfs.c' l='383' u='a' c='xhci_port_write'/>
<use f='linux-5.3.1/drivers/usb/host/xhci-hub.c' l='398' u='a' c='xhci_stop_device'/>
<use f='linux-5.3.1/drivers/usb/host/xhci-hub.c' l='412' u='a' c='xhci_stop_device'/>
<use f='linux-5.3.1/drivers/usb/host/xhci-hub.c' l='420' u='a' c='xhci_stop_device'/>
<use f='linux-5.3.1/drivers/usb/host/xhci-hub.c' l='428' u='a' c='xhci_stop_device'/>
<use f='linux-5.3.1/drivers/usb/host/xhci-hub.c' l='433' u='a' c='xhci_stop_device'/>
<use f='linux-5.3.1/drivers/usb/host/xhci-hub.c' l='584' u='a' c='xhci_set_port_power'/>
<use f='linux-5.3.1/drivers/usb/host/xhci-hub.c' l='590' u='a' c='xhci_set_port_power'/>
<use f='linux-5.3.1/drivers/usb/host/xhci-hub.c' l='616' u='a' c='xhci_enter_test_mode'/>
<use f='linux-5.3.1/drivers/usb/host/xhci-hub.c' l='626' u='a' c='xhci_enter_test_mode'/>
<use f='linux-5.3.1/drivers/usb/host/xhci-hub.c' l='863' u='a' c='xhci_handle_usb2_port_link_resume'/>
<use f='linux-5.3.1/drivers/usb/host/xhci-hub.c' l='867' u='a' c='xhci_handle_usb2_port_link_resume'/>
<use f='linux-5.3.1/drivers/usb/host/xhci-hub.c' l='1090' u='a' c='xhci_hub_control'/>
<use f='linux-5.3.1/drivers/usb/host/xhci-hub.c' l='1119' u='a' c='xhci_hub_control'/>
<use f='linux-5.3.1/drivers/usb/host/xhci-hub.c' l='1183' u='a' c='xhci_hub_control'/>
<use f='linux-5.3.1/drivers/usb/host/xhci-hub.c' l='1185' u='a' c='xhci_hub_control'/>
<use f='linux-5.3.1/drivers/usb/host/xhci-hub.c' l='1206' u='a' c='xhci_hub_control'/>
<use f='linux-5.3.1/drivers/usb/host/xhci-hub.c' l='1208' u='a' c='xhci_hub_control'/>
<use f='linux-5.3.1/drivers/usb/host/xhci-hub.c' l='1212' u='a' c='xhci_hub_control'/>
<use f='linux-5.3.1/drivers/usb/host/xhci-hub.c' l='1214' u='a' c='xhci_hub_control'/>
<use f='linux-5.3.1/drivers/usb/host/xhci-hub.c' l='1296' u='a' c='xhci_hub_control'/>
<use f='linux-5.3.1/drivers/usb/host/xhci-hub.c' l='1299' u='a' c='xhci_hub_control'/>
<use f='linux-5.3.1/drivers/usb/host/xhci-hub.c' l='1305' u='a' c='xhci_hub_control'/>
<use f='linux-5.3.1/drivers/usb/host/xhci-hub.c' l='1307' u='a' c='xhci_hub_control'/>
<use f='linux-5.3.1/drivers/usb/host/xhci-hub.c' l='1400' u='a' c='xhci_hub_control'/>
<use f='linux-5.3.1/drivers/usb/host/xhci-hub.c' l='1402' u='a' c='xhci_hub_control'/>
<use f='linux-5.3.1/drivers/usb/host/xhci-hub.c' l='1450' u='a' c='xhci_hub_control'/>
<use f='linux-5.3.1/drivers/usb/host/xhci-hub.c' l='1492' u='a' c='xhci_hub_status_data'/>
<use f='linux-5.3.1/drivers/usb/host/xhci-hub.c' l='1517' u='a' c='xhci_hub_status_data'/>
<use f='linux-5.3.1/drivers/usb/host/xhci-hub.c' l='1540' u='a' c='xhci_bus_suspend'/>
<use f='linux-5.3.1/drivers/usb/host/xhci-hub.c' l='1545' u='a' c='xhci_bus_suspend'/>
<use f='linux-5.3.1/drivers/usb/host/xhci-hub.c' l='1570' u='a' c='xhci_bus_suspend'/>
<use f='linux-5.3.1/drivers/usb/host/xhci-hub.c' l='1572' u='a' c='xhci_bus_suspend'/>
<use f='linux-5.3.1/drivers/usb/host/xhci-hub.c' l='1581' u='a' c='xhci_bus_suspend'/>
<use f='linux-5.3.1/drivers/usb/host/xhci-hub.c' l='1628' u='a' c='xhci_bus_suspend'/>
<use f='linux-5.3.1/drivers/usb/host/xhci-hub.c' l='1630' u='a' c='xhci_bus_suspend'/>
<use f='linux-5.3.1/drivers/usb/host/xhci-hub.c' l='1637' u='a' c='xhci_bus_suspend'/>
<use f='linux-5.3.1/drivers/usb/host/xhci-hub.c' l='1690' u='a' c='xhci_bus_resume'/>
<use f='linux-5.3.1/drivers/usb/host/xhci-hub.c' l='1692' u='a' c='xhci_bus_resume'/>
<use f='linux-5.3.1/drivers/usb/host/xhci-hub.c' l='1744' u='a' c='xhci_bus_resume'/>
<use f='linux-5.3.1/drivers/usb/host/xhci-hub.c' l='1746' u='a' c='xhci_bus_resume'/>
<use f='linux-5.3.1/drivers/usb/host/xhci-hub.c' l='1780' u='a' c='xhci_bus_resume'/>
<use f='linux-5.3.1/drivers/usb/host/xhci-ring.c' l='373' u='a' c='xhci_abort_cmd_ring'/>
<use f='linux-5.3.1/drivers/usb/host/xhci-ring.c' l='376' u='a' c='xhci_abort_cmd_ring'/>
<use f='linux-5.3.1/drivers/usb/host/xhci-ring.c' l='654' u='a' c='xhci_giveback_urb_in_irq'/>
<use f='linux-5.3.1/drivers/usb/host/xhci-ring.c' l='657' u='a' c='xhci_giveback_urb_in_irq'/>
<use f='linux-5.3.1/drivers/usb/host/xhci-ring.c' l='955' u='a' c='xhci_stop_endpoint_command_watchdog'/>
<use f='linux-5.3.1/drivers/usb/host/xhci-ring.c' l='960' u='a' c='xhci_stop_endpoint_command_watchdog'/>
<use f='linux-5.3.1/drivers/usb/host/xhci-ring.c' l='977' u='a' c='xhci_stop_endpoint_command_watchdog'/>
<use f='linux-5.3.1/drivers/usb/host/xhci-ring.c' l='1326' u='a' c='xhci_handle_command_timeout'/>
<use f='linux-5.3.1/drivers/usb/host/xhci-ring.c' l='1333' u='a' c='xhci_handle_command_timeout'/>
<use f='linux-5.3.1/drivers/usb/host/xhci-ring.c' l='1368' u='a' c='xhci_handle_command_timeout'/>
<use f='linux-5.3.1/drivers/usb/host/xhci-ring.c' l='1736' u='a' c='handle_port_status'/>
<use f='linux-5.3.1/drivers/usb/host/xhci-ring.c' l='1739' u='a' c='handle_port_status'/>
<use f='linux-5.3.1/drivers/usb/host/xhci-ring.c' l='2758' u='a' c='xhci_irq'/>
<use f='linux-5.3.1/drivers/usb/host/xhci-ring.c' l='2831' u='a' c='xhci_irq'/>
<use f='linux-5.3.1/drivers/usb/host/xhci.c' l='581' u='a' c='xhci_init'/>
<use f='linux-5.3.1/drivers/usb/host/xhci.c' l='581' u='a' c='xhci_init'/>
<use f='linux-5.3.1/drivers/usb/host/xhci.c' l='727' u='a' c='xhci_stop'/>
<use f='linux-5.3.1/drivers/usb/host/xhci.c' l='732' u='a' c='xhci_stop'/>
<use f='linux-5.3.1/drivers/usb/host/xhci.c' l='780' u='a' c='xhci_shutdown'/>
<use f='linux-5.3.1/drivers/usb/host/xhci.c' l='785' u='a' c='xhci_shutdown'/>
<use f='linux-5.3.1/drivers/usb/host/xhci.c' l='896' u='a' c='xhci_disable_port_wake_on_bits'/>
<use f='linux-5.3.1/drivers/usb/host/xhci.c' l='929' u='a' c='xhci_disable_port_wake_on_bits'/>
<use f='linux-5.3.1/drivers/usb/host/xhci.c' l='1004' u='a' c='xhci_suspend'/>
<use f='linux-5.3.1/drivers/usb/host/xhci.c' l='1021' u='a' c='xhci_suspend'/>
<use f='linux-5.3.1/drivers/usb/host/xhci.c' l='1052' u='a' c='xhci_suspend'/>
<use f='linux-5.3.1/drivers/usb/host/xhci.c' l='1056' u='a' c='xhci_suspend'/>
<use f='linux-5.3.1/drivers/usb/host/xhci.c' l='1106' u='a' c='xhci_resume'/>
<use f='linux-5.3.1/drivers/usb/host/xhci.c' l='1128' u='a' c='xhci_resume'/>
<use f='linux-5.3.1/drivers/usb/host/xhci.c' l='1152' u='a' c='xhci_resume'/>
<use f='linux-5.3.1/drivers/usb/host/xhci.c' l='1209' u='a' c='xhci_resume'/>
<use f='linux-5.3.1/drivers/usb/host/xhci.c' l='1509' u='a' c='xhci_urb_enqueue'/>
<use f='linux-5.3.1/drivers/usb/host/xhci.c' l='1553' u='a' c='xhci_urb_enqueue'/>
<use f='linux-5.3.1/drivers/usb/host/xhci.c' l='1603' u='a' c='xhci_urb_dequeue'/>
<use f='linux-5.3.1/drivers/usb/host/xhci.c' l='1695' u='a' c='xhci_urb_dequeue'/>
<use f='linux-5.3.1/drivers/usb/host/xhci.c' l='1702' u='a' c='xhci_urb_dequeue'/>
<use f='linux-5.3.1/drivers/usb/host/xhci.c' l='2745' u='a' c='xhci_configure_endpoint'/>
<use f='linux-5.3.1/drivers/usb/host/xhci.c' l='2748' u='a' c='xhci_configure_endpoint'/>
<use f='linux-5.3.1/drivers/usb/host/xhci.c' l='2756' u='a' c='xhci_configure_endpoint'/>
<use f='linux-5.3.1/drivers/usb/host/xhci.c' l='2764' u='a' c='xhci_configure_endpoint'/>
<use f='linux-5.3.1/drivers/usb/host/xhci.c' l='2774' u='a' c='xhci_configure_endpoint'/>
<use f='linux-5.3.1/drivers/usb/host/xhci.c' l='2795' u='a' c='xhci_configure_endpoint'/>
<use f='linux-5.3.1/drivers/usb/host/xhci.c' l='2801' u='a' c='xhci_configure_endpoint'/>
<use f='linux-5.3.1/drivers/usb/host/xhci.c' l='2814' u='a' c='xhci_configure_endpoint'/>
<use f='linux-5.3.1/drivers/usb/host/xhci.c' l='2822' u='a' c='xhci_configure_endpoint'/>
<use f='linux-5.3.1/drivers/usb/host/xhci.c' l='3128' u='a' c='xhci_endpoint_reset'/>
<use f='linux-5.3.1/drivers/usb/host/xhci.c' l='3141' u='a' c='xhci_endpoint_reset'/>
<use f='linux-5.3.1/drivers/usb/host/xhci.c' l='3147' u='a' c='xhci_endpoint_reset'/>
<use f='linux-5.3.1/drivers/usb/host/xhci.c' l='3151' u='a' c='xhci_endpoint_reset'/>
<use f='linux-5.3.1/drivers/usb/host/xhci.c' l='3162' u='a' c='xhci_endpoint_reset'/>
<use f='linux-5.3.1/drivers/usb/host/xhci.c' l='3376' u='a' c='xhci_alloc_streams'/>
<use f='linux-5.3.1/drivers/usb/host/xhci.c' l='3381' u='a' c='xhci_alloc_streams'/>
<use f='linux-5.3.1/drivers/usb/host/xhci.c' l='3388' u='a' c='xhci_alloc_streams'/>
<use f='linux-5.3.1/drivers/usb/host/xhci.c' l='3399' u='a' c='xhci_alloc_streams'/>
<use f='linux-5.3.1/drivers/usb/host/xhci.c' l='3453' u='a' c='xhci_alloc_streams'/>
<use f='linux-5.3.1/drivers/usb/host/xhci.c' l='3462' u='a' c='xhci_alloc_streams'/>
<use f='linux-5.3.1/drivers/usb/host/xhci.c' l='3507' u='a' c='xhci_free_streams'/>
<use f='linux-5.3.1/drivers/usb/host/xhci.c' l='3511' u='a' c='xhci_free_streams'/>
<use f='linux-5.3.1/drivers/usb/host/xhci.c' l='3523' u='a' c='xhci_free_streams'/>
<use f='linux-5.3.1/drivers/usb/host/xhci.c' l='3545' u='a' c='xhci_free_streams'/>
<use f='linux-5.3.1/drivers/usb/host/xhci.c' l='3559' u='a' c='xhci_free_streams'/>
<use f='linux-5.3.1/drivers/usb/host/xhci.c' l='3570' u='a' c='xhci_free_streams'/>
<use f='linux-5.3.1/drivers/usb/host/xhci.c' l='3690' u='a' c='xhci_discover_or_reset_device'/>
<use f='linux-5.3.1/drivers/usb/host/xhci.c' l='3695' u='a' c='xhci_discover_or_reset_device'/>
<use f='linux-5.3.1/drivers/usb/host/xhci.c' l='3699' u='a' c='xhci_discover_or_reset_device'/>
<use f='linux-5.3.1/drivers/usb/host/xhci.c' l='3738' u='a' c='xhci_discover_or_reset_device'/>
<use f='linux-5.3.1/drivers/usb/host/xhci.c' l='3741' u='a' c='xhci_discover_or_reset_device'/>
<use f='linux-5.3.1/drivers/usb/host/xhci.c' l='3835' u='a' c='xhci_disable_slot'/>
<use f='linux-5.3.1/drivers/usb/host/xhci.c' l='3840' u='a' c='xhci_disable_slot'/>
<use f='linux-5.3.1/drivers/usb/host/xhci.c' l='3848' u='a' c='xhci_disable_slot'/>
<use f='linux-5.3.1/drivers/usb/host/xhci.c' l='3853' u='a' c='xhci_disable_slot'/>
<use f='linux-5.3.1/drivers/usb/host/xhci.c' l='3897' u='a' c='xhci_alloc_dev'/>
<use f='linux-5.3.1/drivers/usb/host/xhci.c' l='3900' u='a' c='xhci_alloc_dev'/>
<use f='linux-5.3.1/drivers/usb/host/xhci.c' l='3906' u='a' c='xhci_alloc_dev'/>
<use f='linux-5.3.1/drivers/usb/host/xhci.c' l='3923' u='a' c='xhci_alloc_dev'/>
<use f='linux-5.3.1/drivers/usb/host/xhci.c' l='3926' u='a' c='xhci_alloc_dev'/>
<use f='linux-5.3.1/drivers/usb/host/xhci.c' l='3932' u='a' c='xhci_alloc_dev'/>
<use f='linux-5.3.1/drivers/usb/host/xhci.c' l='4059' u='a' c='xhci_setup_device'/>
<use f='linux-5.3.1/drivers/usb/host/xhci.c' l='4064' u='a' c='xhci_setup_device'/>
<use f='linux-5.3.1/drivers/usb/host/xhci.c' l='4070' u='a' c='xhci_setup_device'/>
<use f='linux-5.3.1/drivers/usb/host/xhci.c' l='4196' u='a' c='xhci_change_max_exit_latency'/>
<use f='linux-5.3.1/drivers/usb/host/xhci.c' l='4207' u='a' c='xhci_change_max_exit_latency'/>
<use f='linux-5.3.1/drivers/usb/host/xhci.c' l='4215' u='a' c='xhci_change_max_exit_latency'/>
<use f='linux-5.3.1/drivers/usb/host/xhci.c' l='4222' u='a' c='xhci_change_max_exit_latency'/>
<use f='linux-5.3.1/drivers/usb/host/xhci.c' l='4238' u='a' c='xhci_change_max_exit_latency'/>
<use f='linux-5.3.1/drivers/usb/host/xhci.c' l='4240' u='a' c='xhci_change_max_exit_latency'/>
<use f='linux-5.3.1/drivers/usb/host/xhci.c' l='4331' u='a' c='xhci_set_usb2_hardware_lpm'/>
<use f='linux-5.3.1/drivers/usb/host/xhci.c' l='4357' u='a' c='xhci_set_usb2_hardware_lpm'/>
<use f='linux-5.3.1/drivers/usb/host/xhci.c' l='4373' u='a' c='xhci_set_usb2_hardware_lpm'/>
<use f='linux-5.3.1/drivers/usb/host/xhci.c' l='4397' u='a' c='xhci_set_usb2_hardware_lpm'/>
<use f='linux-5.3.1/drivers/usb/host/xhci.c' l='4405' u='a' c='xhci_set_usb2_hardware_lpm'/>
<use f='linux-5.3.1/drivers/usb/host/xhci.c' l='4967' u='a' c='xhci_update_hub_device'/>
<use f='linux-5.3.1/drivers/usb/host/xhci.c' l='4972' u='a' c='xhci_update_hub_device'/>
<use f='linux-5.3.1/drivers/usb/host/xhci.c' l='5014' u='a' c='xhci_update_hub_device'/>
<use f='linux-5.3.1/drivers/usb/host/xhci.c' l='5205' u='a' c='xhci_clear_tt_buffer_complete'/>
<use f='linux-5.3.1/drivers/usb/host/xhci.c' l='5208' u='a' c='xhci_clear_tt_buffer_complete'/>
